// !$*UTF8*$!
{
	archiveVersion = 1;
	classes = {
	};
	objectVersion = 46;
	objects = {

/* Begin PBXBuildFile section */
		306DBE4D16BC1E47007CF226 /* Util.m in Sources */ = {isa = PBXBuildFile; fileRef = 306DBE4C16BC1E47007CF226 /* Util.m */; };
		306DBE6B16BC6A86007CF226 /* Slider.m in Sources */ = {isa = PBXBuildFile; fileRef = 306DBE6A16BC6A86007CF226 /* Slider.m */; };
		3088883916BCB73700781682 /* Canvas.m in Sources */ = {isa = PBXBuildFile; fileRef = 3088883816BCB73700781682 /* Canvas.m */; };
		30A319F416B61FF700C7729B /* Gui.m in Sources */ = {isa = PBXBuildFile; fileRef = 30A319EA16B61FF700C7729B /* Gui.m */; };
		30A319F616B61FF700C7729B /* Toggle.m in Sources */ = {isa = PBXBuildFile; fileRef = 30A319EE16B61FF700C7729B /* Toggle.m */; };
		30A319F716B61FF700C7729B /* Widget.m in Sources */ = {isa = PBXBuildFile; fileRef = 30A319F016B61FF700C7729B /* Widget.m */; };
		30A31A0516B6D49300C7729B /* Bang.m in Sources */ = {isa = PBXBuildFile; fileRef = 30A31A0316B6D49300C7729B /* Bang.m */; };
		30A31A0816B6DBFC00C7729B /* Numberbox.m in Sources */ = {isa = PBXBuildFile; fileRef = 30A31A0616B6DBFB00C7729B /* Numberbox.m */; };
		30A31A0B16B6E7B700C7729B /* Comment.m in Sources */ = {isa = PBXBuildFile; fileRef = 30A31A0916B6E7B700C7729B /* Comment.m */; };
		30ABE2A816B5A8E500464926 /* UIKit.framework in Frameworks */ = {isa = PBXBuildFile; fileRef = 30ABE2A716B5A8E500464926 /* UIKit.framework */; };
		30ABE2AA16B5A8E500464926 /* Foundation.framework in Frameworks */ = {isa = PBXBuildFile; fileRef = 30ABE2A916B5A8E500464926 /* Foundation.framework */; };
		30ABE2AC16B5A8E500464926 /* CoreGraphics.framework in Frameworks */ = {isa = PBXBuildFile; fileRef = 30ABE2AB16B5A8E500464926 /* CoreGraphics.framework */; };
		30ABE2EC16B5D0FB00464926 /* AppDelegate.m in Sources */ = {isa = PBXBuildFile; fileRef = 30ABE2E216B5D0FB00464926 /* AppDelegate.m */; };
		30ABE2ED16B5D0FB00464926 /* Log.m in Sources */ = {isa = PBXBuildFile; fileRef = 30ABE2E416B5D0FB00464926 /* Log.m */; };
		30ABE2EE16B5D0FB00464926 /* main.m in Sources */ = {isa = PBXBuildFile; fileRef = 30ABE2E516B5D0FB00464926 /* main.m */; };
		30ABE2F016B5D0FB00464926 /* PdParser.m in Sources */ = {isa = PBXBuildFile; fileRef = 30ABE2E916B5D0FB00464926 /* PdParser.m */; };
		30ABE2F116B5D0FB00464926 /* ViewController.m in Sources */ = {isa = PBXBuildFile; fileRef = 30ABE2EB16B5D0FB00464926 /* ViewController.m */; };
		30ABE30316B5D11D00464926 /* Default-568h@2x.png in Resources */ = {isa = PBXBuildFile; fileRef = 30ABE2F316B5D11D00464926 /* Default-568h@2x.png */; };
		30ABE30416B5D11D00464926 /* Default.png in Resources */ = {isa = PBXBuildFile; fileRef = 30ABE2F416B5D11D00464926 /* Default.png */; };
		30ABE30516B5D11D00464926 /* Default@2x.png in Resources */ = {isa = PBXBuildFile; fileRef = 30ABE2F516B5D11D00464926 /* Default@2x.png */; };
		30ABE30616B5D11D00464926 /* InfoPlist.strings in Resources */ = {isa = PBXBuildFile; fileRef = 30ABE2F616B5D11D00464926 /* InfoPlist.strings */; };
		30ABE30716B5D11D00464926 /* MainStoryboard_iPad.storyboard in Resources */ = {isa = PBXBuildFile; fileRef = 30ABE2F816B5D11D00464926 /* MainStoryboard_iPad.storyboard */; };
		30ABE30816B5D11D00464926 /* MainStoryboard_iPhone.storyboard in Resources */ = {isa = PBXBuildFile; fileRef = 30ABE2FA16B5D11D00464926 /* MainStoryboard_iPhone.storyboard */; };
		30ABE30A16B5D11D00464926 /* gui.pd in Resources */ = {isa = PBXBuildFile; fileRef = 30ABE2FE16B5D11D00464926 /* gui.pd */; };
		30ABE30B16B5D11D00464926 /* test.pd in Resources */ = {isa = PBXBuildFile; fileRef = 30ABE2FF16B5D11D00464926 /* test.pd */; };
		30ABE30C16B5D11D00464926 /* test_abs.pd in Resources */ = {isa = PBXBuildFile; fileRef = 30ABE30016B5D11D00464926 /* test_abs.pd */; };
		30ABE30D16B5D11D00464926 /* PdParty-Info.plist in Resources */ = {isa = PBXBuildFile; fileRef = 30ABE30116B5D11D00464926 /* PdParty-Info.plist */; };
		30ABE3A216B5D15400464926 /* DDAbstractDatabaseLogger.m in Sources */ = {isa = PBXBuildFile; fileRef = 30ABE31016B5D15400464926 /* DDAbstractDatabaseLogger.m */; };
		30ABE3A316B5D15400464926 /* DDASLLogger.m in Sources */ = {isa = PBXBuildFile; fileRef = 30ABE31216B5D15400464926 /* DDASLLogger.m */; };
		30ABE3A416B5D15400464926 /* DDFileLogger.m in Sources */ = {isa = PBXBuildFile; fileRef = 30ABE31416B5D15400464926 /* DDFileLogger.m */; };
		30ABE3A516B5D15400464926 /* DDLog.m in Sources */ = {isa = PBXBuildFile; fileRef = 30ABE31616B5D15400464926 /* DDLog.m */; };
		30ABE3A616B5D15400464926 /* DDTTYLogger.m in Sources */ = {isa = PBXBuildFile; fileRef = 30ABE31816B5D15400464926 /* DDTTYLogger.m */; };
		30ABE3A716B5D15400464926 /* ringbuffer.c in Sources */ = {isa = PBXBuildFile; fileRef = 30ABE31B16B5D15400464926 /* ringbuffer.c */; };
		30ABE3A816B5D15400464926 /* s_libpdmidi.c in Sources */ = {isa = PBXBuildFile; fileRef = 30ABE31D16B5D15400464926 /* s_libpdmidi.c */; };
		30ABE3A916B5D15400464926 /* x_libpdreceive.c in Sources */ = {isa = PBXBuildFile; fileRef = 30ABE31E16B5D15400464926 /* x_libpdreceive.c */; };
		30ABE3AA16B5D15400464926 /* z_libpd.c in Sources */ = {isa = PBXBuildFile; fileRef = 30ABE32016B5D15400464926 /* z_libpd.c */; };
		30ABE3AB16B5D15400464926 /* z_queued.c in Sources */ = {isa = PBXBuildFile; fileRef = 30ABE32216B5D15400464926 /* z_queued.c */; };
		30ABE3AC16B5D15400464926 /* z_util.c in Sources */ = {isa = PBXBuildFile; fileRef = 30ABE32416B5D15400464926 /* z_util.c */; };
		30ABE3AE16B5D15400464926 /* AudioHelpers.m in Sources */ = {isa = PBXBuildFile; fileRef = 30ABE32916B5D15400464926 /* AudioHelpers.m */; settings = {COMPILER_FLAGS = "-fno-objc-arc"; }; };
		30ABE3B016B5D15400464926 /* PdAudioUnit.m in Sources */ = {isa = PBXBuildFile; fileRef = 30ABE32D16B5D15400464926 /* PdAudioUnit.m */; settings = {COMPILER_FLAGS = "-fno-objc-arc"; }; };
		30ABE3B216B5D15400464926 /* PdDispatcher.m in Sources */ = {isa = PBXBuildFile; fileRef = 30ABE33116B5D15400464926 /* PdDispatcher.m */; settings = {COMPILER_FLAGS = "-fno-objc-arc"; }; };
		30ABE3B316B5D15400464926 /* PdFile.m in Sources */ = {isa = PBXBuildFile; fileRef = 30ABE33316B5D15400464926 /* PdFile.m */; settings = {COMPILER_FLAGS = "-fno-objc-arc"; }; };
		30ABE3B416B5D15400464926 /* PdMidiDispatcher.m in Sources */ = {isa = PBXBuildFile; fileRef = 30ABE33516B5D15400464926 /* PdMidiDispatcher.m */; settings = {COMPILER_FLAGS = "-fno-objc-arc"; }; };
		30ABE3B516B5D15400464926 /* choice-help.pd in Resources */ = {isa = PBXBuildFile; fileRef = 30ABE33916B5D15400464926 /* choice-help.pd */; };
		30ABE3B616B5D15400464926 /* choice.c in Sources */ = {isa = PBXBuildFile; fileRef = 30ABE33A16B5D15400464926 /* choice.c */; };
		30ABE3B716B5D15400464926 /* complex-mod~-help.pd in Resources */ = {isa = PBXBuildFile; fileRef = 30ABE33B16B5D15400464926 /* complex-mod~-help.pd */; };
		30ABE3B816B5D15400464926 /* complex-mod~.pd in Resources */ = {isa = PBXBuildFile; fileRef = 30ABE33C16B5D15400464926 /* complex-mod~.pd */; };
		30ABE3B916B5D15400464926 /* hilbert~-help.pd in Resources */ = {isa = PBXBuildFile; fileRef = 30ABE33D16B5D15400464926 /* hilbert~-help.pd */; };
		30ABE3BA16B5D15400464926 /* hilbert~.pd in Resources */ = {isa = PBXBuildFile; fileRef = 30ABE33E16B5D15400464926 /* hilbert~.pd */; };
		30ABE3BB16B5D15400464926 /* pique-help.pd in Resources */ = {isa = PBXBuildFile; fileRef = 30ABE34016B5D15400464926 /* pique-help.pd */; };
		30ABE3BC16B5D15400464926 /* pique.c in Sources */ = {isa = PBXBuildFile; fileRef = 30ABE34116B5D15400464926 /* pique.c */; };
		30ABE3BD16B5D15400464926 /* README.txt in Resources */ = {isa = PBXBuildFile; fileRef = 30ABE34216B5D15400464926 /* README.txt */; };
		30ABE3BE16B5D15400464926 /* rev1-final.pd in Resources */ = {isa = PBXBuildFile; fileRef = 30ABE34316B5D15400464926 /* rev1-final.pd */; };
		30ABE3BF16B5D15400464926 /* rev1-stage.pd in Resources */ = {isa = PBXBuildFile; fileRef = 30ABE34416B5D15400464926 /* rev1-stage.pd */; };
		30ABE3C016B5D15400464926 /* rev1~-help.pd in Resources */ = {isa = PBXBuildFile; fileRef = 30ABE34516B5D15400464926 /* rev1~-help.pd */; };
		30ABE3C116B5D15400464926 /* rev1~.pd in Resources */ = {isa = PBXBuildFile; fileRef = 30ABE34616B5D15400464926 /* rev1~.pd */; };
		30ABE3C216B5D15400464926 /* rev2~-help.pd in Resources */ = {isa = PBXBuildFile; fileRef = 30ABE34716B5D15400464926 /* rev2~-help.pd */; };
		30ABE3C316B5D15400464926 /* rev2~.pd in Resources */ = {isa = PBXBuildFile; fileRef = 30ABE34816B5D15400464926 /* rev2~.pd */; };
		30ABE3C416B5D15400464926 /* rev3~-help.pd in Resources */ = {isa = PBXBuildFile; fileRef = 30ABE34916B5D15400464926 /* rev3~-help.pd */; };
		30ABE3C516B5D15400464926 /* rev3~.pd in Resources */ = {isa = PBXBuildFile; fileRef = 30ABE34A16B5D15400464926 /* rev3~.pd */; };
		30ABE3C616B5D15400464926 /* stdout-help.pd in Resources */ = {isa = PBXBuildFile; fileRef = 30ABE34C16B5D15400464926 /* stdout-help.pd */; };
		30ABE3C716B5D15400464926 /* stdout.c in Sources */ = {isa = PBXBuildFile; fileRef = 30ABE34D16B5D15400464926 /* stdout.c */; };
		30ABE3C816B5D15400464926 /* d_arithmetic.c in Sources */ = {isa = PBXBuildFile; fileRef = 30ABE34F16B5D15400464926 /* d_arithmetic.c */; };
		30ABE3C916B5D15400464926 /* d_array.c in Sources */ = {isa = PBXBuildFile; fileRef = 30ABE35016B5D15400464926 /* d_array.c */; };
		30ABE3CA16B5D15400464926 /* d_ctl.c in Sources */ = {isa = PBXBuildFile; fileRef = 30ABE35116B5D15400464926 /* d_ctl.c */; };
		30ABE3CB16B5D15400464926 /* d_dac.c in Sources */ = {isa = PBXBuildFile; fileRef = 30ABE35216B5D15400464926 /* d_dac.c */; };
		30ABE3CC16B5D15400464926 /* d_delay.c in Sources */ = {isa = PBXBuildFile; fileRef = 30ABE35316B5D15400464926 /* d_delay.c */; };
		30ABE3CD16B5D15400464926 /* d_fft.c in Sources */ = {isa = PBXBuildFile; fileRef = 30ABE35416B5D15400464926 /* d_fft.c */; };
		30ABE3CE16B5D15400464926 /* d_fft_mayer.c in Sources */ = {isa = PBXBuildFile; fileRef = 30ABE35516B5D15400464926 /* d_fft_mayer.c */; };
		30ABE3CF16B5D15400464926 /* d_fftroutine.c in Sources */ = {isa = PBXBuildFile; fileRef = 30ABE35616B5D15400464926 /* d_fftroutine.c */; };
		30ABE3D016B5D15400464926 /* d_filter.c in Sources */ = {isa = PBXBuildFile; fileRef = 30ABE35716B5D15400464926 /* d_filter.c */; };
		30ABE3D116B5D15400464926 /* d_global.c in Sources */ = {isa = PBXBuildFile; fileRef = 30ABE35816B5D15400464926 /* d_global.c */; };
		30ABE3D216B5D15400464926 /* d_math.c in Sources */ = {isa = PBXBuildFile; fileRef = 30ABE35916B5D15400464926 /* d_math.c */; };
		30ABE3D316B5D15400464926 /* d_misc.c in Sources */ = {isa = PBXBuildFile; fileRef = 30ABE35A16B5D15400464926 /* d_misc.c */; };
		30ABE3D416B5D15400464926 /* d_osc.c in Sources */ = {isa = PBXBuildFile; fileRef = 30ABE35B16B5D15400464926 /* d_osc.c */; };
		30ABE3D516B5D15400464926 /* d_resample.c in Sources */ = {isa = PBXBuildFile; fileRef = 30ABE35C16B5D15400464926 /* d_resample.c */; };
		30ABE3D616B5D15400464926 /* d_soundfile.c in Sources */ = {isa = PBXBuildFile; fileRef = 30ABE35D16B5D15400464926 /* d_soundfile.c */; };
		30ABE3D716B5D15400464926 /* d_ugen.c in Sources */ = {isa = PBXBuildFile; fileRef = 30ABE35E16B5D15400464926 /* d_ugen.c */; };
		30ABE3D816B5D15400464926 /* g_all_guis.c in Sources */ = {isa = PBXBuildFile; fileRef = 30ABE35F16B5D15400464926 /* g_all_guis.c */; };
		30ABE3D916B5D15400464926 /* g_array.c in Sources */ = {isa = PBXBuildFile; fileRef = 30ABE36116B5D15400464926 /* g_array.c */; };
		30ABE3DA16B5D15400464926 /* g_bang.c in Sources */ = {isa = PBXBuildFile; fileRef = 30ABE36216B5D15400464926 /* g_bang.c */; };
		30ABE3DB16B5D15400464926 /* g_canvas.c in Sources */ = {isa = PBXBuildFile; fileRef = 30ABE36316B5D15400464926 /* g_canvas.c */; };
		30ABE3DC16B5D15400464926 /* g_editor.c in Sources */ = {isa = PBXBuildFile; fileRef = 30ABE36516B5D15400464926 /* g_editor.c */; };
		30ABE3DD16B5D15400464926 /* g_graph.c in Sources */ = {isa = PBXBuildFile; fileRef = 30ABE36616B5D15400464926 /* g_graph.c */; };
		30ABE3DE16B5D15400464926 /* g_guiconnect.c in Sources */ = {isa = PBXBuildFile; fileRef = 30ABE36716B5D15400464926 /* g_guiconnect.c */; };
		30ABE3DF16B5D15400464926 /* g_hdial.c in Sources */ = {isa = PBXBuildFile; fileRef = 30ABE36816B5D15400464926 /* g_hdial.c */; };
		30ABE3E016B5D15400464926 /* g_hslider.c in Sources */ = {isa = PBXBuildFile; fileRef = 30ABE36916B5D15400464926 /* g_hslider.c */; };
		30ABE3E116B5D15400464926 /* g_io.c in Sources */ = {isa = PBXBuildFile; fileRef = 30ABE36A16B5D15400464926 /* g_io.c */; };
		30ABE3E216B5D15400464926 /* g_mycanvas.c in Sources */ = {isa = PBXBuildFile; fileRef = 30ABE36B16B5D15400464926 /* g_mycanvas.c */; };
		30ABE3E316B5D15400464926 /* g_numbox.c in Sources */ = {isa = PBXBuildFile; fileRef = 30ABE36C16B5D15400464926 /* g_numbox.c */; };
		30ABE3E416B5D15400464926 /* g_readwrite.c in Sources */ = {isa = PBXBuildFile; fileRef = 30ABE36D16B5D15400464926 /* g_readwrite.c */; };
		30ABE3E516B5D15400464926 /* g_rtext.c in Sources */ = {isa = PBXBuildFile; fileRef = 30ABE36E16B5D15400464926 /* g_rtext.c */; };
		30ABE3E616B5D15400464926 /* g_scalar.c in Sources */ = {isa = PBXBuildFile; fileRef = 30ABE36F16B5D15400464926 /* g_scalar.c */; };
		30ABE3E716B5D15400464926 /* g_template.c in Sources */ = {isa = PBXBuildFile; fileRef = 30ABE37016B5D15400464926 /* g_template.c */; };
		30ABE3E816B5D15400464926 /* g_text.c in Sources */ = {isa = PBXBuildFile; fileRef = 30ABE37116B5D15400464926 /* g_text.c */; };
		30ABE3E916B5D15400464926 /* g_toggle.c in Sources */ = {isa = PBXBuildFile; fileRef = 30ABE37216B5D15400464926 /* g_toggle.c */; };
		30ABE3EA16B5D15400464926 /* g_traversal.c in Sources */ = {isa = PBXBuildFile; fileRef = 30ABE37316B5D15400464926 /* g_traversal.c */; };
		30ABE3EB16B5D15400464926 /* g_vdial.c in Sources */ = {isa = PBXBuildFile; fileRef = 30ABE37416B5D15400464926 /* g_vdial.c */; };
		30ABE3EC16B5D15400464926 /* g_vslider.c in Sources */ = {isa = PBXBuildFile; fileRef = 30ABE37516B5D15400464926 /* g_vslider.c */; };
		30ABE3ED16B5D15400464926 /* g_vumeter.c in Sources */ = {isa = PBXBuildFile; fileRef = 30ABE37616B5D15400464926 /* g_vumeter.c */; };
		30ABE3EE16B5D15400464926 /* m_atom.c in Sources */ = {isa = PBXBuildFile; fileRef = 30ABE37716B5D15400464926 /* m_atom.c */; };
		30ABE3EF16B5D15400464926 /* m_binbuf.c in Sources */ = {isa = PBXBuildFile; fileRef = 30ABE37816B5D15400464926 /* m_binbuf.c */; };
		30ABE3F016B5D15400464926 /* m_class.c in Sources */ = {isa = PBXBuildFile; fileRef = 30ABE37916B5D15400464926 /* m_class.c */; };
		30ABE3F116B5D15400464926 /* m_conf.c in Sources */ = {isa = PBXBuildFile; fileRef = 30ABE37A16B5D15400464926 /* m_conf.c */; };
		30ABE3F216B5D15400464926 /* m_glob.c in Sources */ = {isa = PBXBuildFile; fileRef = 30ABE37B16B5D15400464926 /* m_glob.c */; };
		30ABE3F316B5D15400464926 /* m_memory.c in Sources */ = {isa = PBXBuildFile; fileRef = 30ABE37D16B5D15400464926 /* m_memory.c */; };
		30ABE3F416B5D15400464926 /* m_obj.c in Sources */ = {isa = PBXBuildFile; fileRef = 30ABE37E16B5D15400464926 /* m_obj.c */; };
		30ABE3F516B5D15400464926 /* m_pd.c in Sources */ = {isa = PBXBuildFile; fileRef = 30ABE37F16B5D15400464926 /* m_pd.c */; };
		30ABE3F616B5D15400464926 /* m_sched.c in Sources */ = {isa = PBXBuildFile; fileRef = 30ABE38116B5D15400464926 /* m_sched.c */; };
		30ABE3F716B5D15400464926 /* s_audio.c in Sources */ = {isa = PBXBuildFile; fileRef = 30ABE38216B5D15400464926 /* s_audio.c */; };
		30ABE3F816B5D15400464926 /* s_audio_dummy.c in Sources */ = {isa = PBXBuildFile; fileRef = 30ABE38316B5D15400464926 /* s_audio_dummy.c */; };
		30ABE3F916B5D15400464926 /* s_file.c in Sources */ = {isa = PBXBuildFile; fileRef = 30ABE38416B5D15400464926 /* s_file.c */; };
		30ABE3FA16B5D15400464926 /* s_inter.c in Sources */ = {isa = PBXBuildFile; fileRef = 30ABE38516B5D15400464926 /* s_inter.c */; };
		30ABE3FB16B5D15400464926 /* s_loader.c in Sources */ = {isa = PBXBuildFile; fileRef = 30ABE38616B5D15400464926 /* s_loader.c */; };
		30ABE3FC16B5D15400464926 /* s_main.c in Sources */ = {isa = PBXBuildFile; fileRef = 30ABE38716B5D15400464926 /* s_main.c */; };
		30ABE3FD16B5D15400464926 /* s_path.c in Sources */ = {isa = PBXBuildFile; fileRef = 30ABE38816B5D15400464926 /* s_path.c */; };
		30ABE3FE16B5D15400464926 /* s_print.c in Sources */ = {isa = PBXBuildFile; fileRef = 30ABE38916B5D15400464926 /* s_print.c */; };
		30ABE3FF16B5D15400464926 /* s_utf8.c in Sources */ = {isa = PBXBuildFile; fileRef = 30ABE38B16B5D15400464926 /* s_utf8.c */; };
		30ABE40016B5D15400464926 /* x_acoustics.c in Sources */ = {isa = PBXBuildFile; fileRef = 30ABE38D16B5D15400464926 /* x_acoustics.c */; };
		30ABE40116B5D15400464926 /* x_arithmetic.c in Sources */ = {isa = PBXBuildFile; fileRef = 30ABE38E16B5D15400464926 /* x_arithmetic.c */; };
		30ABE40216B5D15400464926 /* x_connective.c in Sources */ = {isa = PBXBuildFile; fileRef = 30ABE38F16B5D15400464926 /* x_connective.c */; };
		30ABE40316B5D15400464926 /* x_gui.c in Sources */ = {isa = PBXBuildFile; fileRef = 30ABE39016B5D15400464926 /* x_gui.c */; };
		30ABE40416B5D15400464926 /* x_interface.c in Sources */ = {isa = PBXBuildFile; fileRef = 30ABE39116B5D15400464926 /* x_interface.c */; };
		30ABE40516B5D15400464926 /* x_list.c in Sources */ = {isa = PBXBuildFile; fileRef = 30ABE39216B5D15400464926 /* x_list.c */; };
		30ABE40616B5D15400464926 /* x_midi.c in Sources */ = {isa = PBXBuildFile; fileRef = 30ABE39316B5D15400464926 /* x_midi.c */; };
		30ABE40716B5D15400464926 /* x_misc.c in Sources */ = {isa = PBXBuildFile; fileRef = 30ABE39416B5D15400464926 /* x_misc.c */; };
		30ABE40816B5D15400464926 /* x_net.c in Sources */ = {isa = PBXBuildFile; fileRef = 30ABE39516B5D15400464926 /* x_net.c */; };
		30ABE40916B5D15400464926 /* x_qlist.c in Sources */ = {isa = PBXBuildFile; fileRef = 30ABE39616B5D15400464926 /* x_qlist.c */; };
		30ABE40A16B5D15400464926 /* x_time.c in Sources */ = {isa = PBXBuildFile; fileRef = 30ABE39716B5D15400464926 /* x_time.c */; };
		30ABE40B16B5D15400464926 /* PGMidi.mm in Sources */ = {isa = PBXBuildFile; fileRef = 30ABE39C16B5D15400464926 /* PGMidi.mm */; };
		30ABE40C16B5D15400464926 /* PGMidiAllSources.mm in Sources */ = {isa = PBXBuildFile; fileRef = 30ABE39E16B5D15400464926 /* PGMidiAllSources.mm */; };
		30ABE40D16B5D15400464926 /* PGMidiFind.mm in Sources */ = {isa = PBXBuildFile; fileRef = 30ABE3A016B5D15400464926 /* PGMidiFind.mm */; };
		30ABE41016B5D54100464926 /* AudioToolbox.framework in Frameworks */ = {isa = PBXBuildFile; fileRef = 30ABE40F16B5D54100464926 /* AudioToolbox.framework */; };
		30ABE41416B5D58600464926 /* CoreMIDI.framework in Frameworks */ = {isa = PBXBuildFile; fileRef = 30ABE41316B5D58600464926 /* CoreMIDI.framework */; };
		30ABE41516B5D5DD00464926 /* PdAudioController.m in Sources */ = {isa = PBXBuildFile; fileRef = 30ABE32B16B5D15400464926 /* PdAudioController.m */; settings = {COMPILER_FLAGS = "-fno-objc-arc"; }; };
		30ABE41616B5D5DD00464926 /* PdBase.m in Sources */ = {isa = PBXBuildFile; fileRef = 30ABE32F16B5D15400464926 /* PdBase.m */; settings = {COMPILER_FLAGS = "-fno-objc-arc"; }; };
		30ABE41A16B5D67800464926 /* AVFoundation.framework in Frameworks */ = {isa = PBXBuildFile; fileRef = 30ABE41916B5D67800464926 /* AVFoundation.framework */; };
/* End PBXBuildFile section */

/* Begin PBXFileReference section */
		306DBE4B16BB0E3F007CF226 /* Util.h */ = {isa = PBXFileReference; fileEncoding = 4; lastKnownFileType = sourcecode.c.h; name = Util.h; path = src/Util.h; sourceTree = "<group>"; };
		306DBE4C16BC1E47007CF226 /* Util.m */ = {isa = PBXFileReference; fileEncoding = 4; lastKnownFileType = sourcecode.c.objc; name = Util.m; path = src/Util.m; sourceTree = "<group>"; };
		306DBE6916BC6A86007CF226 /* Slider.h */ = {isa = PBXFileReference; fileEncoding = 4; lastKnownFileType = sourcecode.c.h; path = Slider.h; sourceTree = "<group>"; };
		306DBE6A16BC6A86007CF226 /* Slider.m */ = {isa = PBXFileReference; fileEncoding = 4; lastKnownFileType = sourcecode.c.objc; path = Slider.m; sourceTree = "<group>"; };
		3088883716BCB73700781682 /* Canvas.h */ = {isa = PBXFileReference; fileEncoding = 4; lastKnownFileType = sourcecode.c.h; path = Canvas.h; sourceTree = "<group>"; };
		3088883816BCB73700781682 /* Canvas.m */ = {isa = PBXFileReference; fileEncoding = 4; lastKnownFileType = sourcecode.c.objc; path = Canvas.m; sourceTree = "<group>"; };
		30A319EA16B61FF700C7729B /* Gui.m */ = {isa = PBXFileReference; fileEncoding = 4; lastKnownFileType = sourcecode.c.objc; path = Gui.m; sourceTree = "<group>"; };
		30A319EB16B61FF700C7729B /* Gui.h */ = {isa = PBXFileReference; fileEncoding = 4; lastKnownFileType = sourcecode.c.h; path = Gui.h; sourceTree = "<group>"; };
		30A319EE16B61FF700C7729B /* Toggle.m */ = {isa = PBXFileReference; fileEncoding = 4; lastKnownFileType = sourcecode.c.objc; path = Toggle.m; sourceTree = "<group>"; };
		30A319EF16B61FF700C7729B /* Toggle.h */ = {isa = PBXFileReference; fileEncoding = 4; lastKnownFileType = sourcecode.c.h; path = Toggle.h; sourceTree = "<group>"; };
		30A319F016B61FF700C7729B /* Widget.m */ = {isa = PBXFileReference; fileEncoding = 4; lastKnownFileType = sourcecode.c.objc; path = Widget.m; sourceTree = "<group>"; };
		30A319F116B61FF700C7729B /* Widget.h */ = {isa = PBXFileReference; fileEncoding = 4; lastKnownFileType = sourcecode.c.h; path = Widget.h; sourceTree = "<group>"; };
		30A31A0316B6D49300C7729B /* Bang.m */ = {isa = PBXFileReference; fileEncoding = 4; lastKnownFileType = sourcecode.c.objc; path = Bang.m; sourceTree = "<group>"; };
		30A31A0416B6D49300C7729B /* Bang.h */ = {isa = PBXFileReference; fileEncoding = 4; lastKnownFileType = sourcecode.c.h; path = Bang.h; sourceTree = "<group>"; };
		30A31A0616B6DBFB00C7729B /* Numberbox.m */ = {isa = PBXFileReference; fileEncoding = 4; lastKnownFileType = sourcecode.c.objc; path = Numberbox.m; sourceTree = "<group>"; };
		30A31A0716B6DBFB00C7729B /* Numberbox.h */ = {isa = PBXFileReference; fileEncoding = 4; lastKnownFileType = sourcecode.c.h; path = Numberbox.h; sourceTree = "<group>"; };
		30A31A0916B6E7B700C7729B /* Comment.m */ = {isa = PBXFileReference; fileEncoding = 4; lastKnownFileType = sourcecode.c.objc; path = Comment.m; sourceTree = "<group>"; };
		30A31A0A16B6E7B700C7729B /* Comment.h */ = {isa = PBXFileReference; fileEncoding = 4; lastKnownFileType = sourcecode.c.h; path = Comment.h; sourceTree = "<group>"; };
		30ABE2A316B5A8E500464926 /* PdParty.app */ = {isa = PBXFileReference; explicitFileType = wrapper.application; includeInIndex = 0; path = PdParty.app; sourceTree = BUILT_PRODUCTS_DIR; };
		30ABE2A716B5A8E500464926 /* UIKit.framework */ = {isa = PBXFileReference; lastKnownFileType = wrapper.framework; name = UIKit.framework; path = System/Library/Frameworks/UIKit.framework; sourceTree = SDKROOT; };
		30ABE2A916B5A8E500464926 /* Foundation.framework */ = {isa = PBXFileReference; lastKnownFileType = wrapper.framework; name = Foundation.framework; path = System/Library/Frameworks/Foundation.framework; sourceTree = SDKROOT; };
		30ABE2AB16B5A8E500464926 /* CoreGraphics.framework */ = {isa = PBXFileReference; lastKnownFileType = wrapper.framework; name = CoreGraphics.framework; path = System/Library/Frameworks/CoreGraphics.framework; sourceTree = SDKROOT; };
		30ABE2E116B5D0FB00464926 /* AppDelegate.h */ = {isa = PBXFileReference; fileEncoding = 4; lastKnownFileType = sourcecode.c.h; name = AppDelegate.h; path = src/AppDelegate.h; sourceTree = "<group>"; };
		30ABE2E216B5D0FB00464926 /* AppDelegate.m */ = {isa = PBXFileReference; fileEncoding = 4; lastKnownFileType = sourcecode.c.objc; name = AppDelegate.m; path = src/AppDelegate.m; sourceTree = "<group>"; };
		30ABE2E316B5D0FB00464926 /* Log.h */ = {isa = PBXFileReference; fileEncoding = 4; lastKnownFileType = sourcecode.c.h; name = Log.h; path = src/Log.h; sourceTree = "<group>"; };
		30ABE2E416B5D0FB00464926 /* Log.m */ = {isa = PBXFileReference; fileEncoding = 4; lastKnownFileType = sourcecode.c.objc; name = Log.m; path = src/Log.m; sourceTree = "<group>"; };
		30ABE2E516B5D0FB00464926 /* main.m */ = {isa = PBXFileReference; fileEncoding = 4; lastKnownFileType = sourcecode.c.objc; name = main.m; path = src/main.m; sourceTree = "<group>"; };
		30ABE2E816B5D0FB00464926 /* PdParser.h */ = {isa = PBXFileReference; fileEncoding = 4; lastKnownFileType = sourcecode.c.h; name = PdParser.h; path = src/PdParser.h; sourceTree = "<group>"; };
		30ABE2E916B5D0FB00464926 /* PdParser.m */ = {isa = PBXFileReference; fileEncoding = 4; lastKnownFileType = sourcecode.c.objc; name = PdParser.m; path = src/PdParser.m; sourceTree = "<group>"; };
		30ABE2EA16B5D0FB00464926 /* ViewController.h */ = {isa = PBXFileReference; fileEncoding = 4; lastKnownFileType = sourcecode.c.h; name = ViewController.h; path = src/ViewController.h; sourceTree = "<group>"; };
		30ABE2EB16B5D0FB00464926 /* ViewController.m */ = {isa = PBXFileReference; fileEncoding = 4; lastKnownFileType = sourcecode.c.objc; name = ViewController.m; path = src/ViewController.m; sourceTree = "<group>"; };
		30ABE2F316B5D11D00464926 /* Default-568h@2x.png */ = {isa = PBXFileReference; lastKnownFileType = image.png; path = "Default-568h@2x.png"; sourceTree = "<group>"; };
		30ABE2F416B5D11D00464926 /* Default.png */ = {isa = PBXFileReference; lastKnownFileType = image.png; path = Default.png; sourceTree = "<group>"; };
		30ABE2F516B5D11D00464926 /* Default@2x.png */ = {isa = PBXFileReference; lastKnownFileType = image.png; path = "Default@2x.png"; sourceTree = "<group>"; };
		30ABE2F716B5D11D00464926 /* en */ = {isa = PBXFileReference; lastKnownFileType = text.plist.strings; name = en; path = en.lproj/InfoPlist.strings; sourceTree = "<group>"; };
		30ABE2F916B5D11D00464926 /* en */ = {isa = PBXFileReference; lastKnownFileType = file.storyboard; name = en; path = en.lproj/MainStoryboard_iPad.storyboard; sourceTree = "<group>"; };
		30ABE2FB16B5D11D00464926 /* en */ = {isa = PBXFileReference; lastKnownFileType = file.storyboard; name = en; path = en.lproj/MainStoryboard_iPhone.storyboard; sourceTree = "<group>"; };
		30ABE2FE16B5D11D00464926 /* gui.pd */ = {isa = PBXFileReference; fileEncoding = 4; lastKnownFileType = text; path = gui.pd; sourceTree = "<group>"; };
		30ABE2FF16B5D11D00464926 /* test.pd */ = {isa = PBXFileReference; fileEncoding = 4; lastKnownFileType = text; path = test.pd; sourceTree = "<group>"; };
		30ABE30016B5D11D00464926 /* test_abs.pd */ = {isa = PBXFileReference; fileEncoding = 4; lastKnownFileType = text; path = test_abs.pd; sourceTree = "<group>"; };
		30ABE30116B5D11D00464926 /* PdParty-Info.plist */ = {isa = PBXFileReference; fileEncoding = 4; lastKnownFileType = text.plist.xml; path = "PdParty-Info.plist"; sourceTree = "<group>"; };
		30ABE30216B5D11D00464926 /* PdParty-Prefix.pch */ = {isa = PBXFileReference; fileEncoding = 4; lastKnownFileType = sourcecode.c.h; path = "PdParty-Prefix.pch"; sourceTree = "<group>"; };
		30ABE30F16B5D15400464926 /* DDAbstractDatabaseLogger.h */ = {isa = PBXFileReference; fileEncoding = 4; lastKnownFileType = sourcecode.c.h; path = DDAbstractDatabaseLogger.h; sourceTree = "<group>"; };
		30ABE31016B5D15400464926 /* DDAbstractDatabaseLogger.m */ = {isa = PBXFileReference; fileEncoding = 4; lastKnownFileType = sourcecode.c.objc; path = DDAbstractDatabaseLogger.m; sourceTree = "<group>"; };
		30ABE31116B5D15400464926 /* DDASLLogger.h */ = {isa = PBXFileReference; fileEncoding = 4; lastKnownFileType = sourcecode.c.h; path = DDASLLogger.h; sourceTree = "<group>"; };
		30ABE31216B5D15400464926 /* DDASLLogger.m */ = {isa = PBXFileReference; fileEncoding = 4; lastKnownFileType = sourcecode.c.objc; path = DDASLLogger.m; sourceTree = "<group>"; };
		30ABE31316B5D15400464926 /* DDFileLogger.h */ = {isa = PBXFileReference; fileEncoding = 4; lastKnownFileType = sourcecode.c.h; path = DDFileLogger.h; sourceTree = "<group>"; };
		30ABE31416B5D15400464926 /* DDFileLogger.m */ = {isa = PBXFileReference; fileEncoding = 4; lastKnownFileType = sourcecode.c.objc; path = DDFileLogger.m; sourceTree = "<group>"; };
		30ABE31516B5D15400464926 /* DDLog.h */ = {isa = PBXFileReference; fileEncoding = 4; lastKnownFileType = sourcecode.c.h; path = DDLog.h; sourceTree = "<group>"; };
		30ABE31616B5D15400464926 /* DDLog.m */ = {isa = PBXFileReference; fileEncoding = 4; lastKnownFileType = sourcecode.c.objc; path = DDLog.m; sourceTree = "<group>"; };
		30ABE31716B5D15400464926 /* DDTTYLogger.h */ = {isa = PBXFileReference; fileEncoding = 4; lastKnownFileType = sourcecode.c.h; path = DDTTYLogger.h; sourceTree = "<group>"; };
		30ABE31816B5D15400464926 /* DDTTYLogger.m */ = {isa = PBXFileReference; fileEncoding = 4; lastKnownFileType = sourcecode.c.objc; path = DDTTYLogger.m; sourceTree = "<group>"; };
		30ABE31B16B5D15400464926 /* ringbuffer.c */ = {isa = PBXFileReference; fileEncoding = 4; lastKnownFileType = sourcecode.c.c; path = ringbuffer.c; sourceTree = "<group>"; };
		30ABE31C16B5D15400464926 /* ringbuffer.h */ = {isa = PBXFileReference; fileEncoding = 4; lastKnownFileType = sourcecode.c.h; path = ringbuffer.h; sourceTree = "<group>"; };
		30ABE31D16B5D15400464926 /* s_libpdmidi.c */ = {isa = PBXFileReference; fileEncoding = 4; lastKnownFileType = sourcecode.c.c; path = s_libpdmidi.c; sourceTree = "<group>"; };
		30ABE31E16B5D15400464926 /* x_libpdreceive.c */ = {isa = PBXFileReference; fileEncoding = 4; lastKnownFileType = sourcecode.c.c; path = x_libpdreceive.c; sourceTree = "<group>"; };
		30ABE31F16B5D15400464926 /* x_libpdreceive.h */ = {isa = PBXFileReference; fileEncoding = 4; lastKnownFileType = sourcecode.c.h; path = x_libpdreceive.h; sourceTree = "<group>"; };
		30ABE32016B5D15400464926 /* z_libpd.c */ = {isa = PBXFileReference; fileEncoding = 4; lastKnownFileType = sourcecode.c.c; path = z_libpd.c; sourceTree = "<group>"; };
		30ABE32116B5D15400464926 /* z_libpd.h */ = {isa = PBXFileReference; fileEncoding = 4; lastKnownFileType = sourcecode.c.h; path = z_libpd.h; sourceTree = "<group>"; };
		30ABE32216B5D15400464926 /* z_queued.c */ = {isa = PBXFileReference; fileEncoding = 4; lastKnownFileType = sourcecode.c.c; path = z_queued.c; sourceTree = "<group>"; };
		30ABE32316B5D15400464926 /* z_queued.h */ = {isa = PBXFileReference; fileEncoding = 4; lastKnownFileType = sourcecode.c.h; path = z_queued.h; sourceTree = "<group>"; };
		30ABE32416B5D15400464926 /* z_util.c */ = {isa = PBXFileReference; fileEncoding = 4; lastKnownFileType = sourcecode.c.c; path = z_util.c; sourceTree = "<group>"; };
		30ABE32516B5D15400464926 /* z_util.h */ = {isa = PBXFileReference; fileEncoding = 4; lastKnownFileType = sourcecode.c.h; path = z_util.h; sourceTree = "<group>"; };
		30ABE32816B5D15400464926 /* AudioHelpers.h */ = {isa = PBXFileReference; fileEncoding = 4; lastKnownFileType = sourcecode.c.h; path = AudioHelpers.h; sourceTree = "<group>"; };
		30ABE32916B5D15400464926 /* AudioHelpers.m */ = {isa = PBXFileReference; fileEncoding = 4; lastKnownFileType = sourcecode.c.objc; path = AudioHelpers.m; sourceTree = "<group>"; };
		30ABE32A16B5D15400464926 /* PdAudioController.h */ = {isa = PBXFileReference; fileEncoding = 4; lastKnownFileType = sourcecode.c.h; path = PdAudioController.h; sourceTree = "<group>"; };
		30ABE32B16B5D15400464926 /* PdAudioController.m */ = {isa = PBXFileReference; fileEncoding = 4; lastKnownFileType = sourcecode.c.objc; path = PdAudioController.m; sourceTree = "<group>"; };
		30ABE32C16B5D15400464926 /* PdAudioUnit.h */ = {isa = PBXFileReference; fileEncoding = 4; lastKnownFileType = sourcecode.c.h; path = PdAudioUnit.h; sourceTree = "<group>"; };
		30ABE32D16B5D15400464926 /* PdAudioUnit.m */ = {isa = PBXFileReference; fileEncoding = 4; lastKnownFileType = sourcecode.c.objc; path = PdAudioUnit.m; sourceTree = "<group>"; };
		30ABE32E16B5D15400464926 /* PdBase.h */ = {isa = PBXFileReference; fileEncoding = 4; lastKnownFileType = sourcecode.c.h; path = PdBase.h; sourceTree = "<group>"; };
		30ABE32F16B5D15400464926 /* PdBase.m */ = {isa = PBXFileReference; fileEncoding = 4; lastKnownFileType = sourcecode.c.objc; path = PdBase.m; sourceTree = "<group>"; };
		30ABE33016B5D15400464926 /* PdDispatcher.h */ = {isa = PBXFileReference; fileEncoding = 4; lastKnownFileType = sourcecode.c.h; path = PdDispatcher.h; sourceTree = "<group>"; };
		30ABE33116B5D15400464926 /* PdDispatcher.m */ = {isa = PBXFileReference; fileEncoding = 4; lastKnownFileType = sourcecode.c.objc; path = PdDispatcher.m; sourceTree = "<group>"; };
		30ABE33216B5D15400464926 /* PdFile.h */ = {isa = PBXFileReference; fileEncoding = 4; lastKnownFileType = sourcecode.c.h; path = PdFile.h; sourceTree = "<group>"; };
		30ABE33316B5D15400464926 /* PdFile.m */ = {isa = PBXFileReference; fileEncoding = 4; lastKnownFileType = sourcecode.c.objc; path = PdFile.m; sourceTree = "<group>"; };
		30ABE33416B5D15400464926 /* PdMidiDispatcher.h */ = {isa = PBXFileReference; fileEncoding = 4; lastKnownFileType = sourcecode.c.h; path = PdMidiDispatcher.h; sourceTree = "<group>"; };
		30ABE33516B5D15400464926 /* PdMidiDispatcher.m */ = {isa = PBXFileReference; fileEncoding = 4; lastKnownFileType = sourcecode.c.objc; path = PdMidiDispatcher.m; sourceTree = "<group>"; };
		30ABE33916B5D15400464926 /* choice-help.pd */ = {isa = PBXFileReference; fileEncoding = 4; lastKnownFileType = text; path = "choice-help.pd"; sourceTree = "<group>"; };
		30ABE33A16B5D15400464926 /* choice.c */ = {isa = PBXFileReference; fileEncoding = 4; lastKnownFileType = sourcecode.c.c; path = choice.c; sourceTree = "<group>"; };
		30ABE33B16B5D15400464926 /* complex-mod~-help.pd */ = {isa = PBXFileReference; fileEncoding = 4; lastKnownFileType = text; path = "complex-mod~-help.pd"; sourceTree = "<group>"; };
		30ABE33C16B5D15400464926 /* complex-mod~.pd */ = {isa = PBXFileReference; fileEncoding = 4; lastKnownFileType = text; path = "complex-mod~.pd"; sourceTree = "<group>"; };
		30ABE33D16B5D15400464926 /* hilbert~-help.pd */ = {isa = PBXFileReference; fileEncoding = 4; lastKnownFileType = text; path = "hilbert~-help.pd"; sourceTree = "<group>"; };
		30ABE33E16B5D15400464926 /* hilbert~.pd */ = {isa = PBXFileReference; fileEncoding = 4; lastKnownFileType = text; path = "hilbert~.pd"; sourceTree = "<group>"; };
		30ABE34016B5D15400464926 /* pique-help.pd */ = {isa = PBXFileReference; fileEncoding = 4; lastKnownFileType = text; path = "pique-help.pd"; sourceTree = "<group>"; };
		30ABE34116B5D15400464926 /* pique.c */ = {isa = PBXFileReference; fileEncoding = 4; lastKnownFileType = sourcecode.c.c; path = pique.c; sourceTree = "<group>"; };
		30ABE34216B5D15400464926 /* README.txt */ = {isa = PBXFileReference; fileEncoding = 4; lastKnownFileType = text; path = README.txt; sourceTree = "<group>"; };
		30ABE34316B5D15400464926 /* rev1-final.pd */ = {isa = PBXFileReference; fileEncoding = 4; lastKnownFileType = text; path = "rev1-final.pd"; sourceTree = "<group>"; };
		30ABE34416B5D15400464926 /* rev1-stage.pd */ = {isa = PBXFileReference; fileEncoding = 4; lastKnownFileType = text; path = "rev1-stage.pd"; sourceTree = "<group>"; };
		30ABE34516B5D15400464926 /* rev1~-help.pd */ = {isa = PBXFileReference; fileEncoding = 4; lastKnownFileType = text; path = "rev1~-help.pd"; sourceTree = "<group>"; };
		30ABE34616B5D15400464926 /* rev1~.pd */ = {isa = PBXFileReference; fileEncoding = 4; lastKnownFileType = text; path = "rev1~.pd"; sourceTree = "<group>"; };
		30ABE34716B5D15400464926 /* rev2~-help.pd */ = {isa = PBXFileReference; fileEncoding = 4; lastKnownFileType = text; path = "rev2~-help.pd"; sourceTree = "<group>"; };
		30ABE34816B5D15400464926 /* rev2~.pd */ = {isa = PBXFileReference; fileEncoding = 4; lastKnownFileType = text; path = "rev2~.pd"; sourceTree = "<group>"; };
		30ABE34916B5D15400464926 /* rev3~-help.pd */ = {isa = PBXFileReference; fileEncoding = 4; lastKnownFileType = text; path = "rev3~-help.pd"; sourceTree = "<group>"; };
		30ABE34A16B5D15400464926 /* rev3~.pd */ = {isa = PBXFileReference; fileEncoding = 4; lastKnownFileType = text; path = "rev3~.pd"; sourceTree = "<group>"; };
		30ABE34C16B5D15400464926 /* stdout-help.pd */ = {isa = PBXFileReference; fileEncoding = 4; lastKnownFileType = text; path = "stdout-help.pd"; sourceTree = "<group>"; };
		30ABE34D16B5D15400464926 /* stdout.c */ = {isa = PBXFileReference; fileEncoding = 4; lastKnownFileType = sourcecode.c.c; path = stdout.c; sourceTree = "<group>"; };
		30ABE34F16B5D15400464926 /* d_arithmetic.c */ = {isa = PBXFileReference; fileEncoding = 4; lastKnownFileType = sourcecode.c.c; path = d_arithmetic.c; sourceTree = "<group>"; };
		30ABE35016B5D15400464926 /* d_array.c */ = {isa = PBXFileReference; fileEncoding = 4; lastKnownFileType = sourcecode.c.c; path = d_array.c; sourceTree = "<group>"; };
		30ABE35116B5D15400464926 /* d_ctl.c */ = {isa = PBXFileReference; fileEncoding = 4; lastKnownFileType = sourcecode.c.c; path = d_ctl.c; sourceTree = "<group>"; };
		30ABE35216B5D15400464926 /* d_dac.c */ = {isa = PBXFileReference; fileEncoding = 4; lastKnownFileType = sourcecode.c.c; path = d_dac.c; sourceTree = "<group>"; };
		30ABE35316B5D15400464926 /* d_delay.c */ = {isa = PBXFileReference; fileEncoding = 4; lastKnownFileType = sourcecode.c.c; path = d_delay.c; sourceTree = "<group>"; };
		30ABE35416B5D15400464926 /* d_fft.c */ = {isa = PBXFileReference; fileEncoding = 4; lastKnownFileType = sourcecode.c.c; path = d_fft.c; sourceTree = "<group>"; };
		30ABE35516B5D15400464926 /* d_fft_mayer.c */ = {isa = PBXFileReference; fileEncoding = 4; lastKnownFileType = sourcecode.c.c; path = d_fft_mayer.c; sourceTree = "<group>"; };
		30ABE35616B5D15400464926 /* d_fftroutine.c */ = {isa = PBXFileReference; fileEncoding = 4; lastKnownFileType = sourcecode.c.c; path = d_fftroutine.c; sourceTree = "<group>"; };
		30ABE35716B5D15400464926 /* d_filter.c */ = {isa = PBXFileReference; fileEncoding = 4; lastKnownFileType = sourcecode.c.c; path = d_filter.c; sourceTree = "<group>"; };
		30ABE35816B5D15400464926 /* d_global.c */ = {isa = PBXFileReference; fileEncoding = 4; lastKnownFileType = sourcecode.c.c; path = d_global.c; sourceTree = "<group>"; };
		30ABE35916B5D15400464926 /* d_math.c */ = {isa = PBXFileReference; fileEncoding = 4; lastKnownFileType = sourcecode.c.c; path = d_math.c; sourceTree = "<group>"; };
		30ABE35A16B5D15400464926 /* d_misc.c */ = {isa = PBXFileReference; fileEncoding = 4; lastKnownFileType = sourcecode.c.c; path = d_misc.c; sourceTree = "<group>"; };
		30ABE35B16B5D15400464926 /* d_osc.c */ = {isa = PBXFileReference; fileEncoding = 4; lastKnownFileType = sourcecode.c.c; path = d_osc.c; sourceTree = "<group>"; };
		30ABE35C16B5D15400464926 /* d_resample.c */ = {isa = PBXFileReference; fileEncoding = 4; lastKnownFileType = sourcecode.c.c; path = d_resample.c; sourceTree = "<group>"; };
		30ABE35D16B5D15400464926 /* d_soundfile.c */ = {isa = PBXFileReference; fileEncoding = 4; lastKnownFileType = sourcecode.c.c; path = d_soundfile.c; sourceTree = "<group>"; };
		30ABE35E16B5D15400464926 /* d_ugen.c */ = {isa = PBXFileReference; fileEncoding = 4; lastKnownFileType = sourcecode.c.c; path = d_ugen.c; sourceTree = "<group>"; };
		30ABE35F16B5D15400464926 /* g_all_guis.c */ = {isa = PBXFileReference; fileEncoding = 4; lastKnownFileType = sourcecode.c.c; path = g_all_guis.c; sourceTree = "<group>"; };
		30ABE36016B5D15400464926 /* g_all_guis.h */ = {isa = PBXFileReference; fileEncoding = 4; lastKnownFileType = sourcecode.c.h; path = g_all_guis.h; sourceTree = "<group>"; };
		30ABE36116B5D15400464926 /* g_array.c */ = {isa = PBXFileReference; fileEncoding = 4; lastKnownFileType = sourcecode.c.c; path = g_array.c; sourceTree = "<group>"; };
		30ABE36216B5D15400464926 /* g_bang.c */ = {isa = PBXFileReference; fileEncoding = 4; lastKnownFileType = sourcecode.c.c; path = g_bang.c; sourceTree = "<group>"; };
		30ABE36316B5D15400464926 /* g_canvas.c */ = {isa = PBXFileReference; fileEncoding = 4; lastKnownFileType = sourcecode.c.c; path = g_canvas.c; sourceTree = "<group>"; };
		30ABE36416B5D15400464926 /* g_canvas.h */ = {isa = PBXFileReference; fileEncoding = 4; lastKnownFileType = sourcecode.c.h; path = g_canvas.h; sourceTree = "<group>"; };
		30ABE36516B5D15400464926 /* g_editor.c */ = {isa = PBXFileReference; fileEncoding = 4; lastKnownFileType = sourcecode.c.c; path = g_editor.c; sourceTree = "<group>"; };
		30ABE36616B5D15400464926 /* g_graph.c */ = {isa = PBXFileReference; fileEncoding = 4; lastKnownFileType = sourcecode.c.c; path = g_graph.c; sourceTree = "<group>"; };
		30ABE36716B5D15400464926 /* g_guiconnect.c */ = {isa = PBXFileReference; fileEncoding = 4; lastKnownFileType = sourcecode.c.c; path = g_guiconnect.c; sourceTree = "<group>"; };
		30ABE36816B5D15400464926 /* g_hdial.c */ = {isa = PBXFileReference; fileEncoding = 4; lastKnownFileType = sourcecode.c.c; path = g_hdial.c; sourceTree = "<group>"; };
		30ABE36916B5D15400464926 /* g_hslider.c */ = {isa = PBXFileReference; fileEncoding = 4; lastKnownFileType = sourcecode.c.c; path = g_hslider.c; sourceTree = "<group>"; };
		30ABE36A16B5D15400464926 /* g_io.c */ = {isa = PBXFileReference; fileEncoding = 4; lastKnownFileType = sourcecode.c.c; path = g_io.c; sourceTree = "<group>"; };
		30ABE36B16B5D15400464926 /* g_mycanvas.c */ = {isa = PBXFileReference; fileEncoding = 4; lastKnownFileType = sourcecode.c.c; path = g_mycanvas.c; sourceTree = "<group>"; };
		30ABE36C16B5D15400464926 /* g_numbox.c */ = {isa = PBXFileReference; fileEncoding = 4; lastKnownFileType = sourcecode.c.c; path = g_numbox.c; sourceTree = "<group>"; };
		30ABE36D16B5D15400464926 /* g_readwrite.c */ = {isa = PBXFileReference; fileEncoding = 4; lastKnownFileType = sourcecode.c.c; path = g_readwrite.c; sourceTree = "<group>"; };
		30ABE36E16B5D15400464926 /* g_rtext.c */ = {isa = PBXFileReference; fileEncoding = 4; lastKnownFileType = sourcecode.c.c; path = g_rtext.c; sourceTree = "<group>"; };
		30ABE36F16B5D15400464926 /* g_scalar.c */ = {isa = PBXFileReference; fileEncoding = 4; lastKnownFileType = sourcecode.c.c; path = g_scalar.c; sourceTree = "<group>"; };
		30ABE37016B5D15400464926 /* g_template.c */ = {isa = PBXFileReference; fileEncoding = 4; lastKnownFileType = sourcecode.c.c; path = g_template.c; sourceTree = "<group>"; };
		30ABE37116B5D15400464926 /* g_text.c */ = {isa = PBXFileReference; fileEncoding = 4; lastKnownFileType = sourcecode.c.c; path = g_text.c; sourceTree = "<group>"; };
		30ABE37216B5D15400464926 /* g_toggle.c */ = {isa = PBXFileReference; fileEncoding = 4; lastKnownFileType = sourcecode.c.c; path = g_toggle.c; sourceTree = "<group>"; };
		30ABE37316B5D15400464926 /* g_traversal.c */ = {isa = PBXFileReference; fileEncoding = 4; lastKnownFileType = sourcecode.c.c; path = g_traversal.c; sourceTree = "<group>"; };
		30ABE37416B5D15400464926 /* g_vdial.c */ = {isa = PBXFileReference; fileEncoding = 4; lastKnownFileType = sourcecode.c.c; path = g_vdial.c; sourceTree = "<group>"; };
		30ABE37516B5D15400464926 /* g_vslider.c */ = {isa = PBXFileReference; fileEncoding = 4; lastKnownFileType = sourcecode.c.c; path = g_vslider.c; sourceTree = "<group>"; };
		30ABE37616B5D15400464926 /* g_vumeter.c */ = {isa = PBXFileReference; fileEncoding = 4; lastKnownFileType = sourcecode.c.c; path = g_vumeter.c; sourceTree = "<group>"; };
		30ABE37716B5D15400464926 /* m_atom.c */ = {isa = PBXFileReference; fileEncoding = 4; lastKnownFileType = sourcecode.c.c; path = m_atom.c; sourceTree = "<group>"; };
		30ABE37816B5D15400464926 /* m_binbuf.c */ = {isa = PBXFileReference; fileEncoding = 4; lastKnownFileType = sourcecode.c.c; path = m_binbuf.c; sourceTree = "<group>"; };
		30ABE37916B5D15400464926 /* m_class.c */ = {isa = PBXFileReference; fileEncoding = 4; lastKnownFileType = sourcecode.c.c; path = m_class.c; sourceTree = "<group>"; };
		30ABE37A16B5D15400464926 /* m_conf.c */ = {isa = PBXFileReference; fileEncoding = 4; lastKnownFileType = sourcecode.c.c; path = m_conf.c; sourceTree = "<group>"; };
		30ABE37B16B5D15400464926 /* m_glob.c */ = {isa = PBXFileReference; fileEncoding = 4; lastKnownFileType = sourcecode.c.c; path = m_glob.c; sourceTree = "<group>"; };
		30ABE37C16B5D15400464926 /* m_imp.h */ = {isa = PBXFileReference; fileEncoding = 4; lastKnownFileType = sourcecode.c.h; path = m_imp.h; sourceTree = "<group>"; };
		30ABE37D16B5D15400464926 /* m_memory.c */ = {isa = PBXFileReference; fileEncoding = 4; lastKnownFileType = sourcecode.c.c; path = m_memory.c; sourceTree = "<group>"; };
		30ABE37E16B5D15400464926 /* m_obj.c */ = {isa = PBXFileReference; fileEncoding = 4; lastKnownFileType = sourcecode.c.c; path = m_obj.c; sourceTree = "<group>"; };
		30ABE37F16B5D15400464926 /* m_pd.c */ = {isa = PBXFileReference; fileEncoding = 4; lastKnownFileType = sourcecode.c.c; path = m_pd.c; sourceTree = "<group>"; };
		30ABE38016B5D15400464926 /* m_pd.h */ = {isa = PBXFileReference; fileEncoding = 4; lastKnownFileType = sourcecode.c.h; path = m_pd.h; sourceTree = "<group>"; };
		30ABE38116B5D15400464926 /* m_sched.c */ = {isa = PBXFileReference; fileEncoding = 4; lastKnownFileType = sourcecode.c.c; path = m_sched.c; sourceTree = "<group>"; };
		30ABE38216B5D15400464926 /* s_audio.c */ = {isa = PBXFileReference; fileEncoding = 4; lastKnownFileType = sourcecode.c.c; path = s_audio.c; sourceTree = "<group>"; };
		30ABE38316B5D15400464926 /* s_audio_dummy.c */ = {isa = PBXFileReference; fileEncoding = 4; lastKnownFileType = sourcecode.c.c; path = s_audio_dummy.c; sourceTree = "<group>"; };
		30ABE38416B5D15400464926 /* s_file.c */ = {isa = PBXFileReference; fileEncoding = 4; lastKnownFileType = sourcecode.c.c; path = s_file.c; sourceTree = "<group>"; };
		30ABE38516B5D15400464926 /* s_inter.c */ = {isa = PBXFileReference; fileEncoding = 4; lastKnownFileType = sourcecode.c.c; path = s_inter.c; sourceTree = "<group>"; };
		30ABE38616B5D15400464926 /* s_loader.c */ = {isa = PBXFileReference; fileEncoding = 4; lastKnownFileType = sourcecode.c.c; path = s_loader.c; sourceTree = "<group>"; };
		30ABE38716B5D15400464926 /* s_main.c */ = {isa = PBXFileReference; fileEncoding = 4; lastKnownFileType = sourcecode.c.c; path = s_main.c; sourceTree = "<group>"; };
		30ABE38816B5D15400464926 /* s_path.c */ = {isa = PBXFileReference; fileEncoding = 4; lastKnownFileType = sourcecode.c.c; path = s_path.c; sourceTree = "<group>"; };
		30ABE38916B5D15400464926 /* s_print.c */ = {isa = PBXFileReference; fileEncoding = 4; lastKnownFileType = sourcecode.c.c; path = s_print.c; sourceTree = "<group>"; };
		30ABE38A16B5D15400464926 /* s_stuff.h */ = {isa = PBXFileReference; fileEncoding = 4; lastKnownFileType = sourcecode.c.h; path = s_stuff.h; sourceTree = "<group>"; };
		30ABE38B16B5D15400464926 /* s_utf8.c */ = {isa = PBXFileReference; fileEncoding = 4; lastKnownFileType = sourcecode.c.c; path = s_utf8.c; sourceTree = "<group>"; };
		30ABE38C16B5D15400464926 /* s_utf8.h */ = {isa = PBXFileReference; fileEncoding = 4; lastKnownFileType = sourcecode.c.h; path = s_utf8.h; sourceTree = "<group>"; };
		30ABE38D16B5D15400464926 /* x_acoustics.c */ = {isa = PBXFileReference; fileEncoding = 4; lastKnownFileType = sourcecode.c.c; path = x_acoustics.c; sourceTree = "<group>"; };
		30ABE38E16B5D15400464926 /* x_arithmetic.c */ = {isa = PBXFileReference; fileEncoding = 4; lastKnownFileType = sourcecode.c.c; path = x_arithmetic.c; sourceTree = "<group>"; };
		30ABE38F16B5D15400464926 /* x_connective.c */ = {isa = PBXFileReference; fileEncoding = 4; lastKnownFileType = sourcecode.c.c; path = x_connective.c; sourceTree = "<group>"; };
		30ABE39016B5D15400464926 /* x_gui.c */ = {isa = PBXFileReference; fileEncoding = 4; lastKnownFileType = sourcecode.c.c; path = x_gui.c; sourceTree = "<group>"; };
		30ABE39116B5D15400464926 /* x_interface.c */ = {isa = PBXFileReference; fileEncoding = 4; lastKnownFileType = sourcecode.c.c; path = x_interface.c; sourceTree = "<group>"; };
		30ABE39216B5D15400464926 /* x_list.c */ = {isa = PBXFileReference; fileEncoding = 4; lastKnownFileType = sourcecode.c.c; path = x_list.c; sourceTree = "<group>"; };
		30ABE39316B5D15400464926 /* x_midi.c */ = {isa = PBXFileReference; fileEncoding = 4; lastKnownFileType = sourcecode.c.c; path = x_midi.c; sourceTree = "<group>"; };
		30ABE39416B5D15400464926 /* x_misc.c */ = {isa = PBXFileReference; fileEncoding = 4; lastKnownFileType = sourcecode.c.c; path = x_misc.c; sourceTree = "<group>"; };
		30ABE39516B5D15400464926 /* x_net.c */ = {isa = PBXFileReference; fileEncoding = 4; lastKnownFileType = sourcecode.c.c; path = x_net.c; sourceTree = "<group>"; };
		30ABE39616B5D15400464926 /* x_qlist.c */ = {isa = PBXFileReference; fileEncoding = 4; lastKnownFileType = sourcecode.c.c; path = x_qlist.c; sourceTree = "<group>"; };
		30ABE39716B5D15400464926 /* x_time.c */ = {isa = PBXFileReference; fileEncoding = 4; lastKnownFileType = sourcecode.c.c; path = x_time.c; sourceTree = "<group>"; };
		30ABE39916B5D15400464926 /* iOSVersionDetection.h */ = {isa = PBXFileReference; fileEncoding = 4; lastKnownFileType = sourcecode.c.h; path = iOSVersionDetection.h; sourceTree = "<group>"; };
		30ABE39A16B5D15400464926 /* PGArc.h */ = {isa = PBXFileReference; fileEncoding = 4; lastKnownFileType = sourcecode.c.h; path = PGArc.h; sourceTree = "<group>"; };
		30ABE39B16B5D15400464926 /* PGMidi.h */ = {isa = PBXFileReference; fileEncoding = 4; lastKnownFileType = sourcecode.c.h; path = PGMidi.h; sourceTree = "<group>"; };
		30ABE39C16B5D15400464926 /* PGMidi.mm */ = {isa = PBXFileReference; fileEncoding = 4; lastKnownFileType = sourcecode.cpp.objcpp; path = PGMidi.mm; sourceTree = "<group>"; };
		30ABE39D16B5D15400464926 /* PGMidiAllSources.h */ = {isa = PBXFileReference; fileEncoding = 4; lastKnownFileType = sourcecode.c.h; path = PGMidiAllSources.h; sourceTree = "<group>"; };
		30ABE39E16B5D15400464926 /* PGMidiAllSources.mm */ = {isa = PBXFileReference; fileEncoding = 4; lastKnownFileType = sourcecode.cpp.objcpp; path = PGMidiAllSources.mm; sourceTree = "<group>"; };
		30ABE39F16B5D15400464926 /* PGMidiFind.h */ = {isa = PBXFileReference; fileEncoding = 4; lastKnownFileType = sourcecode.c.h; path = PGMidiFind.h; sourceTree = "<group>"; };
		30ABE3A016B5D15400464926 /* PGMidiFind.mm */ = {isa = PBXFileReference; fileEncoding = 4; lastKnownFileType = sourcecode.cpp.objcpp; path = PGMidiFind.mm; sourceTree = "<group>"; };
		30ABE40F16B5D54100464926 /* AudioToolbox.framework */ = {isa = PBXFileReference; lastKnownFileType = wrapper.framework; name = AudioToolbox.framework; path = System/Library/Frameworks/AudioToolbox.framework; sourceTree = SDKROOT; };
		30ABE41316B5D58600464926 /* CoreMIDI.framework */ = {isa = PBXFileReference; lastKnownFileType = wrapper.framework; name = CoreMIDI.framework; path = System/Library/Frameworks/CoreMIDI.framework; sourceTree = SDKROOT; };
		30ABE41916B5D67800464926 /* AVFoundation.framework */ = {isa = PBXFileReference; lastKnownFileType = wrapper.framework; name = AVFoundation.framework; path = System/Library/Frameworks/AVFoundation.framework; sourceTree = SDKROOT; };
/* End PBXFileReference section */

/* Begin PBXFrameworksBuildPhase section */
		30ABE2A016B5A8E500464926 /* Frameworks */ = {
			isa = PBXFrameworksBuildPhase;
			buildActionMask = 2147483647;
			files = (
				30ABE41A16B5D67800464926 /* AVFoundation.framework in Frameworks */,
				30ABE41416B5D58600464926 /* CoreMIDI.framework in Frameworks */,
				30ABE41016B5D54100464926 /* AudioToolbox.framework in Frameworks */,
				30ABE2A816B5A8E500464926 /* UIKit.framework in Frameworks */,
				30ABE2AA16B5A8E500464926 /* Foundation.framework in Frameworks */,
				30ABE2AC16B5A8E500464926 /* CoreGraphics.framework in Frameworks */,
			);
			runOnlyForDeploymentPostprocessing = 0;
		};
/* End PBXFrameworksBuildPhase section */

/* Begin PBXGroup section */
		30A319E516B61FF700C7729B /* gui */ = {
			isa = PBXGroup;
			children = (
				30A31A0A16B6E7B700C7729B /* Comment.h */,
				30A31A0916B6E7B700C7729B /* Comment.m */,
				30A31A0716B6DBFB00C7729B /* Numberbox.h */,
				30A31A0616B6DBFB00C7729B /* Numberbox.m */,
				306DBE6916BC6A86007CF226 /* Slider.h */,
				306DBE6A16BC6A86007CF226 /* Slider.m */,
				3088883716BCB73700781682 /* Canvas.h */,
				3088883816BCB73700781682 /* Canvas.m */,
				30A31A0416B6D49300C7729B /* Bang.h */,
				30A31A0316B6D49300C7729B /* Bang.m */,
				30A319EB16B61FF700C7729B /* Gui.h */,
				30A319EA16B61FF700C7729B /* Gui.m */,
				30A319EF16B61FF700C7729B /* Toggle.h */,
				30A319EE16B61FF700C7729B /* Toggle.m */,
				30A319F116B61FF700C7729B /* Widget.h */,
				30A319F016B61FF700C7729B /* Widget.m */,
			);
			name = gui;
			path = src/gui;
			sourceTree = "<group>";
		};
		30ABE29816B5A8E500464926 = {
			isa = PBXGroup;
			children = (
				30ABE2F216B5D11D00464926 /* res */,
				30ABE2D116B5CE2800464926 /* src */,
				30ABE2D316B5CE3100464926 /* libs */,
				30ABE2A616B5A8E500464926 /* Frameworks */,
				30ABE2A416B5A8E500464926 /* Products */,
			);
			sourceTree = "<group>";
		};
		30ABE2A416B5A8E500464926 /* Products */ = {
			isa = PBXGroup;
			children = (
				30ABE2A316B5A8E500464926 /* PdParty.app */,
			);
			name = Products;
			sourceTree = "<group>";
		};
		30ABE2A616B5A8E500464926 /* Frameworks */ = {
			isa = PBXGroup;
			children = (
				30ABE41916B5D67800464926 /* AVFoundation.framework */,
				30ABE41316B5D58600464926 /* CoreMIDI.framework */,
				30ABE40F16B5D54100464926 /* AudioToolbox.framework */,
				30ABE2A716B5A8E500464926 /* UIKit.framework */,
				30ABE2A916B5A8E500464926 /* Foundation.framework */,
				30ABE2AB16B5A8E500464926 /* CoreGraphics.framework */,
			);
			name = Frameworks;
			sourceTree = "<group>";
		};
		30ABE2D116B5CE2800464926 /* src */ = {
			isa = PBXGroup;
			children = (
				30A319E516B61FF700C7729B /* gui */,
				30ABE2E116B5D0FB00464926 /* AppDelegate.h */,
				30ABE2E216B5D0FB00464926 /* AppDelegate.m */,
				306DBE4B16BB0E3F007CF226 /* Util.h */,
				306DBE4C16BC1E47007CF226 /* Util.m */,
				30ABE2E316B5D0FB00464926 /* Log.h */,
				30ABE2E416B5D0FB00464926 /* Log.m */,
				30ABE2E516B5D0FB00464926 /* main.m */,
				30ABE2E816B5D0FB00464926 /* PdParser.h */,
				30ABE2E916B5D0FB00464926 /* PdParser.m */,
				30ABE2EA16B5D0FB00464926 /* ViewController.h */,
				30ABE2EB16B5D0FB00464926 /* ViewController.m */,
			);
			name = src;
			sourceTree = "<group>";
		};
		30ABE2D316B5CE3100464926 /* libs */ = {
			isa = PBXGroup;
			children = (
				30ABE30E16B5D15400464926 /* Lumberjack */,
				30ABE31916B5D15400464926 /* pd */,
				30ABE39816B5D15400464926 /* pgmidi */,
			);
			name = libs;
			sourceTree = "<group>";
		};
		30ABE2F216B5D11D00464926 /* res */ = {
			isa = PBXGroup;
			children = (
				30ABE2F316B5D11D00464926 /* Default-568h@2x.png */,
				30ABE2F416B5D11D00464926 /* Default.png */,
				30ABE2F516B5D11D00464926 /* Default@2x.png */,
				30ABE2F616B5D11D00464926 /* InfoPlist.strings */,
				30ABE2F816B5D11D00464926 /* MainStoryboard_iPad.storyboard */,
				30ABE2FA16B5D11D00464926 /* MainStoryboard_iPhone.storyboard */,
				30ABE2FD16B5D11D00464926 /* patches */,
				30ABE30116B5D11D00464926 /* PdParty-Info.plist */,
				30ABE30216B5D11D00464926 /* PdParty-Prefix.pch */,
			);
			path = res;
			sourceTree = "<group>";
		};
		30ABE2FD16B5D11D00464926 /* patches */ = {
			isa = PBXGroup;
			children = (
				30ABE2FE16B5D11D00464926 /* gui.pd */,
				30ABE2FF16B5D11D00464926 /* test.pd */,
				30ABE30016B5D11D00464926 /* test_abs.pd */,
			);
			path = patches;
			sourceTree = "<group>";
		};
		30ABE30E16B5D15400464926 /* Lumberjack */ = {
			isa = PBXGroup;
			children = (
				30ABE30F16B5D15400464926 /* DDAbstractDatabaseLogger.h */,
				30ABE31016B5D15400464926 /* DDAbstractDatabaseLogger.m */,
				30ABE31116B5D15400464926 /* DDASLLogger.h */,
				30ABE31216B5D15400464926 /* DDASLLogger.m */,
				30ABE31316B5D15400464926 /* DDFileLogger.h */,
				30ABE31416B5D15400464926 /* DDFileLogger.m */,
				30ABE31516B5D15400464926 /* DDLog.h */,
				30ABE31616B5D15400464926 /* DDLog.m */,
				30ABE31716B5D15400464926 /* DDTTYLogger.h */,
				30ABE31816B5D15400464926 /* DDTTYLogger.m */,
			);
			name = Lumberjack;
			path = libs/lumberjack;
			sourceTree = "<group>";
		};
		30ABE31916B5D15400464926 /* pd */ = {
			isa = PBXGroup;
			children = (
				30ABE31A16B5D15400464926 /* libpd_wrapper */,
				30ABE32716B5D15400464926 /* objc */,
				30ABE33616B5D15400464926 /* pure-data */,
			);
			name = pd;
			path = libs/pd;
			sourceTree = "<group>";
		};
		30ABE31A16B5D15400464926 /* libpd_wrapper */ = {
			isa = PBXGroup;
			children = (
				30ABE31B16B5D15400464926 /* ringbuffer.c */,
				30ABE31C16B5D15400464926 /* ringbuffer.h */,
				30ABE31D16B5D15400464926 /* s_libpdmidi.c */,
				30ABE31E16B5D15400464926 /* x_libpdreceive.c */,
				30ABE31F16B5D15400464926 /* x_libpdreceive.h */,
				30ABE32016B5D15400464926 /* z_libpd.c */,
				30ABE32116B5D15400464926 /* z_libpd.h */,
				30ABE32216B5D15400464926 /* z_queued.c */,
				30ABE32316B5D15400464926 /* z_queued.h */,
				30ABE32416B5D15400464926 /* z_util.c */,
				30ABE32516B5D15400464926 /* z_util.h */,
			);
			path = libpd_wrapper;
			sourceTree = "<group>";
		};
		30ABE32716B5D15400464926 /* objc */ = {
			isa = PBXGroup;
			children = (
				30ABE32816B5D15400464926 /* AudioHelpers.h */,
				30ABE32916B5D15400464926 /* AudioHelpers.m */,
				30ABE32A16B5D15400464926 /* PdAudioController.h */,
				30ABE32B16B5D15400464926 /* PdAudioController.m */,
				30ABE32C16B5D15400464926 /* PdAudioUnit.h */,
				30ABE32D16B5D15400464926 /* PdAudioUnit.m */,
				30ABE32E16B5D15400464926 /* PdBase.h */,
				30ABE32F16B5D15400464926 /* PdBase.m */,
				30ABE33016B5D15400464926 /* PdDispatcher.h */,
				30ABE33116B5D15400464926 /* PdDispatcher.m */,
				30ABE33216B5D15400464926 /* PdFile.h */,
				30ABE33316B5D15400464926 /* PdFile.m */,
				30ABE33416B5D15400464926 /* PdMidiDispatcher.h */,
				30ABE33516B5D15400464926 /* PdMidiDispatcher.m */,
			);
			path = objc;
			sourceTree = "<group>";
		};
		30ABE33616B5D15400464926 /* pure-data */ = {
			isa = PBXGroup;
			children = (
				30ABE33716B5D15400464926 /* extra */,
				30ABE34E16B5D15400464926 /* src */,
			);
			path = "pure-data";
			sourceTree = "<group>";
		};
		30ABE33716B5D15400464926 /* extra */ = {
			isa = PBXGroup;
			children = (
				30ABE33816B5D15400464926 /* choice */,
				30ABE33B16B5D15400464926 /* complex-mod~-help.pd */,
				30ABE33C16B5D15400464926 /* complex-mod~.pd */,
				30ABE33D16B5D15400464926 /* hilbert~-help.pd */,
				30ABE33E16B5D15400464926 /* hilbert~.pd */,
				30ABE33F16B5D15400464926 /* pique */,
				30ABE34216B5D15400464926 /* README.txt */,
				30ABE34316B5D15400464926 /* rev1-final.pd */,
				30ABE34416B5D15400464926 /* rev1-stage.pd */,
				30ABE34516B5D15400464926 /* rev1~-help.pd */,
				30ABE34616B5D15400464926 /* rev1~.pd */,
				30ABE34716B5D15400464926 /* rev2~-help.pd */,
				30ABE34816B5D15400464926 /* rev2~.pd */,
				30ABE34916B5D15400464926 /* rev3~-help.pd */,
				30ABE34A16B5D15400464926 /* rev3~.pd */,
				30ABE34B16B5D15400464926 /* stdout */,
			);
			path = extra;
			sourceTree = "<group>";
		};
		30ABE33816B5D15400464926 /* choice */ = {
			isa = PBXGroup;
			children = (
				30ABE33916B5D15400464926 /* choice-help.pd */,
				30ABE33A16B5D15400464926 /* choice.c */,
			);
			path = choice;
			sourceTree = "<group>";
		};
		30ABE33F16B5D15400464926 /* pique */ = {
			isa = PBXGroup;
			children = (
				30ABE34016B5D15400464926 /* pique-help.pd */,
				30ABE34116B5D15400464926 /* pique.c */,
			);
			path = pique;
			sourceTree = "<group>";
		};
		30ABE34B16B5D15400464926 /* stdout */ = {
			isa = PBXGroup;
			children = (
				30ABE34C16B5D15400464926 /* stdout-help.pd */,
				30ABE34D16B5D15400464926 /* stdout.c */,
			);
			path = stdout;
			sourceTree = "<group>";
		};
		30ABE34E16B5D15400464926 /* src */ = {
			isa = PBXGroup;
			children = (
				30ABE34F16B5D15400464926 /* d_arithmetic.c */,
				30ABE35016B5D15400464926 /* d_array.c */,
				30ABE35116B5D15400464926 /* d_ctl.c */,
				30ABE35216B5D15400464926 /* d_dac.c */,
				30ABE35316B5D15400464926 /* d_delay.c */,
				30ABE35416B5D15400464926 /* d_fft.c */,
				30ABE35516B5D15400464926 /* d_fft_mayer.c */,
				30ABE35616B5D15400464926 /* d_fftroutine.c */,
				30ABE35716B5D15400464926 /* d_filter.c */,
				30ABE35816B5D15400464926 /* d_global.c */,
				30ABE35916B5D15400464926 /* d_math.c */,
				30ABE35A16B5D15400464926 /* d_misc.c */,
				30ABE35B16B5D15400464926 /* d_osc.c */,
				30ABE35C16B5D15400464926 /* d_resample.c */,
				30ABE35D16B5D15400464926 /* d_soundfile.c */,
				30ABE35E16B5D15400464926 /* d_ugen.c */,
				30ABE35F16B5D15400464926 /* g_all_guis.c */,
				30ABE36016B5D15400464926 /* g_all_guis.h */,
				30ABE36116B5D15400464926 /* g_array.c */,
				30ABE36216B5D15400464926 /* g_bang.c */,
				30ABE36316B5D15400464926 /* g_canvas.c */,
				30ABE36416B5D15400464926 /* g_canvas.h */,
				30ABE36516B5D15400464926 /* g_editor.c */,
				30ABE36616B5D15400464926 /* g_graph.c */,
				30ABE36716B5D15400464926 /* g_guiconnect.c */,
				30ABE36816B5D15400464926 /* g_hdial.c */,
				30ABE36916B5D15400464926 /* g_hslider.c */,
				30ABE36A16B5D15400464926 /* g_io.c */,
				30ABE36B16B5D15400464926 /* g_mycanvas.c */,
				30ABE36C16B5D15400464926 /* g_numbox.c */,
				30ABE36D16B5D15400464926 /* g_readwrite.c */,
				30ABE36E16B5D15400464926 /* g_rtext.c */,
				30ABE36F16B5D15400464926 /* g_scalar.c */,
				30ABE37016B5D15400464926 /* g_template.c */,
				30ABE37116B5D15400464926 /* g_text.c */,
				30ABE37216B5D15400464926 /* g_toggle.c */,
				30ABE37316B5D15400464926 /* g_traversal.c */,
				30ABE37416B5D15400464926 /* g_vdial.c */,
				30ABE37516B5D15400464926 /* g_vslider.c */,
				30ABE37616B5D15400464926 /* g_vumeter.c */,
				30ABE37716B5D15400464926 /* m_atom.c */,
				30ABE37816B5D15400464926 /* m_binbuf.c */,
				30ABE37916B5D15400464926 /* m_class.c */,
				30ABE37A16B5D15400464926 /* m_conf.c */,
				30ABE37B16B5D15400464926 /* m_glob.c */,
				30ABE37C16B5D15400464926 /* m_imp.h */,
				30ABE37D16B5D15400464926 /* m_memory.c */,
				30ABE37E16B5D15400464926 /* m_obj.c */,
				30ABE37F16B5D15400464926 /* m_pd.c */,
				30ABE38016B5D15400464926 /* m_pd.h */,
				30ABE38116B5D15400464926 /* m_sched.c */,
				30ABE38216B5D15400464926 /* s_audio.c */,
				30ABE38316B5D15400464926 /* s_audio_dummy.c */,
				30ABE38416B5D15400464926 /* s_file.c */,
				30ABE38516B5D15400464926 /* s_inter.c */,
				30ABE38616B5D15400464926 /* s_loader.c */,
				30ABE38716B5D15400464926 /* s_main.c */,
				30ABE38816B5D15400464926 /* s_path.c */,
				30ABE38916B5D15400464926 /* s_print.c */,
				30ABE38A16B5D15400464926 /* s_stuff.h */,
				30ABE38B16B5D15400464926 /* s_utf8.c */,
				30ABE38C16B5D15400464926 /* s_utf8.h */,
				30ABE38D16B5D15400464926 /* x_acoustics.c */,
				30ABE38E16B5D15400464926 /* x_arithmetic.c */,
				30ABE38F16B5D15400464926 /* x_connective.c */,
				30ABE39016B5D15400464926 /* x_gui.c */,
				30ABE39116B5D15400464926 /* x_interface.c */,
				30ABE39216B5D15400464926 /* x_list.c */,
				30ABE39316B5D15400464926 /* x_midi.c */,
				30ABE39416B5D15400464926 /* x_misc.c */,
				30ABE39516B5D15400464926 /* x_net.c */,
				30ABE39616B5D15400464926 /* x_qlist.c */,
				30ABE39716B5D15400464926 /* x_time.c */,
			);
			path = src;
			sourceTree = "<group>";
		};
		30ABE39816B5D15400464926 /* pgmidi */ = {
			isa = PBXGroup;
			children = (
				30ABE39916B5D15400464926 /* iOSVersionDetection.h */,
				30ABE39A16B5D15400464926 /* PGArc.h */,
				30ABE39B16B5D15400464926 /* PGMidi.h */,
				30ABE39C16B5D15400464926 /* PGMidi.mm */,
				30ABE39D16B5D15400464926 /* PGMidiAllSources.h */,
				30ABE39E16B5D15400464926 /* PGMidiAllSources.mm */,
				30ABE39F16B5D15400464926 /* PGMidiFind.h */,
				30ABE3A016B5D15400464926 /* PGMidiFind.mm */,
			);
			name = pgmidi;
			path = libs/pgmidi;
			sourceTree = "<group>";
		};
/* End PBXGroup section */

/* Begin PBXNativeTarget section */
		30ABE2A216B5A8E500464926 /* PdParty */ = {
			isa = PBXNativeTarget;
			buildConfigurationList = 30ABE2CA16B5A8E500464926 /* Build configuration list for PBXNativeTarget "PdParty" */;
			buildPhases = (
				30ABE29F16B5A8E500464926 /* Sources */,
				30ABE2A016B5A8E500464926 /* Frameworks */,
				30ABE2A116B5A8E500464926 /* Resources */,
			);
			buildRules = (
			);
			dependencies = (
			);
			name = PdParty;
			productName = PdParty;
			productReference = 30ABE2A316B5A8E500464926 /* PdParty.app */;
			productType = "com.apple.product-type.application";
		};
/* End PBXNativeTarget section */

/* Begin PBXProject section */
		30ABE29A16B5A8E500464926 /* Project object */ = {
			isa = PBXProject;
			attributes = {
				LastUpgradeCheck = 0450;
				ORGANIZATIONNAME = danomatika;
			};
			buildConfigurationList = 30ABE29D16B5A8E500464926 /* Build configuration list for PBXProject "PdParty" */;
			compatibilityVersion = "Xcode 3.2";
			developmentRegion = English;
			hasScannedForEncodings = 0;
			knownRegions = (
				en,
			);
			mainGroup = 30ABE29816B5A8E500464926;
			productRefGroup = 30ABE2A416B5A8E500464926 /* Products */;
			projectDirPath = "";
			projectRoot = "";
			targets = (
				30ABE2A216B5A8E500464926 /* PdParty */,
			);
		};
/* End PBXProject section */

/* Begin PBXResourcesBuildPhase section */
		30ABE2A116B5A8E500464926 /* Resources */ = {
			isa = PBXResourcesBuildPhase;
			buildActionMask = 2147483647;
			files = (
				30ABE30316B5D11D00464926 /* Default-568h@2x.png in Resources */,
				30ABE30416B5D11D00464926 /* Default.png in Resources */,
				30ABE30516B5D11D00464926 /* Default@2x.png in Resources */,
				30ABE30616B5D11D00464926 /* InfoPlist.strings in Resources */,
				30ABE30716B5D11D00464926 /* MainStoryboard_iPad.storyboard in Resources */,
				30ABE30816B5D11D00464926 /* MainStoryboard_iPhone.storyboard in Resources */,
				30ABE30A16B5D11D00464926 /* gui.pd in Resources */,
				30ABE30B16B5D11D00464926 /* test.pd in Resources */,
				30ABE30C16B5D11D00464926 /* test_abs.pd in Resources */,
				30ABE30D16B5D11D00464926 /* PdParty-Info.plist in Resources */,
				30ABE3B516B5D15400464926 /* choice-help.pd in Resources */,
				30ABE3B716B5D15400464926 /* complex-mod~-help.pd in Resources */,
				30ABE3B816B5D15400464926 /* complex-mod~.pd in Resources */,
				30ABE3B916B5D15400464926 /* hilbert~-help.pd in Resources */,
				30ABE3BA16B5D15400464926 /* hilbert~.pd in Resources */,
				30ABE3BB16B5D15400464926 /* pique-help.pd in Resources */,
				30ABE3BD16B5D15400464926 /* README.txt in Resources */,
				30ABE3BE16B5D15400464926 /* rev1-final.pd in Resources */,
				30ABE3BF16B5D15400464926 /* rev1-stage.pd in Resources */,
				30ABE3C016B5D15400464926 /* rev1~-help.pd in Resources */,
				30ABE3C116B5D15400464926 /* rev1~.pd in Resources */,
				30ABE3C216B5D15400464926 /* rev2~-help.pd in Resources */,
				30ABE3C316B5D15400464926 /* rev2~.pd in Resources */,
				30ABE3C416B5D15400464926 /* rev3~-help.pd in Resources */,
				30ABE3C516B5D15400464926 /* rev3~.pd in Resources */,
				30ABE3C616B5D15400464926 /* stdout-help.pd in Resources */,
			);
			runOnlyForDeploymentPostprocessing = 0;
		};
/* End PBXResourcesBuildPhase section */

/* Begin PBXSourcesBuildPhase section */
		30ABE29F16B5A8E500464926 /* Sources */ = {
			isa = PBXSourcesBuildPhase;
			buildActionMask = 2147483647;
			files = (
				30ABE41516B5D5DD00464926 /* PdAudioController.m in Sources */,
				30ABE41616B5D5DD00464926 /* PdBase.m in Sources */,
				30ABE2EC16B5D0FB00464926 /* AppDelegate.m in Sources */,
				30ABE2ED16B5D0FB00464926 /* Log.m in Sources */,
				30ABE2EE16B5D0FB00464926 /* main.m in Sources */,
				30ABE2F016B5D0FB00464926 /* PdParser.m in Sources */,
				30ABE2F116B5D0FB00464926 /* ViewController.m in Sources */,
				30ABE3A216B5D15400464926 /* DDAbstractDatabaseLogger.m in Sources */,
				30ABE3A316B5D15400464926 /* DDASLLogger.m in Sources */,
				30ABE3A416B5D15400464926 /* DDFileLogger.m in Sources */,
				30ABE3A516B5D15400464926 /* DDLog.m in Sources */,
				30ABE3A616B5D15400464926 /* DDTTYLogger.m in Sources */,
				30ABE3A716B5D15400464926 /* ringbuffer.c in Sources */,
				30ABE3A816B5D15400464926 /* s_libpdmidi.c in Sources */,
				30ABE3A916B5D15400464926 /* x_libpdreceive.c in Sources */,
				30ABE3AA16B5D15400464926 /* z_libpd.c in Sources */,
				30ABE3AB16B5D15400464926 /* z_queued.c in Sources */,
				30ABE3AC16B5D15400464926 /* z_util.c in Sources */,
				30ABE3AE16B5D15400464926 /* AudioHelpers.m in Sources */,
				30ABE3B016B5D15400464926 /* PdAudioUnit.m in Sources */,
				30ABE3B216B5D15400464926 /* PdDispatcher.m in Sources */,
				30ABE3B316B5D15400464926 /* PdFile.m in Sources */,
				30ABE3B416B5D15400464926 /* PdMidiDispatcher.m in Sources */,
				30ABE3B616B5D15400464926 /* choice.c in Sources */,
				30ABE3BC16B5D15400464926 /* pique.c in Sources */,
				30ABE3C716B5D15400464926 /* stdout.c in Sources */,
				30ABE3C816B5D15400464926 /* d_arithmetic.c in Sources */,
				30ABE3C916B5D15400464926 /* d_array.c in Sources */,
				30ABE3CA16B5D15400464926 /* d_ctl.c in Sources */,
				30ABE3CB16B5D15400464926 /* d_dac.c in Sources */,
				30ABE3CC16B5D15400464926 /* d_delay.c in Sources */,
				30ABE3CD16B5D15400464926 /* d_fft.c in Sources */,
				30ABE3CE16B5D15400464926 /* d_fft_mayer.c in Sources */,
				30ABE3CF16B5D15400464926 /* d_fftroutine.c in Sources */,
				30ABE3D016B5D15400464926 /* d_filter.c in Sources */,
				30ABE3D116B5D15400464926 /* d_global.c in Sources */,
				30ABE3D216B5D15400464926 /* d_math.c in Sources */,
				30ABE3D316B5D15400464926 /* d_misc.c in Sources */,
				30ABE3D416B5D15400464926 /* d_osc.c in Sources */,
				30ABE3D516B5D15400464926 /* d_resample.c in Sources */,
				30ABE3D616B5D15400464926 /* d_soundfile.c in Sources */,
				30ABE3D716B5D15400464926 /* d_ugen.c in Sources */,
				30ABE3D816B5D15400464926 /* g_all_guis.c in Sources */,
				30ABE3D916B5D15400464926 /* g_array.c in Sources */,
				30ABE3DA16B5D15400464926 /* g_bang.c in Sources */,
				30ABE3DB16B5D15400464926 /* g_canvas.c in Sources */,
				30ABE3DC16B5D15400464926 /* g_editor.c in Sources */,
				30ABE3DD16B5D15400464926 /* g_graph.c in Sources */,
				30ABE3DE16B5D15400464926 /* g_guiconnect.c in Sources */,
				30ABE3DF16B5D15400464926 /* g_hdial.c in Sources */,
				30ABE3E016B5D15400464926 /* g_hslider.c in Sources */,
				30ABE3E116B5D15400464926 /* g_io.c in Sources */,
				30ABE3E216B5D15400464926 /* g_mycanvas.c in Sources */,
				30ABE3E316B5D15400464926 /* g_numbox.c in Sources */,
				30ABE3E416B5D15400464926 /* g_readwrite.c in Sources */,
				30ABE3E516B5D15400464926 /* g_rtext.c in Sources */,
				30ABE3E616B5D15400464926 /* g_scalar.c in Sources */,
				30ABE3E716B5D15400464926 /* g_template.c in Sources */,
				30ABE3E816B5D15400464926 /* g_text.c in Sources */,
				30ABE3E916B5D15400464926 /* g_toggle.c in Sources */,
				30ABE3EA16B5D15400464926 /* g_traversal.c in Sources */,
				30ABE3EB16B5D15400464926 /* g_vdial.c in Sources */,
				30ABE3EC16B5D15400464926 /* g_vslider.c in Sources */,
				30ABE3ED16B5D15400464926 /* g_vumeter.c in Sources */,
				30ABE3EE16B5D15400464926 /* m_atom.c in Sources */,
				30ABE3EF16B5D15400464926 /* m_binbuf.c in Sources */,
				30ABE3F016B5D15400464926 /* m_class.c in Sources */,
				30ABE3F116B5D15400464926 /* m_conf.c in Sources */,
				30ABE3F216B5D15400464926 /* m_glob.c in Sources */,
				30ABE3F316B5D15400464926 /* m_memory.c in Sources */,
				30ABE3F416B5D15400464926 /* m_obj.c in Sources */,
				30ABE3F516B5D15400464926 /* m_pd.c in Sources */,
				30ABE3F616B5D15400464926 /* m_sched.c in Sources */,
				30ABE3F716B5D15400464926 /* s_audio.c in Sources */,
				30ABE3F816B5D15400464926 /* s_audio_dummy.c in Sources */,
				30ABE3F916B5D15400464926 /* s_file.c in Sources */,
				30ABE3FA16B5D15400464926 /* s_inter.c in Sources */,
				30ABE3FB16B5D15400464926 /* s_loader.c in Sources */,
				30ABE3FC16B5D15400464926 /* s_main.c in Sources */,
				30ABE3FD16B5D15400464926 /* s_path.c in Sources */,
				30ABE3FE16B5D15400464926 /* s_print.c in Sources */,
				30ABE3FF16B5D15400464926 /* s_utf8.c in Sources */,
				30ABE40016B5D15400464926 /* x_acoustics.c in Sources */,
				30ABE40116B5D15400464926 /* x_arithmetic.c in Sources */,
				30ABE40216B5D15400464926 /* x_connective.c in Sources */,
				30ABE40316B5D15400464926 /* x_gui.c in Sources */,
				30ABE40416B5D15400464926 /* x_interface.c in Sources */,
				30ABE40516B5D15400464926 /* x_list.c in Sources */,
				30ABE40616B5D15400464926 /* x_midi.c in Sources */,
				30ABE40716B5D15400464926 /* x_misc.c in Sources */,
				30ABE40816B5D15400464926 /* x_net.c in Sources */,
				30ABE40916B5D15400464926 /* x_qlist.c in Sources */,
				30ABE40A16B5D15400464926 /* x_time.c in Sources */,
				30ABE40B16B5D15400464926 /* PGMidi.mm in Sources */,
				30ABE40C16B5D15400464926 /* PGMidiAllSources.mm in Sources */,
				30ABE40D16B5D15400464926 /* PGMidiFind.mm in Sources */,
				30A319F416B61FF700C7729B /* Gui.m in Sources */,
				30A319F616B61FF700C7729B /* Toggle.m in Sources */,
				30A319F716B61FF700C7729B /* Widget.m in Sources */,
				30A31A0516B6D49300C7729B /* Bang.m in Sources */,
				30A31A0816B6DBFC00C7729B /* Numberbox.m in Sources */,
				30A31A0B16B6E7B700C7729B /* Comment.m in Sources */,
				306DBE4D16BC1E47007CF226 /* Util.m in Sources */,
				306DBE6B16BC6A86007CF226 /* Slider.m in Sources */,
				3088883916BCB73700781682 /* Canvas.m in Sources */,
			);
			runOnlyForDeploymentPostprocessing = 0;
		};
/* End PBXSourcesBuildPhase section */

/* Begin PBXVariantGroup section */
		30ABE2F616B5D11D00464926 /* InfoPlist.strings */ = {
			isa = PBXVariantGroup;
			children = (
				30ABE2F716B5D11D00464926 /* en */,
			);
			name = InfoPlist.strings;
			sourceTree = "<group>";
		};
		30ABE2F816B5D11D00464926 /* MainStoryboard_iPad.storyboard */ = {
			isa = PBXVariantGroup;
			children = (
				30ABE2F916B5D11D00464926 /* en */,
			);
			name = MainStoryboard_iPad.storyboard;
			sourceTree = "<group>";
		};
		30ABE2FA16B5D11D00464926 /* MainStoryboard_iPhone.storyboard */ = {
			isa = PBXVariantGroup;
			children = (
				30ABE2FB16B5D11D00464926 /* en */,
			);
			name = MainStoryboard_iPhone.storyboard;
			sourceTree = "<group>";
		};
/* End PBXVariantGroup section */

/* Begin XCBuildConfiguration section */
		30ABE2C816B5A8E500464926 /* Debug */ = {
			isa = XCBuildConfiguration;
			buildSettings = {
				ALWAYS_SEARCH_USER_PATHS = NO;
				CLANG_CXX_LANGUAGE_STANDARD = "gnu++0x";
				CLANG_CXX_LIBRARY = "libc++";
				CLANG_ENABLE_OBJC_ARC = YES;
				CLANG_WARN_EMPTY_BODY = YES;
				CLANG_WARN__DUPLICATE_METHOD_MATCH = YES;
				"CODE_SIGN_IDENTITY[sdk=iphoneos*]" = "iPhone Developer";
				COPY_PHASE_STRIP = NO;
				GCC_C_LANGUAGE_STANDARD = gnu99;
				GCC_DYNAMIC_NO_PIC = NO;
				GCC_OPTIMIZATION_LEVEL = 0;
				GCC_PREFIX_HEADER = "PdParty-Prefix.pch";
				GCC_PREPROCESSOR_DEFINITIONS = (
					"DEBUG=1",
					"$(inherited)",
				);
				GCC_SYMBOLS_PRIVATE_EXTERN = NO;
				GCC_WARN_ABOUT_RETURN_TYPE = YES;
				GCC_WARN_UNINITIALIZED_AUTOS = YES;
				GCC_WARN_UNUSED_VARIABLE = YES;
				HEADER_SEARCH_PATHS = libs;
				INFOPLIST_FILE = "res/PdParty-Info.pist";
				IPHONEOS_DEPLOYMENT_TARGET = 5.0;
				ONLY_ACTIVE_ARCH = YES;
				SDKROOT = iphoneos;
				TARGETED_DEVICE_FAMILY = "1,2";
			};
			name = Debug;
		};
		30ABE2C916B5A8E500464926 /* Release */ = {
			isa = XCBuildConfiguration;
			buildSettings = {
				ALWAYS_SEARCH_USER_PATHS = NO;
				CLANG_CXX_LANGUAGE_STANDARD = "gnu++0x";
				CLANG_CXX_LIBRARY = "libc++";
				CLANG_ENABLE_OBJC_ARC = YES;
				CLANG_WARN_EMPTY_BODY = YES;
				CLANG_WARN__DUPLICATE_METHOD_MATCH = YES;
				"CODE_SIGN_IDENTITY[sdk=iphoneos*]" = "iPhone Developer";
				COPY_PHASE_STRIP = YES;
				GCC_C_LANGUAGE_STANDARD = gnu99;
				GCC_PREFIX_HEADER = "PdParty-Prefix.pch";
				GCC_WARN_ABOUT_RETURN_TYPE = YES;
				GCC_WARN_UNINITIALIZED_AUTOS = YES;
				GCC_WARN_UNUSED_VARIABLE = YES;
				HEADER_SEARCH_PATHS = libs;
				INFOPLIST_FILE = "res/PdParty-Info.pist";
				IPHONEOS_DEPLOYMENT_TARGET = 5.0;
				OTHER_CFLAGS = "-DNS_BLOCK_ASSERTIONS=1";
				SDKROOT = iphoneos;
				TARGETED_DEVICE_FAMILY = "1,2";
				VALIDATE_PRODUCT = YES;
			};
			name = Release;
		};
		30ABE2CB16B5A8E500464926 /* Debug */ = {
			isa = XCBuildConfiguration;
			buildSettings = {
				GCC_PRECOMPILE_PREFIX_HEADER = YES;
				GCC_PREFIX_HEADER = "res/PdParty-Prefix.pch";
				GCC_WARN_UNUSED_VARIABLE = NO;
				INFOPLIST_FILE = "res/PdParty-Info.plist";
				OTHER_CFLAGS = (
					"-DPD",
					"-DHAVE_UNISTD_H",
					"-DUSEAPI_DUMMY",
				);
				PRODUCT_NAME = "$(TARGET_NAME)";
				WRAPPER_EXTENSION = app;
			};
			name = Debug;
		};
		30ABE2CC16B5A8E500464926 /* Release */ = {
			isa = XCBuildConfiguration;
			buildSettings = {
				GCC_PRECOMPILE_PREFIX_HEADER = YES;
				GCC_PREFIX_HEADER = "res/PdParty-Prefix.pch";
				GCC_WARN_UNUSED_VARIABLE = NO;
				INFOPLIST_FILE = "res/PdParty-Info.plist";
				OTHER_CFLAGS = (
					"-DNS_BLOCK_ASSERTIONS=1",
					"-DPD",
					"-DHAVE_UNISTD_H",
					"-DUSEAPI_DUMMY",
				);
				PRODUCT_NAME = "$(TARGET_NAME)";
				WRAPPER_EXTENSION = app;
			};
			name = Release;
		};
/* End XCBuildConfiguration section */

/* Begin XCConfigurationList section */
		30ABE29D16B5A8E500464926 /* Build configuration list for PBXProject "PdParty" */ = {
			isa = XCConfigurationList;
			buildConfigurations = (
				30ABE2C816B5A8E500464926 /* Debug */,
				30ABE2C916B5A8E500464926 /* Release */,
			);
			defaultConfigurationIsVisible = 0;
			defaultConfigurationName = Release;
		};
		30ABE2CA16B5A8E500464926 /* Build configuration list for PBXNativeTarget "PdParty" */ = {
			isa = XCConfigurationList;
			buildConfigurations = (
				30ABE2CB16B5A8E500464926 /* Debug */,
				30ABE2CC16B5A8E500464926 /* Release */,
			);
			defaultConfigurationIsVisible = 0;
			defaultConfigurationName = Release;
		};
/* End XCConfigurationList section */
	};
	rootObject = 30ABE29A16B5A8E500464926 /* Project object */;
}
