// !$*UTF8*$!
{
	archiveVersion = 1;
	classes = {
	};
	objectVersion = 46;
	objects = {

/* Begin PBXBuildFile section */
		30112DE516A0CC25005421C7 /* UIKit.framework in Frameworks */ = {isa = PBXBuildFile; fileRef = 30112DE416A0CC25005421C7 /* UIKit.framework */; };
		30112DE716A0CC25005421C7 /* Foundation.framework in Frameworks */ = {isa = PBXBuildFile; fileRef = 30112DE616A0CC25005421C7 /* Foundation.framework */; };
		30112DE916A0CC25005421C7 /* CoreGraphics.framework in Frameworks */ = {isa = PBXBuildFile; fileRef = 30112DE816A0CC25005421C7 /* CoreGraphics.framework */; };
		30112EBD16A0CF6C005421C7 /* AppDelegate.m in Sources */ = {isa = PBXBuildFile; fileRef = 30112E1716A0CF6C005421C7 /* AppDelegate.m */; };
		30112EBE16A0CF6C005421C7 /* DetailViewController.m in Sources */ = {isa = PBXBuildFile; fileRef = 30112E1A16A0CF6C005421C7 /* DetailViewController.m */; };
		30112EC916A0CF6C005421C7 /* main.m in Sources */ = {isa = PBXBuildFile; fileRef = 30112E2F16A0CF6C005421C7 /* main.m */; };
		30112ECA16A0CF6C005421C7 /* MasterViewController.m in Sources */ = {isa = PBXBuildFile; fileRef = 30112E3116A0CF6C005421C7 /* MasterViewController.m */; };
		30112ECB16A0CF6C005421C7 /* ringbuffer.c in Sources */ = {isa = PBXBuildFile; fileRef = 30112E3416A0CF6C005421C7 /* ringbuffer.c */; };
		30112ECC16A0CF6C005421C7 /* s_libpdmidi.c in Sources */ = {isa = PBXBuildFile; fileRef = 30112E3616A0CF6C005421C7 /* s_libpdmidi.c */; };
		30112ECD16A0CF6C005421C7 /* x_libpdreceive.c in Sources */ = {isa = PBXBuildFile; fileRef = 30112E3716A0CF6C005421C7 /* x_libpdreceive.c */; };
		30112ECE16A0CF6C005421C7 /* z_libpd.c in Sources */ = {isa = PBXBuildFile; fileRef = 30112E3916A0CF6C005421C7 /* z_libpd.c */; };
		30112ECF16A0CF6C005421C7 /* z_queued.c in Sources */ = {isa = PBXBuildFile; fileRef = 30112E3B16A0CF6C005421C7 /* z_queued.c */; };
		30112ED016A0CF6C005421C7 /* LICENSE.txt in Resources */ = {isa = PBXBuildFile; fileRef = 30112E3D16A0CF6C005421C7 /* LICENSE.txt */; };
		30112ED116A0CF6C005421C7 /* AudioHelpers.m in Sources */ = {isa = PBXBuildFile; fileRef = 30112E4016A0CF6C005421C7 /* AudioHelpers.m */; settings = {COMPILER_FLAGS = "-fno-objc-arc"; }; };
		30112ED216A0CF6C005421C7 /* PdAudioController.m in Sources */ = {isa = PBXBuildFile; fileRef = 30112E4216A0CF6C005421C7 /* PdAudioController.m */; settings = {COMPILER_FLAGS = "-fno-objc-arc"; }; };
		30112ED316A0CF6C005421C7 /* PdAudioUnit.m in Sources */ = {isa = PBXBuildFile; fileRef = 30112E4416A0CF6C005421C7 /* PdAudioUnit.m */; settings = {COMPILER_FLAGS = "-fno-objc-arc"; }; };
		30112ED416A0CF6C005421C7 /* PdBase.m in Sources */ = {isa = PBXBuildFile; fileRef = 30112E4616A0CF6C005421C7 /* PdBase.m */; settings = {COMPILER_FLAGS = "-fno-objc-arc"; }; };
		30112ED516A0CF6C005421C7 /* PdDispatcher.m in Sources */ = {isa = PBXBuildFile; fileRef = 30112E4816A0CF6C005421C7 /* PdDispatcher.m */; settings = {COMPILER_FLAGS = "-fno-objc-arc"; }; };
		30112ED616A0CF6C005421C7 /* PdFile.m in Sources */ = {isa = PBXBuildFile; fileRef = 30112E4A16A0CF6C005421C7 /* PdFile.m */; settings = {COMPILER_FLAGS = "-fno-objc-arc"; }; };
		30112ED816A0CF6C005421C7 /* choice-help.pd in Resources */ = {isa = PBXBuildFile; fileRef = 30112E5016A0CF6C005421C7 /* choice-help.pd */; };
		30112ED916A0CF6C005421C7 /* choice.c in Sources */ = {isa = PBXBuildFile; fileRef = 30112E5116A0CF6C005421C7 /* choice.c */; };
		30112EDA16A0CF6C005421C7 /* complex-mod~-help.pd in Resources */ = {isa = PBXBuildFile; fileRef = 30112E5216A0CF6C005421C7 /* complex-mod~-help.pd */; };
		30112EDB16A0CF6C005421C7 /* complex-mod~.pd in Resources */ = {isa = PBXBuildFile; fileRef = 30112E5316A0CF6C005421C7 /* complex-mod~.pd */; };
		30112EDC16A0CF6C005421C7 /* hilbert~-help.pd in Resources */ = {isa = PBXBuildFile; fileRef = 30112E5416A0CF6C005421C7 /* hilbert~-help.pd */; };
		30112EDD16A0CF6C005421C7 /* hilbert~.pd in Resources */ = {isa = PBXBuildFile; fileRef = 30112E5516A0CF6C005421C7 /* hilbert~.pd */; };
		30112EDE16A0CF6C005421C7 /* pique-help.pd in Resources */ = {isa = PBXBuildFile; fileRef = 30112E5716A0CF6C005421C7 /* pique-help.pd */; };
		30112EDF16A0CF6C005421C7 /* pique.c in Sources */ = {isa = PBXBuildFile; fileRef = 30112E5816A0CF6C005421C7 /* pique.c */; };
		30112EE016A0CF6C005421C7 /* README.txt in Resources */ = {isa = PBXBuildFile; fileRef = 30112E5916A0CF6C005421C7 /* README.txt */; };
		30112EE116A0CF6C005421C7 /* rev1-final.pd in Resources */ = {isa = PBXBuildFile; fileRef = 30112E5A16A0CF6C005421C7 /* rev1-final.pd */; };
		30112EE216A0CF6C005421C7 /* rev1-stage.pd in Resources */ = {isa = PBXBuildFile; fileRef = 30112E5B16A0CF6C005421C7 /* rev1-stage.pd */; };
		30112EE316A0CF6C005421C7 /* rev1~-help.pd in Resources */ = {isa = PBXBuildFile; fileRef = 30112E5C16A0CF6C005421C7 /* rev1~-help.pd */; };
		30112EE416A0CF6C005421C7 /* rev1~.pd in Resources */ = {isa = PBXBuildFile; fileRef = 30112E5D16A0CF6C005421C7 /* rev1~.pd */; };
		30112EE516A0CF6C005421C7 /* rev2~-help.pd in Resources */ = {isa = PBXBuildFile; fileRef = 30112E5E16A0CF6C005421C7 /* rev2~-help.pd */; };
		30112EE616A0CF6C005421C7 /* rev2~.pd in Resources */ = {isa = PBXBuildFile; fileRef = 30112E5F16A0CF6C005421C7 /* rev2~.pd */; };
		30112EE716A0CF6C005421C7 /* rev3~-help.pd in Resources */ = {isa = PBXBuildFile; fileRef = 30112E6016A0CF6C005421C7 /* rev3~-help.pd */; };
		30112EE816A0CF6C005421C7 /* rev3~.pd in Resources */ = {isa = PBXBuildFile; fileRef = 30112E6116A0CF6C005421C7 /* rev3~.pd */; };
		30112EE916A0CF6C005421C7 /* stdout-help.pd in Resources */ = {isa = PBXBuildFile; fileRef = 30112E6316A0CF6C005421C7 /* stdout-help.pd */; };
		30112EEA16A0CF6C005421C7 /* stdout.c in Sources */ = {isa = PBXBuildFile; fileRef = 30112E6416A0CF6C005421C7 /* stdout.c */; };
		30112EEB16A0CF6C005421C7 /* d_arithmetic.c in Sources */ = {isa = PBXBuildFile; fileRef = 30112E6616A0CF6C005421C7 /* d_arithmetic.c */; };
		30112EEC16A0CF6C005421C7 /* d_array.c in Sources */ = {isa = PBXBuildFile; fileRef = 30112E6716A0CF6C005421C7 /* d_array.c */; };
		30112EED16A0CF6C005421C7 /* d_ctl.c in Sources */ = {isa = PBXBuildFile; fileRef = 30112E6816A0CF6C005421C7 /* d_ctl.c */; };
		30112EEE16A0CF6C005421C7 /* d_dac.c in Sources */ = {isa = PBXBuildFile; fileRef = 30112E6916A0CF6C005421C7 /* d_dac.c */; };
		30112EEF16A0CF6C005421C7 /* d_delay.c in Sources */ = {isa = PBXBuildFile; fileRef = 30112E6A16A0CF6C005421C7 /* d_delay.c */; };
		30112EF016A0CF6C005421C7 /* d_fft.c in Sources */ = {isa = PBXBuildFile; fileRef = 30112E6B16A0CF6C005421C7 /* d_fft.c */; };
		30112EF116A0CF6C005421C7 /* d_fft_mayer.c in Sources */ = {isa = PBXBuildFile; fileRef = 30112E6C16A0CF6C005421C7 /* d_fft_mayer.c */; };
		30112EF216A0CF6C005421C7 /* d_fftroutine.c in Sources */ = {isa = PBXBuildFile; fileRef = 30112E6D16A0CF6C005421C7 /* d_fftroutine.c */; };
		30112EF316A0CF6C005421C7 /* d_filter.c in Sources */ = {isa = PBXBuildFile; fileRef = 30112E6E16A0CF6C005421C7 /* d_filter.c */; };
		30112EF416A0CF6C005421C7 /* d_global.c in Sources */ = {isa = PBXBuildFile; fileRef = 30112E6F16A0CF6C005421C7 /* d_global.c */; };
		30112EF516A0CF6C005421C7 /* d_math.c in Sources */ = {isa = PBXBuildFile; fileRef = 30112E7016A0CF6C005421C7 /* d_math.c */; };
		30112EF616A0CF6C005421C7 /* d_misc.c in Sources */ = {isa = PBXBuildFile; fileRef = 30112E7116A0CF6C005421C7 /* d_misc.c */; };
		30112EF716A0CF6C005421C7 /* d_osc.c in Sources */ = {isa = PBXBuildFile; fileRef = 30112E7216A0CF6C005421C7 /* d_osc.c */; };
		30112EF816A0CF6C005421C7 /* d_resample.c in Sources */ = {isa = PBXBuildFile; fileRef = 30112E7316A0CF6C005421C7 /* d_resample.c */; };
		30112EF916A0CF6C005421C7 /* d_soundfile.c in Sources */ = {isa = PBXBuildFile; fileRef = 30112E7416A0CF6C005421C7 /* d_soundfile.c */; };
		30112EFA16A0CF6C005421C7 /* d_ugen.c in Sources */ = {isa = PBXBuildFile; fileRef = 30112E7516A0CF6C005421C7 /* d_ugen.c */; };
		30112EFB16A0CF6C005421C7 /* g_all_guis.c in Sources */ = {isa = PBXBuildFile; fileRef = 30112E7616A0CF6C005421C7 /* g_all_guis.c */; };
		30112EFC16A0CF6C005421C7 /* g_array.c in Sources */ = {isa = PBXBuildFile; fileRef = 30112E7816A0CF6C005421C7 /* g_array.c */; };
		30112EFD16A0CF6C005421C7 /* g_bang.c in Sources */ = {isa = PBXBuildFile; fileRef = 30112E7916A0CF6C005421C7 /* g_bang.c */; };
		30112EFE16A0CF6C005421C7 /* g_canvas.c in Sources */ = {isa = PBXBuildFile; fileRef = 30112E7A16A0CF6C005421C7 /* g_canvas.c */; };
		30112EFF16A0CF6C005421C7 /* g_editor.c in Sources */ = {isa = PBXBuildFile; fileRef = 30112E7C16A0CF6C005421C7 /* g_editor.c */; };
		30112F0016A0CF6C005421C7 /* g_graph.c in Sources */ = {isa = PBXBuildFile; fileRef = 30112E7D16A0CF6C005421C7 /* g_graph.c */; };
		30112F0116A0CF6C005421C7 /* g_guiconnect.c in Sources */ = {isa = PBXBuildFile; fileRef = 30112E7E16A0CF6C005421C7 /* g_guiconnect.c */; };
		30112F0216A0CF6C005421C7 /* g_hdial.c in Sources */ = {isa = PBXBuildFile; fileRef = 30112E7F16A0CF6C005421C7 /* g_hdial.c */; };
		30112F0316A0CF6C005421C7 /* g_hslider.c in Sources */ = {isa = PBXBuildFile; fileRef = 30112E8016A0CF6C005421C7 /* g_hslider.c */; };
		30112F0416A0CF6C005421C7 /* g_io.c in Sources */ = {isa = PBXBuildFile; fileRef = 30112E8116A0CF6C005421C7 /* g_io.c */; };
		30112F0516A0CF6C005421C7 /* g_mycanvas.c in Sources */ = {isa = PBXBuildFile; fileRef = 30112E8216A0CF6C005421C7 /* g_mycanvas.c */; };
		30112F0616A0CF6C005421C7 /* g_numbox.c in Sources */ = {isa = PBXBuildFile; fileRef = 30112E8316A0CF6C005421C7 /* g_numbox.c */; };
		30112F0716A0CF6C005421C7 /* g_readwrite.c in Sources */ = {isa = PBXBuildFile; fileRef = 30112E8416A0CF6C005421C7 /* g_readwrite.c */; };
		30112F0816A0CF6C005421C7 /* g_rtext.c in Sources */ = {isa = PBXBuildFile; fileRef = 30112E8516A0CF6C005421C7 /* g_rtext.c */; };
		30112F0916A0CF6C005421C7 /* g_scalar.c in Sources */ = {isa = PBXBuildFile; fileRef = 30112E8616A0CF6C005421C7 /* g_scalar.c */; };
		30112F0A16A0CF6C005421C7 /* g_template.c in Sources */ = {isa = PBXBuildFile; fileRef = 30112E8716A0CF6C005421C7 /* g_template.c */; };
		30112F0B16A0CF6C005421C7 /* g_text.c in Sources */ = {isa = PBXBuildFile; fileRef = 30112E8816A0CF6C005421C7 /* g_text.c */; };
		30112F0C16A0CF6C005421C7 /* g_toggle.c in Sources */ = {isa = PBXBuildFile; fileRef = 30112E8916A0CF6C005421C7 /* g_toggle.c */; };
		30112F0D16A0CF6C005421C7 /* g_traversal.c in Sources */ = {isa = PBXBuildFile; fileRef = 30112E8A16A0CF6C005421C7 /* g_traversal.c */; };
		30112F0E16A0CF6C005421C7 /* g_vdial.c in Sources */ = {isa = PBXBuildFile; fileRef = 30112E8B16A0CF6C005421C7 /* g_vdial.c */; };
		30112F0F16A0CF6C005421C7 /* g_vslider.c in Sources */ = {isa = PBXBuildFile; fileRef = 30112E8C16A0CF6C005421C7 /* g_vslider.c */; };
		30112F1016A0CF6C005421C7 /* g_vumeter.c in Sources */ = {isa = PBXBuildFile; fileRef = 30112E8D16A0CF6C005421C7 /* g_vumeter.c */; };
		30112F1116A0CF6C005421C7 /* m_atom.c in Sources */ = {isa = PBXBuildFile; fileRef = 30112E8E16A0CF6C005421C7 /* m_atom.c */; };
		30112F1216A0CF6C005421C7 /* m_binbuf.c in Sources */ = {isa = PBXBuildFile; fileRef = 30112E8F16A0CF6C005421C7 /* m_binbuf.c */; };
		30112F1316A0CF6C005421C7 /* m_class.c in Sources */ = {isa = PBXBuildFile; fileRef = 30112E9016A0CF6C005421C7 /* m_class.c */; };
		30112F1416A0CF6C005421C7 /* m_conf.c in Sources */ = {isa = PBXBuildFile; fileRef = 30112E9116A0CF6C005421C7 /* m_conf.c */; };
		30112F1516A0CF6C005421C7 /* m_glob.c in Sources */ = {isa = PBXBuildFile; fileRef = 30112E9216A0CF6C005421C7 /* m_glob.c */; };
		30112F1616A0CF6C005421C7 /* m_memory.c in Sources */ = {isa = PBXBuildFile; fileRef = 30112E9416A0CF6C005421C7 /* m_memory.c */; };
		30112F1716A0CF6C005421C7 /* m_obj.c in Sources */ = {isa = PBXBuildFile; fileRef = 30112E9516A0CF6C005421C7 /* m_obj.c */; };
		30112F1816A0CF6C005421C7 /* m_pd.c in Sources */ = {isa = PBXBuildFile; fileRef = 30112E9616A0CF6C005421C7 /* m_pd.c */; };
		30112F1916A0CF6C005421C7 /* m_sched.c in Sources */ = {isa = PBXBuildFile; fileRef = 30112E9816A0CF6C005421C7 /* m_sched.c */; };
		30112F1A16A0CF6C005421C7 /* s_audio.c in Sources */ = {isa = PBXBuildFile; fileRef = 30112E9916A0CF6C005421C7 /* s_audio.c */; };
		30112F1B16A0CF6C005421C7 /* s_audio_dummy.c in Sources */ = {isa = PBXBuildFile; fileRef = 30112E9A16A0CF6C005421C7 /* s_audio_dummy.c */; };
		30112F1C16A0CF6C005421C7 /* s_file.c in Sources */ = {isa = PBXBuildFile; fileRef = 30112E9B16A0CF6C005421C7 /* s_file.c */; };
		30112F1D16A0CF6C005421C7 /* s_inter.c in Sources */ = {isa = PBXBuildFile; fileRef = 30112E9C16A0CF6C005421C7 /* s_inter.c */; };
		30112F1E16A0CF6C005421C7 /* s_loader.c in Sources */ = {isa = PBXBuildFile; fileRef = 30112E9D16A0CF6C005421C7 /* s_loader.c */; };
		30112F1F16A0CF6C005421C7 /* s_main.c in Sources */ = {isa = PBXBuildFile; fileRef = 30112E9E16A0CF6C005421C7 /* s_main.c */; };
		30112F2016A0CF6C005421C7 /* s_path.c in Sources */ = {isa = PBXBuildFile; fileRef = 30112E9F16A0CF6C005421C7 /* s_path.c */; };
		30112F2116A0CF6C005421C7 /* s_print.c in Sources */ = {isa = PBXBuildFile; fileRef = 30112EA016A0CF6C005421C7 /* s_print.c */; };
		30112F2216A0CF6C005421C7 /* s_utf8.c in Sources */ = {isa = PBXBuildFile; fileRef = 30112EA216A0CF6C005421C7 /* s_utf8.c */; };
		30112F2316A0CF6C005421C7 /* x_acoustics.c in Sources */ = {isa = PBXBuildFile; fileRef = 30112EA416A0CF6C005421C7 /* x_acoustics.c */; };
		30112F2416A0CF6C005421C7 /* x_arithmetic.c in Sources */ = {isa = PBXBuildFile; fileRef = 30112EA516A0CF6C005421C7 /* x_arithmetic.c */; };
		30112F2516A0CF6C005421C7 /* x_connective.c in Sources */ = {isa = PBXBuildFile; fileRef = 30112EA616A0CF6C005421C7 /* x_connective.c */; };
		30112F2616A0CF6C005421C7 /* x_gui.c in Sources */ = {isa = PBXBuildFile; fileRef = 30112EA716A0CF6C005421C7 /* x_gui.c */; };
		30112F2716A0CF6C005421C7 /* x_interface.c in Sources */ = {isa = PBXBuildFile; fileRef = 30112EA816A0CF6C005421C7 /* x_interface.c */; };
		30112F2816A0CF6C005421C7 /* x_list.c in Sources */ = {isa = PBXBuildFile; fileRef = 30112EA916A0CF6C005421C7 /* x_list.c */; };
		30112F2916A0CF6C005421C7 /* x_midi.c in Sources */ = {isa = PBXBuildFile; fileRef = 30112EAA16A0CF6C005421C7 /* x_midi.c */; };
		30112F2A16A0CF6C005421C7 /* x_misc.c in Sources */ = {isa = PBXBuildFile; fileRef = 30112EAB16A0CF6C005421C7 /* x_misc.c */; };
		30112F2B16A0CF6C005421C7 /* x_net.c in Sources */ = {isa = PBXBuildFile; fileRef = 30112EAC16A0CF6C005421C7 /* x_net.c */; };
		30112F2C16A0CF6C005421C7 /* x_qlist.c in Sources */ = {isa = PBXBuildFile; fileRef = 30112EAD16A0CF6C005421C7 /* x_qlist.c */; };
		30112F2D16A0CF6C005421C7 /* x_time.c in Sources */ = {isa = PBXBuildFile; fileRef = 30112EAE16A0CF6C005421C7 /* x_time.c */; };
		30112F2E16A0CF6C005421C7 /* PGMidi.mm in Sources */ = {isa = PBXBuildFile; fileRef = 30112EB416A0CF6C005421C7 /* PGMidi.mm */; };
		30112F2F16A0CF6C005421C7 /* PGMidiAllSources.mm in Sources */ = {isa = PBXBuildFile; fileRef = 30112EB616A0CF6C005421C7 /* PGMidiAllSources.mm */; };
		30112F3016A0CF6C005421C7 /* PGMidiFind.mm in Sources */ = {isa = PBXBuildFile; fileRef = 30112EB816A0CF6C005421C7 /* PGMidiFind.mm */; };
		30112F3116A0CF6C005421C7 /* README.md in Resources */ = {isa = PBXBuildFile; fileRef = 30112EB916A0CF6C005421C7 /* README.md */; };
		30112F3F16A0CF76005421C7 /* Default-568h@2x.png in Resources */ = {isa = PBXBuildFile; fileRef = 30112F3416A0CF76005421C7 /* Default-568h@2x.png */; };
		30112F4016A0CF76005421C7 /* Default.png in Resources */ = {isa = PBXBuildFile; fileRef = 30112F3516A0CF76005421C7 /* Default.png */; };
		30112F4116A0CF76005421C7 /* Default@2x.png in Resources */ = {isa = PBXBuildFile; fileRef = 30112F3616A0CF76005421C7 /* Default@2x.png */; };
		30112F4216A0CF76005421C7 /* InfoPlist.strings in Resources */ = {isa = PBXBuildFile; fileRef = 30112F3716A0CF76005421C7 /* InfoPlist.strings */; };
		30112F4316A0CF76005421C7 /* MainStoryboard_iPad.storyboard in Resources */ = {isa = PBXBuildFile; fileRef = 30112F3916A0CF76005421C7 /* MainStoryboard_iPad.storyboard */; };
		30112F4416A0CF76005421C7 /* MainStoryboard_iPhone.storyboard in Resources */ = {isa = PBXBuildFile; fileRef = 30112F3B16A0CF76005421C7 /* MainStoryboard_iPhone.storyboard */; };
		30112F4516A0CF76005421C7 /* PdParty-Info.plist in Resources */ = {isa = PBXBuildFile; fileRef = 30112F3D16A0CF76005421C7 /* PdParty-Info.plist */; };
		30112F4716A0D5C7005421C7 /* CoreAudio.framework in Frameworks */ = {isa = PBXBuildFile; fileRef = 30112F4616A0D5C7005421C7 /* CoreAudio.framework */; };
		30112F4F16A0D750005421C7 /* AudioToolbox.framework in Frameworks */ = {isa = PBXBuildFile; fileRef = 30112F4E16A0D750005421C7 /* AudioToolbox.framework */; };
		30112F5116A0D769005421C7 /* CoreMIDI.framework in Frameworks */ = {isa = PBXBuildFile; fileRef = 30112F5016A0D769005421C7 /* CoreMIDI.framework */; };
		30112F5216A0D78E005421C7 /* AVFoundation.framework in Frameworks */ = {isa = PBXBuildFile; fileRef = 30112F4A16A0D72C005421C7 /* AVFoundation.framework */; };
		30112F6516A10386005421C7 /* test.pd in Resources */ = {isa = PBXBuildFile; fileRef = 30112F6316A10386005421C7 /* test.pd */; };
		30112F6616A10386005421C7 /* test_abs.pd in Resources */ = {isa = PBXBuildFile; fileRef = 30112F6416A10386005421C7 /* test_abs.pd */; };
/* End PBXBuildFile section */

/* Begin PBXFileReference section */
		30112DE016A0CC25005421C7 /* PdParty.app */ = {isa = PBXFileReference; explicitFileType = wrapper.application; includeInIndex = 0; path = PdParty.app; sourceTree = BUILT_PRODUCTS_DIR; };
		30112DE416A0CC25005421C7 /* UIKit.framework */ = {isa = PBXFileReference; lastKnownFileType = wrapper.framework; name = UIKit.framework; path = System/Library/Frameworks/UIKit.framework; sourceTree = SDKROOT; };
		30112DE616A0CC25005421C7 /* Foundation.framework */ = {isa = PBXFileReference; lastKnownFileType = wrapper.framework; name = Foundation.framework; path = System/Library/Frameworks/Foundation.framework; sourceTree = SDKROOT; };
		30112DE816A0CC25005421C7 /* CoreGraphics.framework */ = {isa = PBXFileReference; lastKnownFileType = wrapper.framework; name = CoreGraphics.framework; path = System/Library/Frameworks/CoreGraphics.framework; sourceTree = SDKROOT; };
		30112E1616A0CF6C005421C7 /* AppDelegate.h */ = {isa = PBXFileReference; fileEncoding = 4; lastKnownFileType = sourcecode.c.h; path = AppDelegate.h; sourceTree = "<group>"; };
		30112E1716A0CF6C005421C7 /* AppDelegate.m */ = {isa = PBXFileReference; fileEncoding = 4; lastKnownFileType = sourcecode.c.objc; path = AppDelegate.m; sourceTree = "<group>"; };
		30112E1916A0CF6C005421C7 /* DetailViewController.h */ = {isa = PBXFileReference; fileEncoding = 4; lastKnownFileType = sourcecode.c.h; path = DetailViewController.h; sourceTree = "<group>"; };
		30112E1A16A0CF6C005421C7 /* DetailViewController.m */ = {isa = PBXFileReference; fileEncoding = 4; lastKnownFileType = sourcecode.c.objc; path = DetailViewController.m; sourceTree = "<group>"; };
		30112E2F16A0CF6C005421C7 /* main.m */ = {isa = PBXFileReference; fileEncoding = 4; lastKnownFileType = sourcecode.c.objc; path = main.m; sourceTree = "<group>"; };
		30112E3016A0CF6C005421C7 /* MasterViewController.h */ = {isa = PBXFileReference; fileEncoding = 4; lastKnownFileType = sourcecode.c.h; path = MasterViewController.h; sourceTree = "<group>"; };
		30112E3116A0CF6C005421C7 /* MasterViewController.m */ = {isa = PBXFileReference; fileEncoding = 4; lastKnownFileType = sourcecode.c.objc; path = MasterViewController.m; sourceTree = "<group>"; };
		30112E3416A0CF6C005421C7 /* ringbuffer.c */ = {isa = PBXFileReference; fileEncoding = 4; lastKnownFileType = sourcecode.c.c; path = ringbuffer.c; sourceTree = "<group>"; };
		30112E3516A0CF6C005421C7 /* ringbuffer.h */ = {isa = PBXFileReference; fileEncoding = 4; lastKnownFileType = sourcecode.c.h; path = ringbuffer.h; sourceTree = "<group>"; };
		30112E3616A0CF6C005421C7 /* s_libpdmidi.c */ = {isa = PBXFileReference; fileEncoding = 4; lastKnownFileType = sourcecode.c.c; path = s_libpdmidi.c; sourceTree = "<group>"; };
		30112E3716A0CF6C005421C7 /* x_libpdreceive.c */ = {isa = PBXFileReference; fileEncoding = 4; lastKnownFileType = sourcecode.c.c; path = x_libpdreceive.c; sourceTree = "<group>"; };
		30112E3816A0CF6C005421C7 /* x_libpdreceive.h */ = {isa = PBXFileReference; fileEncoding = 4; lastKnownFileType = sourcecode.c.h; path = x_libpdreceive.h; sourceTree = "<group>"; };
		30112E3916A0CF6C005421C7 /* z_libpd.c */ = {isa = PBXFileReference; fileEncoding = 4; lastKnownFileType = sourcecode.c.c; path = z_libpd.c; sourceTree = "<group>"; };
		30112E3A16A0CF6C005421C7 /* z_libpd.h */ = {isa = PBXFileReference; fileEncoding = 4; lastKnownFileType = sourcecode.c.h; path = z_libpd.h; sourceTree = "<group>"; };
		30112E3B16A0CF6C005421C7 /* z_queued.c */ = {isa = PBXFileReference; fileEncoding = 4; lastKnownFileType = sourcecode.c.c; path = z_queued.c; sourceTree = "<group>"; };
		30112E3C16A0CF6C005421C7 /* z_queued.h */ = {isa = PBXFileReference; fileEncoding = 4; lastKnownFileType = sourcecode.c.h; path = z_queued.h; sourceTree = "<group>"; };
		30112E3D16A0CF6C005421C7 /* LICENSE.txt */ = {isa = PBXFileReference; fileEncoding = 4; lastKnownFileType = text; path = LICENSE.txt; sourceTree = "<group>"; };
		30112E3F16A0CF6C005421C7 /* AudioHelpers.h */ = {isa = PBXFileReference; fileEncoding = 4; lastKnownFileType = sourcecode.c.h; path = AudioHelpers.h; sourceTree = "<group>"; };
		30112E4016A0CF6C005421C7 /* AudioHelpers.m */ = {isa = PBXFileReference; fileEncoding = 4; lastKnownFileType = sourcecode.c.objc; path = AudioHelpers.m; sourceTree = "<group>"; };
		30112E4116A0CF6C005421C7 /* PdAudioController.h */ = {isa = PBXFileReference; fileEncoding = 4; lastKnownFileType = sourcecode.c.h; path = PdAudioController.h; sourceTree = "<group>"; };
		30112E4216A0CF6C005421C7 /* PdAudioController.m */ = {isa = PBXFileReference; fileEncoding = 4; lastKnownFileType = sourcecode.c.objc; path = PdAudioController.m; sourceTree = "<group>"; };
		30112E4316A0CF6C005421C7 /* PdAudioUnit.h */ = {isa = PBXFileReference; fileEncoding = 4; lastKnownFileType = sourcecode.c.h; path = PdAudioUnit.h; sourceTree = "<group>"; };
		30112E4416A0CF6C005421C7 /* PdAudioUnit.m */ = {isa = PBXFileReference; fileEncoding = 4; lastKnownFileType = sourcecode.c.objc; path = PdAudioUnit.m; sourceTree = "<group>"; };
		30112E4516A0CF6C005421C7 /* PdBase.h */ = {isa = PBXFileReference; fileEncoding = 4; lastKnownFileType = sourcecode.c.h; path = PdBase.h; sourceTree = "<group>"; };
		30112E4616A0CF6C005421C7 /* PdBase.m */ = {isa = PBXFileReference; fileEncoding = 4; lastKnownFileType = sourcecode.c.objc; path = PdBase.m; sourceTree = "<group>"; };
		30112E4716A0CF6C005421C7 /* PdDispatcher.h */ = {isa = PBXFileReference; fileEncoding = 4; lastKnownFileType = sourcecode.c.h; path = PdDispatcher.h; sourceTree = "<group>"; };
		30112E4816A0CF6C005421C7 /* PdDispatcher.m */ = {isa = PBXFileReference; fileEncoding = 4; lastKnownFileType = sourcecode.c.objc; path = PdDispatcher.m; sourceTree = "<group>"; };
		30112E4916A0CF6C005421C7 /* PdFile.h */ = {isa = PBXFileReference; fileEncoding = 4; lastKnownFileType = sourcecode.c.h; path = PdFile.h; sourceTree = "<group>"; };
		30112E4A16A0CF6C005421C7 /* PdFile.m */ = {isa = PBXFileReference; fileEncoding = 4; lastKnownFileType = sourcecode.c.objc; path = PdFile.m; sourceTree = "<group>"; };
		30112E5016A0CF6C005421C7 /* choice-help.pd */ = {isa = PBXFileReference; fileEncoding = 4; lastKnownFileType = text; path = "choice-help.pd"; sourceTree = "<group>"; };
		30112E5116A0CF6C005421C7 /* choice.c */ = {isa = PBXFileReference; fileEncoding = 4; lastKnownFileType = sourcecode.c.c; path = choice.c; sourceTree = "<group>"; };
		30112E5216A0CF6C005421C7 /* complex-mod~-help.pd */ = {isa = PBXFileReference; fileEncoding = 4; lastKnownFileType = text; path = "complex-mod~-help.pd"; sourceTree = "<group>"; };
		30112E5316A0CF6C005421C7 /* complex-mod~.pd */ = {isa = PBXFileReference; fileEncoding = 4; lastKnownFileType = text; path = "complex-mod~.pd"; sourceTree = "<group>"; };
		30112E5416A0CF6C005421C7 /* hilbert~-help.pd */ = {isa = PBXFileReference; fileEncoding = 4; lastKnownFileType = text; path = "hilbert~-help.pd"; sourceTree = "<group>"; };
		30112E5516A0CF6C005421C7 /* hilbert~.pd */ = {isa = PBXFileReference; fileEncoding = 4; lastKnownFileType = text; path = "hilbert~.pd"; sourceTree = "<group>"; };
		30112E5716A0CF6C005421C7 /* pique-help.pd */ = {isa = PBXFileReference; fileEncoding = 4; lastKnownFileType = text; path = "pique-help.pd"; sourceTree = "<group>"; };
		30112E5816A0CF6C005421C7 /* pique.c */ = {isa = PBXFileReference; fileEncoding = 4; lastKnownFileType = sourcecode.c.c; path = pique.c; sourceTree = "<group>"; };
		30112E5916A0CF6C005421C7 /* README.txt */ = {isa = PBXFileReference; fileEncoding = 4; lastKnownFileType = text; path = README.txt; sourceTree = "<group>"; };
		30112E5A16A0CF6C005421C7 /* rev1-final.pd */ = {isa = PBXFileReference; fileEncoding = 4; lastKnownFileType = text; path = "rev1-final.pd"; sourceTree = "<group>"; };
		30112E5B16A0CF6C005421C7 /* rev1-stage.pd */ = {isa = PBXFileReference; fileEncoding = 4; lastKnownFileType = text; path = "rev1-stage.pd"; sourceTree = "<group>"; };
		30112E5C16A0CF6C005421C7 /* rev1~-help.pd */ = {isa = PBXFileReference; fileEncoding = 4; lastKnownFileType = text; path = "rev1~-help.pd"; sourceTree = "<group>"; };
		30112E5D16A0CF6C005421C7 /* rev1~.pd */ = {isa = PBXFileReference; fileEncoding = 4; lastKnownFileType = text; path = "rev1~.pd"; sourceTree = "<group>"; };
		30112E5E16A0CF6C005421C7 /* rev2~-help.pd */ = {isa = PBXFileReference; fileEncoding = 4; lastKnownFileType = text; path = "rev2~-help.pd"; sourceTree = "<group>"; };
		30112E5F16A0CF6C005421C7 /* rev2~.pd */ = {isa = PBXFileReference; fileEncoding = 4; lastKnownFileType = text; path = "rev2~.pd"; sourceTree = "<group>"; };
		30112E6016A0CF6C005421C7 /* rev3~-help.pd */ = {isa = PBXFileReference; fileEncoding = 4; lastKnownFileType = text; path = "rev3~-help.pd"; sourceTree = "<group>"; };
		30112E6116A0CF6C005421C7 /* rev3~.pd */ = {isa = PBXFileReference; fileEncoding = 4; lastKnownFileType = text; path = "rev3~.pd"; sourceTree = "<group>"; };
		30112E6316A0CF6C005421C7 /* stdout-help.pd */ = {isa = PBXFileReference; fileEncoding = 4; lastKnownFileType = text; path = "stdout-help.pd"; sourceTree = "<group>"; };
		30112E6416A0CF6C005421C7 /* stdout.c */ = {isa = PBXFileReference; fileEncoding = 4; lastKnownFileType = sourcecode.c.c; path = stdout.c; sourceTree = "<group>"; };
		30112E6616A0CF6C005421C7 /* d_arithmetic.c */ = {isa = PBXFileReference; fileEncoding = 4; lastKnownFileType = sourcecode.c.c; path = d_arithmetic.c; sourceTree = "<group>"; };
		30112E6716A0CF6C005421C7 /* d_array.c */ = {isa = PBXFileReference; fileEncoding = 4; lastKnownFileType = sourcecode.c.c; path = d_array.c; sourceTree = "<group>"; };
		30112E6816A0CF6C005421C7 /* d_ctl.c */ = {isa = PBXFileReference; fileEncoding = 4; lastKnownFileType = sourcecode.c.c; path = d_ctl.c; sourceTree = "<group>"; };
		30112E6916A0CF6C005421C7 /* d_dac.c */ = {isa = PBXFileReference; fileEncoding = 4; lastKnownFileType = sourcecode.c.c; path = d_dac.c; sourceTree = "<group>"; };
		30112E6A16A0CF6C005421C7 /* d_delay.c */ = {isa = PBXFileReference; fileEncoding = 4; lastKnownFileType = sourcecode.c.c; path = d_delay.c; sourceTree = "<group>"; };
		30112E6B16A0CF6C005421C7 /* d_fft.c */ = {isa = PBXFileReference; fileEncoding = 4; lastKnownFileType = sourcecode.c.c; path = d_fft.c; sourceTree = "<group>"; };
		30112E6C16A0CF6C005421C7 /* d_fft_mayer.c */ = {isa = PBXFileReference; fileEncoding = 4; lastKnownFileType = sourcecode.c.c; path = d_fft_mayer.c; sourceTree = "<group>"; };
		30112E6D16A0CF6C005421C7 /* d_fftroutine.c */ = {isa = PBXFileReference; fileEncoding = 4; lastKnownFileType = sourcecode.c.c; path = d_fftroutine.c; sourceTree = "<group>"; };
		30112E6E16A0CF6C005421C7 /* d_filter.c */ = {isa = PBXFileReference; fileEncoding = 4; lastKnownFileType = sourcecode.c.c; path = d_filter.c; sourceTree = "<group>"; };
		30112E6F16A0CF6C005421C7 /* d_global.c */ = {isa = PBXFileReference; fileEncoding = 4; lastKnownFileType = sourcecode.c.c; path = d_global.c; sourceTree = "<group>"; };
		30112E7016A0CF6C005421C7 /* d_math.c */ = {isa = PBXFileReference; fileEncoding = 4; lastKnownFileType = sourcecode.c.c; path = d_math.c; sourceTree = "<group>"; };
		30112E7116A0CF6C005421C7 /* d_misc.c */ = {isa = PBXFileReference; fileEncoding = 4; lastKnownFileType = sourcecode.c.c; path = d_misc.c; sourceTree = "<group>"; };
		30112E7216A0CF6C005421C7 /* d_osc.c */ = {isa = PBXFileReference; fileEncoding = 4; lastKnownFileType = sourcecode.c.c; path = d_osc.c; sourceTree = "<group>"; };
		30112E7316A0CF6C005421C7 /* d_resample.c */ = {isa = PBXFileReference; fileEncoding = 4; lastKnownFileType = sourcecode.c.c; path = d_resample.c; sourceTree = "<group>"; };
		30112E7416A0CF6C005421C7 /* d_soundfile.c */ = {isa = PBXFileReference; fileEncoding = 4; lastKnownFileType = sourcecode.c.c; path = d_soundfile.c; sourceTree = "<group>"; };
		30112E7516A0CF6C005421C7 /* d_ugen.c */ = {isa = PBXFileReference; fileEncoding = 4; lastKnownFileType = sourcecode.c.c; path = d_ugen.c; sourceTree = "<group>"; };
		30112E7616A0CF6C005421C7 /* g_all_guis.c */ = {isa = PBXFileReference; fileEncoding = 4; lastKnownFileType = sourcecode.c.c; path = g_all_guis.c; sourceTree = "<group>"; };
		30112E7716A0CF6C005421C7 /* g_all_guis.h */ = {isa = PBXFileReference; fileEncoding = 4; lastKnownFileType = sourcecode.c.h; path = g_all_guis.h; sourceTree = "<group>"; };
		30112E7816A0CF6C005421C7 /* g_array.c */ = {isa = PBXFileReference; fileEncoding = 4; lastKnownFileType = sourcecode.c.c; path = g_array.c; sourceTree = "<group>"; };
		30112E7916A0CF6C005421C7 /* g_bang.c */ = {isa = PBXFileReference; fileEncoding = 4; lastKnownFileType = sourcecode.c.c; path = g_bang.c; sourceTree = "<group>"; };
		30112E7A16A0CF6C005421C7 /* g_canvas.c */ = {isa = PBXFileReference; fileEncoding = 4; lastKnownFileType = sourcecode.c.c; path = g_canvas.c; sourceTree = "<group>"; };
		30112E7B16A0CF6C005421C7 /* g_canvas.h */ = {isa = PBXFileReference; fileEncoding = 4; lastKnownFileType = sourcecode.c.h; path = g_canvas.h; sourceTree = "<group>"; };
		30112E7C16A0CF6C005421C7 /* g_editor.c */ = {isa = PBXFileReference; fileEncoding = 4; lastKnownFileType = sourcecode.c.c; path = g_editor.c; sourceTree = "<group>"; };
		30112E7D16A0CF6C005421C7 /* g_graph.c */ = {isa = PBXFileReference; fileEncoding = 4; lastKnownFileType = sourcecode.c.c; path = g_graph.c; sourceTree = "<group>"; };
		30112E7E16A0CF6C005421C7 /* g_guiconnect.c */ = {isa = PBXFileReference; fileEncoding = 4; lastKnownFileType = sourcecode.c.c; path = g_guiconnect.c; sourceTree = "<group>"; };
		30112E7F16A0CF6C005421C7 /* g_hdial.c */ = {isa = PBXFileReference; fileEncoding = 4; lastKnownFileType = sourcecode.c.c; path = g_hdial.c; sourceTree = "<group>"; };
		30112E8016A0CF6C005421C7 /* g_hslider.c */ = {isa = PBXFileReference; fileEncoding = 4; lastKnownFileType = sourcecode.c.c; path = g_hslider.c; sourceTree = "<group>"; };
		30112E8116A0CF6C005421C7 /* g_io.c */ = {isa = PBXFileReference; fileEncoding = 4; lastKnownFileType = sourcecode.c.c; path = g_io.c; sourceTree = "<group>"; };
		30112E8216A0CF6C005421C7 /* g_mycanvas.c */ = {isa = PBXFileReference; fileEncoding = 4; lastKnownFileType = sourcecode.c.c; path = g_mycanvas.c; sourceTree = "<group>"; };
		30112E8316A0CF6C005421C7 /* g_numbox.c */ = {isa = PBXFileReference; fileEncoding = 4; lastKnownFileType = sourcecode.c.c; path = g_numbox.c; sourceTree = "<group>"; };
		30112E8416A0CF6C005421C7 /* g_readwrite.c */ = {isa = PBXFileReference; fileEncoding = 4; lastKnownFileType = sourcecode.c.c; path = g_readwrite.c; sourceTree = "<group>"; };
		30112E8516A0CF6C005421C7 /* g_rtext.c */ = {isa = PBXFileReference; fileEncoding = 4; lastKnownFileType = sourcecode.c.c; path = g_rtext.c; sourceTree = "<group>"; };
		30112E8616A0CF6C005421C7 /* g_scalar.c */ = {isa = PBXFileReference; fileEncoding = 4; lastKnownFileType = sourcecode.c.c; path = g_scalar.c; sourceTree = "<group>"; };
		30112E8716A0CF6C005421C7 /* g_template.c */ = {isa = PBXFileReference; fileEncoding = 4; lastKnownFileType = sourcecode.c.c; path = g_template.c; sourceTree = "<group>"; };
		30112E8816A0CF6C005421C7 /* g_text.c */ = {isa = PBXFileReference; fileEncoding = 4; lastKnownFileType = sourcecode.c.c; path = g_text.c; sourceTree = "<group>"; };
		30112E8916A0CF6C005421C7 /* g_toggle.c */ = {isa = PBXFileReference; fileEncoding = 4; lastKnownFileType = sourcecode.c.c; path = g_toggle.c; sourceTree = "<group>"; };
		30112E8A16A0CF6C005421C7 /* g_traversal.c */ = {isa = PBXFileReference; fileEncoding = 4; lastKnownFileType = sourcecode.c.c; path = g_traversal.c; sourceTree = "<group>"; };
		30112E8B16A0CF6C005421C7 /* g_vdial.c */ = {isa = PBXFileReference; fileEncoding = 4; lastKnownFileType = sourcecode.c.c; path = g_vdial.c; sourceTree = "<group>"; };
		30112E8C16A0CF6C005421C7 /* g_vslider.c */ = {isa = PBXFileReference; fileEncoding = 4; lastKnownFileType = sourcecode.c.c; path = g_vslider.c; sourceTree = "<group>"; };
		30112E8D16A0CF6C005421C7 /* g_vumeter.c */ = {isa = PBXFileReference; fileEncoding = 4; lastKnownFileType = sourcecode.c.c; path = g_vumeter.c; sourceTree = "<group>"; };
		30112E8E16A0CF6C005421C7 /* m_atom.c */ = {isa = PBXFileReference; fileEncoding = 4; lastKnownFileType = sourcecode.c.c; path = m_atom.c; sourceTree = "<group>"; };
		30112E8F16A0CF6C005421C7 /* m_binbuf.c */ = {isa = PBXFileReference; fileEncoding = 4; lastKnownFileType = sourcecode.c.c; path = m_binbuf.c; sourceTree = "<group>"; };
		30112E9016A0CF6C005421C7 /* m_class.c */ = {isa = PBXFileReference; fileEncoding = 4; lastKnownFileType = sourcecode.c.c; path = m_class.c; sourceTree = "<group>"; };
		30112E9116A0CF6C005421C7 /* m_conf.c */ = {isa = PBXFileReference; fileEncoding = 4; lastKnownFileType = sourcecode.c.c; path = m_conf.c; sourceTree = "<group>"; };
		30112E9216A0CF6C005421C7 /* m_glob.c */ = {isa = PBXFileReference; fileEncoding = 4; lastKnownFileType = sourcecode.c.c; path = m_glob.c; sourceTree = "<group>"; };
		30112E9316A0CF6C005421C7 /* m_imp.h */ = {isa = PBXFileReference; fileEncoding = 4; lastKnownFileType = sourcecode.c.h; path = m_imp.h; sourceTree = "<group>"; };
		30112E9416A0CF6C005421C7 /* m_memory.c */ = {isa = PBXFileReference; fileEncoding = 4; lastKnownFileType = sourcecode.c.c; path = m_memory.c; sourceTree = "<group>"; };
		30112E9516A0CF6C005421C7 /* m_obj.c */ = {isa = PBXFileReference; fileEncoding = 4; lastKnownFileType = sourcecode.c.c; path = m_obj.c; sourceTree = "<group>"; };
		30112E9616A0CF6C005421C7 /* m_pd.c */ = {isa = PBXFileReference; fileEncoding = 4; lastKnownFileType = sourcecode.c.c; path = m_pd.c; sourceTree = "<group>"; };
		30112E9716A0CF6C005421C7 /* m_pd.h */ = {isa = PBXFileReference; fileEncoding = 4; lastKnownFileType = sourcecode.c.h; path = m_pd.h; sourceTree = "<group>"; };
		30112E9816A0CF6C005421C7 /* m_sched.c */ = {isa = PBXFileReference; fileEncoding = 4; lastKnownFileType = sourcecode.c.c; path = m_sched.c; sourceTree = "<group>"; };
		30112E9916A0CF6C005421C7 /* s_audio.c */ = {isa = PBXFileReference; fileEncoding = 4; lastKnownFileType = sourcecode.c.c; path = s_audio.c; sourceTree = "<group>"; };
		30112E9A16A0CF6C005421C7 /* s_audio_dummy.c */ = {isa = PBXFileReference; fileEncoding = 4; lastKnownFileType = sourcecode.c.c; path = s_audio_dummy.c; sourceTree = "<group>"; };
		30112E9B16A0CF6C005421C7 /* s_file.c */ = {isa = PBXFileReference; fileEncoding = 4; lastKnownFileType = sourcecode.c.c; path = s_file.c; sourceTree = "<group>"; };
		30112E9C16A0CF6C005421C7 /* s_inter.c */ = {isa = PBXFileReference; fileEncoding = 4; lastKnownFileType = sourcecode.c.c; path = s_inter.c; sourceTree = "<group>"; };
		30112E9D16A0CF6C005421C7 /* s_loader.c */ = {isa = PBXFileReference; fileEncoding = 4; lastKnownFileType = sourcecode.c.c; path = s_loader.c; sourceTree = "<group>"; };
		30112E9E16A0CF6C005421C7 /* s_main.c */ = {isa = PBXFileReference; fileEncoding = 4; lastKnownFileType = sourcecode.c.c; path = s_main.c; sourceTree = "<group>"; };
		30112E9F16A0CF6C005421C7 /* s_path.c */ = {isa = PBXFileReference; fileEncoding = 4; lastKnownFileType = sourcecode.c.c; path = s_path.c; sourceTree = "<group>"; };
		30112EA016A0CF6C005421C7 /* s_print.c */ = {isa = PBXFileReference; fileEncoding = 4; lastKnownFileType = sourcecode.c.c; path = s_print.c; sourceTree = "<group>"; };
		30112EA116A0CF6C005421C7 /* s_stuff.h */ = {isa = PBXFileReference; fileEncoding = 4; lastKnownFileType = sourcecode.c.h; path = s_stuff.h; sourceTree = "<group>"; };
		30112EA216A0CF6C005421C7 /* s_utf8.c */ = {isa = PBXFileReference; fileEncoding = 4; lastKnownFileType = sourcecode.c.c; path = s_utf8.c; sourceTree = "<group>"; };
		30112EA316A0CF6C005421C7 /* s_utf8.h */ = {isa = PBXFileReference; fileEncoding = 4; lastKnownFileType = sourcecode.c.h; path = s_utf8.h; sourceTree = "<group>"; };
		30112EA416A0CF6C005421C7 /* x_acoustics.c */ = {isa = PBXFileReference; fileEncoding = 4; lastKnownFileType = sourcecode.c.c; path = x_acoustics.c; sourceTree = "<group>"; };
		30112EA516A0CF6C005421C7 /* x_arithmetic.c */ = {isa = PBXFileReference; fileEncoding = 4; lastKnownFileType = sourcecode.c.c; path = x_arithmetic.c; sourceTree = "<group>"; };
		30112EA616A0CF6C005421C7 /* x_connective.c */ = {isa = PBXFileReference; fileEncoding = 4; lastKnownFileType = sourcecode.c.c; path = x_connective.c; sourceTree = "<group>"; };
		30112EA716A0CF6C005421C7 /* x_gui.c */ = {isa = PBXFileReference; fileEncoding = 4; lastKnownFileType = sourcecode.c.c; path = x_gui.c; sourceTree = "<group>"; };
		30112EA816A0CF6C005421C7 /* x_interface.c */ = {isa = PBXFileReference; fileEncoding = 4; lastKnownFileType = sourcecode.c.c; path = x_interface.c; sourceTree = "<group>"; };
		30112EA916A0CF6C005421C7 /* x_list.c */ = {isa = PBXFileReference; fileEncoding = 4; lastKnownFileType = sourcecode.c.c; path = x_list.c; sourceTree = "<group>"; };
		30112EAA16A0CF6C005421C7 /* x_midi.c */ = {isa = PBXFileReference; fileEncoding = 4; lastKnownFileType = sourcecode.c.c; path = x_midi.c; sourceTree = "<group>"; };
		30112EAB16A0CF6C005421C7 /* x_misc.c */ = {isa = PBXFileReference; fileEncoding = 4; lastKnownFileType = sourcecode.c.c; path = x_misc.c; sourceTree = "<group>"; };
		30112EAC16A0CF6C005421C7 /* x_net.c */ = {isa = PBXFileReference; fileEncoding = 4; lastKnownFileType = sourcecode.c.c; path = x_net.c; sourceTree = "<group>"; };
		30112EAD16A0CF6C005421C7 /* x_qlist.c */ = {isa = PBXFileReference; fileEncoding = 4; lastKnownFileType = sourcecode.c.c; path = x_qlist.c; sourceTree = "<group>"; };
		30112EAE16A0CF6C005421C7 /* x_time.c */ = {isa = PBXFileReference; fileEncoding = 4; lastKnownFileType = sourcecode.c.c; path = x_time.c; sourceTree = "<group>"; };
		30112EB116A0CF6C005421C7 /* iOSVersionDetection.h */ = {isa = PBXFileReference; fileEncoding = 4; lastKnownFileType = sourcecode.c.h; path = iOSVersionDetection.h; sourceTree = "<group>"; };
		30112EB216A0CF6C005421C7 /* PGArc.h */ = {isa = PBXFileReference; fileEncoding = 4; lastKnownFileType = sourcecode.c.h; path = PGArc.h; sourceTree = "<group>"; };
		30112EB316A0CF6C005421C7 /* PGMidi.h */ = {isa = PBXFileReference; fileEncoding = 4; lastKnownFileType = sourcecode.c.h; path = PGMidi.h; sourceTree = "<group>"; };
		30112EB416A0CF6C005421C7 /* PGMidi.mm */ = {isa = PBXFileReference; fileEncoding = 4; lastKnownFileType = sourcecode.cpp.objcpp; path = PGMidi.mm; sourceTree = "<group>"; };
		30112EB516A0CF6C005421C7 /* PGMidiAllSources.h */ = {isa = PBXFileReference; fileEncoding = 4; lastKnownFileType = sourcecode.c.h; path = PGMidiAllSources.h; sourceTree = "<group>"; };
		30112EB616A0CF6C005421C7 /* PGMidiAllSources.mm */ = {isa = PBXFileReference; fileEncoding = 4; lastKnownFileType = sourcecode.cpp.objcpp; path = PGMidiAllSources.mm; sourceTree = "<group>"; };
		30112EB716A0CF6C005421C7 /* PGMidiFind.h */ = {isa = PBXFileReference; fileEncoding = 4; lastKnownFileType = sourcecode.c.h; path = PGMidiFind.h; sourceTree = "<group>"; };
		30112EB816A0CF6C005421C7 /* PGMidiFind.mm */ = {isa = PBXFileReference; fileEncoding = 4; lastKnownFileType = sourcecode.cpp.objcpp; path = PGMidiFind.mm; sourceTree = "<group>"; };
		30112EB916A0CF6C005421C7 /* README.md */ = {isa = PBXFileReference; fileEncoding = 4; lastKnownFileType = text; path = README.md; sourceTree = "<group>"; };
		30112F3416A0CF76005421C7 /* Default-568h@2x.png */ = {isa = PBXFileReference; lastKnownFileType = image.png; path = "Default-568h@2x.png"; sourceTree = "<group>"; };
		30112F3516A0CF76005421C7 /* Default.png */ = {isa = PBXFileReference; lastKnownFileType = image.png; path = Default.png; sourceTree = "<group>"; };
		30112F3616A0CF76005421C7 /* Default@2x.png */ = {isa = PBXFileReference; lastKnownFileType = image.png; path = "Default@2x.png"; sourceTree = "<group>"; };
		30112F3816A0CF76005421C7 /* en */ = {isa = PBXFileReference; lastKnownFileType = text.plist.strings; name = en; path = en.lproj/InfoPlist.strings; sourceTree = "<group>"; };
		30112F3A16A0CF76005421C7 /* en */ = {isa = PBXFileReference; lastKnownFileType = file.storyboard; name = en; path = en.lproj/MainStoryboard_iPad.storyboard; sourceTree = "<group>"; };
		30112F3C16A0CF76005421C7 /* en */ = {isa = PBXFileReference; lastKnownFileType = file.storyboard; name = en; path = en.lproj/MainStoryboard_iPhone.storyboard; sourceTree = "<group>"; };
		30112F3D16A0CF76005421C7 /* PdParty-Info.plist */ = {isa = PBXFileReference; fileEncoding = 4; lastKnownFileType = text.plist.xml; path = "PdParty-Info.plist"; sourceTree = "<group>"; };
		30112F3E16A0CF76005421C7 /* PdParty-Prefix.pch */ = {isa = PBXFileReference; fileEncoding = 4; lastKnownFileType = sourcecode.c.h; path = "PdParty-Prefix.pch"; sourceTree = "<group>"; };
		30112F4616A0D5C7005421C7 /* CoreAudio.framework */ = {isa = PBXFileReference; lastKnownFileType = wrapper.framework; name = CoreAudio.framework; path = System/Library/Frameworks/CoreAudio.framework; sourceTree = SDKROOT; };
		30112F4A16A0D72C005421C7 /* AVFoundation.framework */ = {isa = PBXFileReference; lastKnownFileType = wrapper.framework; name = AVFoundation.framework; path = System/Library/Frameworks/AVFoundation.framework; sourceTree = SDKROOT; };
		30112F4C16A0D739005421C7 /* AudioUnit.framework */ = {isa = PBXFileReference; lastKnownFileType = wrapper.framework; name = AudioUnit.framework; path = System/Library/Frameworks/AudioUnit.framework; sourceTree = SDKROOT; };
		30112F4E16A0D750005421C7 /* AudioToolbox.framework */ = {isa = PBXFileReference; lastKnownFileType = wrapper.framework; name = AudioToolbox.framework; path = System/Library/Frameworks/AudioToolbox.framework; sourceTree = SDKROOT; };
		30112F5016A0D769005421C7 /* CoreMIDI.framework */ = {isa = PBXFileReference; lastKnownFileType = wrapper.framework; name = CoreMIDI.framework; path = System/Library/Frameworks/CoreMIDI.framework; sourceTree = SDKROOT; };
		30112F6316A10386005421C7 /* test.pd */ = {isa = PBXFileReference; fileEncoding = 4; lastKnownFileType = text; path = test.pd; sourceTree = "<group>"; };
		30112F6416A10386005421C7 /* test_abs.pd */ = {isa = PBXFileReference; fileEncoding = 4; lastKnownFileType = text; path = test_abs.pd; sourceTree = "<group>"; };
/* End PBXFileReference section */

/* Begin PBXFrameworksBuildPhase section */
		30112DDD16A0CC25005421C7 /* Frameworks */ = {
			isa = PBXFrameworksBuildPhase;
			buildActionMask = 2147483647;
			files = (
				30112F5216A0D78E005421C7 /* AVFoundation.framework in Frameworks */,
				30112F5116A0D769005421C7 /* CoreMIDI.framework in Frameworks */,
				30112F4F16A0D750005421C7 /* AudioToolbox.framework in Frameworks */,
				30112F4716A0D5C7005421C7 /* CoreAudio.framework in Frameworks */,
				30112DE516A0CC25005421C7 /* UIKit.framework in Frameworks */,
				30112DE716A0CC25005421C7 /* Foundation.framework in Frameworks */,
				30112DE916A0CC25005421C7 /* CoreGraphics.framework in Frameworks */,
			);
			runOnlyForDeploymentPostprocessing = 0;
		};
/* End PBXFrameworksBuildPhase section */

/* Begin PBXGroup section */
		30112DD516A0CC25005421C7 = {
			isa = PBXGroup;
			children = (
				30112F3316A0CF76005421C7 /* res */,
				30112E1116A0CF6C005421C7 /* src */,
				30112DE316A0CC25005421C7 /* Frameworks */,
				30112DE116A0CC25005421C7 /* Products */,
			);
			sourceTree = "<group>";
		};
		30112DE116A0CC25005421C7 /* Products */ = {
			isa = PBXGroup;
			children = (
				30112DE016A0CC25005421C7 /* PdParty.app */,
			);
			name = Products;
			sourceTree = "<group>";
		};
		30112DE316A0CC25005421C7 /* Frameworks */ = {
			isa = PBXGroup;
			children = (
				30112F4A16A0D72C005421C7 /* AVFoundation.framework */,
				30112F4C16A0D739005421C7 /* AudioUnit.framework */,
				30112F4E16A0D750005421C7 /* AudioToolbox.framework */,
				30112F5016A0D769005421C7 /* CoreMIDI.framework */,
				30112F4616A0D5C7005421C7 /* CoreAudio.framework */,
				30112DE416A0CC25005421C7 /* UIKit.framework */,
				30112DE616A0CC25005421C7 /* Foundation.framework */,
				30112DE816A0CC25005421C7 /* CoreGraphics.framework */,
			);
			name = Frameworks;
			sourceTree = "<group>";
		};
		30112E1116A0CF6C005421C7 /* src */ = {
			isa = PBXGroup;
			children = (
				30112E1616A0CF6C005421C7 /* AppDelegate.h */,
				30112E1716A0CF6C005421C7 /* AppDelegate.m */,
				30112E1816A0CF6C005421C7 /* desktop */,
				30112E1916A0CF6C005421C7 /* DetailViewController.h */,
				30112E1A16A0CF6C005421C7 /* DetailViewController.m */,
				30112E2816A0CF6C005421C7 /* ios */,
				30112E2F16A0CF6C005421C7 /* main.m */,
				30112E3016A0CF6C005421C7 /* MasterViewController.h */,
				30112E3116A0CF6C005421C7 /* MasterViewController.m */,
				30112E3216A0CF6C005421C7 /* pd */,
				30112EB016A0CF6C005421C7 /* pgmidi */,
			);
			path = src;
			sourceTree = "<group>";
		};
		30112E1816A0CF6C005421C7 /* desktop */ = {
			isa = PBXGroup;
			children = (
			);
			path = desktop;
			sourceTree = "<group>";
		};
		30112E2816A0CF6C005421C7 /* ios */ = {
			isa = PBXGroup;
			children = (
			);
			path = ios;
			sourceTree = "<group>";
		};
		30112E3216A0CF6C005421C7 /* pd */ = {
			isa = PBXGroup;
			children = (
				30112E3316A0CF6C005421C7 /* libpd_wrapper */,
				30112E3D16A0CF6C005421C7 /* LICENSE.txt */,
				30112E3E16A0CF6C005421C7 /* objc */,
				30112E4D16A0CF6C005421C7 /* pure-data */,
			);
			path = pd;
			sourceTree = "<group>";
		};
		30112E3316A0CF6C005421C7 /* libpd_wrapper */ = {
			isa = PBXGroup;
			children = (
				30112E3416A0CF6C005421C7 /* ringbuffer.c */,
				30112E3516A0CF6C005421C7 /* ringbuffer.h */,
				30112E3616A0CF6C005421C7 /* s_libpdmidi.c */,
				30112E3716A0CF6C005421C7 /* x_libpdreceive.c */,
				30112E3816A0CF6C005421C7 /* x_libpdreceive.h */,
				30112E3916A0CF6C005421C7 /* z_libpd.c */,
				30112E3A16A0CF6C005421C7 /* z_libpd.h */,
				30112E3B16A0CF6C005421C7 /* z_queued.c */,
				30112E3C16A0CF6C005421C7 /* z_queued.h */,
			);
			path = libpd_wrapper;
			sourceTree = "<group>";
		};
		30112E3E16A0CF6C005421C7 /* objc */ = {
			isa = PBXGroup;
			children = (
				30112E3F16A0CF6C005421C7 /* AudioHelpers.h */,
				30112E4016A0CF6C005421C7 /* AudioHelpers.m */,
				30112E4116A0CF6C005421C7 /* PdAudioController.h */,
				30112E4216A0CF6C005421C7 /* PdAudioController.m */,
				30112E4316A0CF6C005421C7 /* PdAudioUnit.h */,
				30112E4416A0CF6C005421C7 /* PdAudioUnit.m */,
				30112E4516A0CF6C005421C7 /* PdBase.h */,
				30112E4616A0CF6C005421C7 /* PdBase.m */,
				30112E4716A0CF6C005421C7 /* PdDispatcher.h */,
				30112E4816A0CF6C005421C7 /* PdDispatcher.m */,
				30112E4916A0CF6C005421C7 /* PdFile.h */,
				30112E4A16A0CF6C005421C7 /* PdFile.m */,
			);
			path = objc;
			sourceTree = "<group>";
		};
		30112E4D16A0CF6C005421C7 /* pure-data */ = {
			isa = PBXGroup;
			children = (
				30112E4E16A0CF6C005421C7 /* extra */,
				30112E6516A0CF6C005421C7 /* src */,
			);
			path = "pure-data";
			sourceTree = "<group>";
		};
		30112E4E16A0CF6C005421C7 /* extra */ = {
			isa = PBXGroup;
			children = (
				30112E4F16A0CF6C005421C7 /* choice */,
				30112E5216A0CF6C005421C7 /* complex-mod~-help.pd */,
				30112E5316A0CF6C005421C7 /* complex-mod~.pd */,
				30112E5416A0CF6C005421C7 /* hilbert~-help.pd */,
				30112E5516A0CF6C005421C7 /* hilbert~.pd */,
				30112E5616A0CF6C005421C7 /* pique */,
				30112E5916A0CF6C005421C7 /* README.txt */,
				30112E5A16A0CF6C005421C7 /* rev1-final.pd */,
				30112E5B16A0CF6C005421C7 /* rev1-stage.pd */,
				30112E5C16A0CF6C005421C7 /* rev1~-help.pd */,
				30112E5D16A0CF6C005421C7 /* rev1~.pd */,
				30112E5E16A0CF6C005421C7 /* rev2~-help.pd */,
				30112E5F16A0CF6C005421C7 /* rev2~.pd */,
				30112E6016A0CF6C005421C7 /* rev3~-help.pd */,
				30112E6116A0CF6C005421C7 /* rev3~.pd */,
				30112E6216A0CF6C005421C7 /* stdout */,
			);
			path = extra;
			sourceTree = "<group>";
		};
		30112E4F16A0CF6C005421C7 /* choice */ = {
			isa = PBXGroup;
			children = (
				30112E5016A0CF6C005421C7 /* choice-help.pd */,
				30112E5116A0CF6C005421C7 /* choice.c */,
			);
			path = choice;
			sourceTree = "<group>";
		};
		30112E5616A0CF6C005421C7 /* pique */ = {
			isa = PBXGroup;
			children = (
				30112E5716A0CF6C005421C7 /* pique-help.pd */,
				30112E5816A0CF6C005421C7 /* pique.c */,
			);
			path = pique;
			sourceTree = "<group>";
		};
		30112E6216A0CF6C005421C7 /* stdout */ = {
			isa = PBXGroup;
			children = (
				30112E6316A0CF6C005421C7 /* stdout-help.pd */,
				30112E6416A0CF6C005421C7 /* stdout.c */,
			);
			path = stdout;
			sourceTree = "<group>";
		};
		30112E6516A0CF6C005421C7 /* src */ = {
			isa = PBXGroup;
			children = (
				30112E6616A0CF6C005421C7 /* d_arithmetic.c */,
				30112E6716A0CF6C005421C7 /* d_array.c */,
				30112E6816A0CF6C005421C7 /* d_ctl.c */,
				30112E6916A0CF6C005421C7 /* d_dac.c */,
				30112E6A16A0CF6C005421C7 /* d_delay.c */,
				30112E6B16A0CF6C005421C7 /* d_fft.c */,
				30112E6C16A0CF6C005421C7 /* d_fft_mayer.c */,
				30112E6D16A0CF6C005421C7 /* d_fftroutine.c */,
				30112E6E16A0CF6C005421C7 /* d_filter.c */,
				30112E6F16A0CF6C005421C7 /* d_global.c */,
				30112E7016A0CF6C005421C7 /* d_math.c */,
				30112E7116A0CF6C005421C7 /* d_misc.c */,
				30112E7216A0CF6C005421C7 /* d_osc.c */,
				30112E7316A0CF6C005421C7 /* d_resample.c */,
				30112E7416A0CF6C005421C7 /* d_soundfile.c */,
				30112E7516A0CF6C005421C7 /* d_ugen.c */,
				30112E7616A0CF6C005421C7 /* g_all_guis.c */,
				30112E7716A0CF6C005421C7 /* g_all_guis.h */,
				30112E7816A0CF6C005421C7 /* g_array.c */,
				30112E7916A0CF6C005421C7 /* g_bang.c */,
				30112E7A16A0CF6C005421C7 /* g_canvas.c */,
				30112E7B16A0CF6C005421C7 /* g_canvas.h */,
				30112E7C16A0CF6C005421C7 /* g_editor.c */,
				30112E7D16A0CF6C005421C7 /* g_graph.c */,
				30112E7E16A0CF6C005421C7 /* g_guiconnect.c */,
				30112E7F16A0CF6C005421C7 /* g_hdial.c */,
				30112E8016A0CF6C005421C7 /* g_hslider.c */,
				30112E8116A0CF6C005421C7 /* g_io.c */,
				30112E8216A0CF6C005421C7 /* g_mycanvas.c */,
				30112E8316A0CF6C005421C7 /* g_numbox.c */,
				30112E8416A0CF6C005421C7 /* g_readwrite.c */,
				30112E8516A0CF6C005421C7 /* g_rtext.c */,
				30112E8616A0CF6C005421C7 /* g_scalar.c */,
				30112E8716A0CF6C005421C7 /* g_template.c */,
				30112E8816A0CF6C005421C7 /* g_text.c */,
				30112E8916A0CF6C005421C7 /* g_toggle.c */,
				30112E8A16A0CF6C005421C7 /* g_traversal.c */,
				30112E8B16A0CF6C005421C7 /* g_vdial.c */,
				30112E8C16A0CF6C005421C7 /* g_vslider.c */,
				30112E8D16A0CF6C005421C7 /* g_vumeter.c */,
				30112E8E16A0CF6C005421C7 /* m_atom.c */,
				30112E8F16A0CF6C005421C7 /* m_binbuf.c */,
				30112E9016A0CF6C005421C7 /* m_class.c */,
				30112E9116A0CF6C005421C7 /* m_conf.c */,
				30112E9216A0CF6C005421C7 /* m_glob.c */,
				30112E9316A0CF6C005421C7 /* m_imp.h */,
				30112E9416A0CF6C005421C7 /* m_memory.c */,
				30112E9516A0CF6C005421C7 /* m_obj.c */,
				30112E9616A0CF6C005421C7 /* m_pd.c */,
				30112E9716A0CF6C005421C7 /* m_pd.h */,
				30112E9816A0CF6C005421C7 /* m_sched.c */,
				30112E9916A0CF6C005421C7 /* s_audio.c */,
				30112E9A16A0CF6C005421C7 /* s_audio_dummy.c */,
				30112E9B16A0CF6C005421C7 /* s_file.c */,
				30112E9C16A0CF6C005421C7 /* s_inter.c */,
				30112E9D16A0CF6C005421C7 /* s_loader.c */,
				30112E9E16A0CF6C005421C7 /* s_main.c */,
				30112E9F16A0CF6C005421C7 /* s_path.c */,
				30112EA016A0CF6C005421C7 /* s_print.c */,
				30112EA116A0CF6C005421C7 /* s_stuff.h */,
				30112EA216A0CF6C005421C7 /* s_utf8.c */,
				30112EA316A0CF6C005421C7 /* s_utf8.h */,
				30112EA416A0CF6C005421C7 /* x_acoustics.c */,
				30112EA516A0CF6C005421C7 /* x_arithmetic.c */,
				30112EA616A0CF6C005421C7 /* x_connective.c */,
				30112EA716A0CF6C005421C7 /* x_gui.c */,
				30112EA816A0CF6C005421C7 /* x_interface.c */,
				30112EA916A0CF6C005421C7 /* x_list.c */,
				30112EAA16A0CF6C005421C7 /* x_midi.c */,
				30112EAB16A0CF6C005421C7 /* x_misc.c */,
				30112EAC16A0CF6C005421C7 /* x_net.c */,
				30112EAD16A0CF6C005421C7 /* x_qlist.c */,
				30112EAE16A0CF6C005421C7 /* x_time.c */,
			);
			path = src;
			sourceTree = "<group>";
		};
		30112EB016A0CF6C005421C7 /* pgmidi */ = {
			isa = PBXGroup;
			children = (
				30112EB116A0CF6C005421C7 /* iOSVersionDetection.h */,
				30112EB216A0CF6C005421C7 /* PGArc.h */,
				30112EB316A0CF6C005421C7 /* PGMidi.h */,
				30112EB416A0CF6C005421C7 /* PGMidi.mm */,
				30112EB516A0CF6C005421C7 /* PGMidiAllSources.h */,
				30112EB616A0CF6C005421C7 /* PGMidiAllSources.mm */,
				30112EB716A0CF6C005421C7 /* PGMidiFind.h */,
				30112EB816A0CF6C005421C7 /* PGMidiFind.mm */,
				30112EB916A0CF6C005421C7 /* README.md */,
			);
			path = pgmidi;
			sourceTree = "<group>";
		};
		30112F3316A0CF76005421C7 /* res */ = {
			isa = PBXGroup;
			children = (
				30112F6216A10386005421C7 /* patches */,
				30112F3416A0CF76005421C7 /* Default-568h@2x.png */,
				30112F3516A0CF76005421C7 /* Default.png */,
				30112F3616A0CF76005421C7 /* Default@2x.png */,
				30112F3716A0CF76005421C7 /* InfoPlist.strings */,
				30112F3916A0CF76005421C7 /* MainStoryboard_iPad.storyboard */,
				30112F3B16A0CF76005421C7 /* MainStoryboard_iPhone.storyboard */,
				30112F3D16A0CF76005421C7 /* PdParty-Info.plist */,
				30112F3E16A0CF76005421C7 /* PdParty-Prefix.pch */,
			);
			path = res;
			sourceTree = "<group>";
		};
		30112F6216A10386005421C7 /* patches */ = {
			isa = PBXGroup;
			children = (
				30112F6316A10386005421C7 /* test.pd */,
				30112F6416A10386005421C7 /* test_abs.pd */,
			);
			path = patches;
			sourceTree = "<group>";
		};
/* End PBXGroup section */

/* Begin PBXNativeTarget section */
		30112DDF16A0CC25005421C7 /* PdParty */ = {
			isa = PBXNativeTarget;
			buildConfigurationList = 30112E0A16A0CC26005421C7 /* Build configuration list for PBXNativeTarget "PdParty" */;
			buildPhases = (
				30112DDC16A0CC25005421C7 /* Sources */,
				30112DDD16A0CC25005421C7 /* Frameworks */,
				30112DDE16A0CC25005421C7 /* Resources */,
			);
			buildRules = (
			);
			dependencies = (
			);
			name = PdParty;
			productName = PdParty;
			productReference = 30112DE016A0CC25005421C7 /* PdParty.app */;
			productType = "com.apple.product-type.application";
		};
/* End PBXNativeTarget section */

/* Begin PBXProject section */
		30112DD716A0CC25005421C7 /* Project object */ = {
			isa = PBXProject;
			attributes = {
				LastUpgradeCheck = 0450;
				ORGANIZATIONNAME = "Dan Wilcox";
			};
			buildConfigurationList = 30112DDA16A0CC25005421C7 /* Build configuration list for PBXProject "PdParty" */;
			compatibilityVersion = "Xcode 3.2";
			developmentRegion = English;
			hasScannedForEncodings = 0;
			knownRegions = (
				en,
			);
			mainGroup = 30112DD516A0CC25005421C7;
			productRefGroup = 30112DE116A0CC25005421C7 /* Products */;
			projectDirPath = "";
			projectRoot = "";
			targets = (
				30112DDF16A0CC25005421C7 /* PdParty */,
			);
		};
/* End PBXProject section */

/* Begin PBXResourcesBuildPhase section */
		30112DDE16A0CC25005421C7 /* Resources */ = {
			isa = PBXResourcesBuildPhase;
			buildActionMask = 2147483647;
			files = (
				30112ED016A0CF6C005421C7 /* LICENSE.txt in Resources */,
				30112ED816A0CF6C005421C7 /* choice-help.pd in Resources */,
				30112EDA16A0CF6C005421C7 /* complex-mod~-help.pd in Resources */,
				30112EDB16A0CF6C005421C7 /* complex-mod~.pd in Resources */,
				30112EDC16A0CF6C005421C7 /* hilbert~-help.pd in Resources */,
				30112EDD16A0CF6C005421C7 /* hilbert~.pd in Resources */,
				30112EDE16A0CF6C005421C7 /* pique-help.pd in Resources */,
				30112EE016A0CF6C005421C7 /* README.txt in Resources */,
				30112EE116A0CF6C005421C7 /* rev1-final.pd in Resources */,
				30112EE216A0CF6C005421C7 /* rev1-stage.pd in Resources */,
				30112EE316A0CF6C005421C7 /* rev1~-help.pd in Resources */,
				30112EE416A0CF6C005421C7 /* rev1~.pd in Resources */,
				30112EE516A0CF6C005421C7 /* rev2~-help.pd in Resources */,
				30112EE616A0CF6C005421C7 /* rev2~.pd in Resources */,
				30112EE716A0CF6C005421C7 /* rev3~-help.pd in Resources */,
				30112EE816A0CF6C005421C7 /* rev3~.pd in Resources */,
				30112EE916A0CF6C005421C7 /* stdout-help.pd in Resources */,
				30112F3116A0CF6C005421C7 /* README.md in Resources */,
				30112F3F16A0CF76005421C7 /* Default-568h@2x.png in Resources */,
				30112F4016A0CF76005421C7 /* Default.png in Resources */,
				30112F4116A0CF76005421C7 /* Default@2x.png in Resources */,
				30112F4216A0CF76005421C7 /* InfoPlist.strings in Resources */,
				30112F4316A0CF76005421C7 /* MainStoryboard_iPad.storyboard in Resources */,
				30112F4416A0CF76005421C7 /* MainStoryboard_iPhone.storyboard in Resources */,
				30112F4516A0CF76005421C7 /* PdParty-Info.plist in Resources */,
				30112F6516A10386005421C7 /* test.pd in Resources */,
				30112F6616A10386005421C7 /* test_abs.pd in Resources */,
			);
			runOnlyForDeploymentPostprocessing = 0;
		};
/* End PBXResourcesBuildPhase section */

/* Begin PBXSourcesBuildPhase section */
		30112DDC16A0CC25005421C7 /* Sources */ = {
			isa = PBXSourcesBuildPhase;
			buildActionMask = 2147483647;
			files = (
				30112EBD16A0CF6C005421C7 /* AppDelegate.m in Sources */,
				30112EBE16A0CF6C005421C7 /* DetailViewController.m in Sources */,
				30112EC916A0CF6C005421C7 /* main.m in Sources */,
				30112ECA16A0CF6C005421C7 /* MasterViewController.m in Sources */,
				30112ECB16A0CF6C005421C7 /* ringbuffer.c in Sources */,
				30112ECC16A0CF6C005421C7 /* s_libpdmidi.c in Sources */,
				30112ECD16A0CF6C005421C7 /* x_libpdreceive.c in Sources */,
				30112ECE16A0CF6C005421C7 /* z_libpd.c in Sources */,
				30112ECF16A0CF6C005421C7 /* z_queued.c in Sources */,
				30112ED116A0CF6C005421C7 /* AudioHelpers.m in Sources */,
				30112ED216A0CF6C005421C7 /* PdAudioController.m in Sources */,
				30112ED316A0CF6C005421C7 /* PdAudioUnit.m in Sources */,
				30112ED416A0CF6C005421C7 /* PdBase.m in Sources */,
				30112ED516A0CF6C005421C7 /* PdDispatcher.m in Sources */,
				30112ED616A0CF6C005421C7 /* PdFile.m in Sources */,
				30112ED916A0CF6C005421C7 /* choice.c in Sources */,
				30112EDF16A0CF6C005421C7 /* pique.c in Sources */,
				30112EEA16A0CF6C005421C7 /* stdout.c in Sources */,
				30112EEB16A0CF6C005421C7 /* d_arithmetic.c in Sources */,
				30112EEC16A0CF6C005421C7 /* d_array.c in Sources */,
				30112EED16A0CF6C005421C7 /* d_ctl.c in Sources */,
				30112EEE16A0CF6C005421C7 /* d_dac.c in Sources */,
				30112EEF16A0CF6C005421C7 /* d_delay.c in Sources */,
				30112EF016A0CF6C005421C7 /* d_fft.c in Sources */,
				30112EF116A0CF6C005421C7 /* d_fft_mayer.c in Sources */,
				30112EF216A0CF6C005421C7 /* d_fftroutine.c in Sources */,
				30112EF316A0CF6C005421C7 /* d_filter.c in Sources */,
				30112EF416A0CF6C005421C7 /* d_global.c in Sources */,
				30112EF516A0CF6C005421C7 /* d_math.c in Sources */,
				30112EF616A0CF6C005421C7 /* d_misc.c in Sources */,
				30112EF716A0CF6C005421C7 /* d_osc.c in Sources */,
				30112EF816A0CF6C005421C7 /* d_resample.c in Sources */,
				30112EF916A0CF6C005421C7 /* d_soundfile.c in Sources */,
				30112EFA16A0CF6C005421C7 /* d_ugen.c in Sources */,
				30112EFB16A0CF6C005421C7 /* g_all_guis.c in Sources */,
				30112EFC16A0CF6C005421C7 /* g_array.c in Sources */,
				30112EFD16A0CF6C005421C7 /* g_bang.c in Sources */,
				30112EFE16A0CF6C005421C7 /* g_canvas.c in Sources */,
				30112EFF16A0CF6C005421C7 /* g_editor.c in Sources */,
				30112F0016A0CF6C005421C7 /* g_graph.c in Sources */,
				30112F0116A0CF6C005421C7 /* g_guiconnect.c in Sources */,
				30112F0216A0CF6C005421C7 /* g_hdial.c in Sources */,
				30112F0316A0CF6C005421C7 /* g_hslider.c in Sources */,
				30112F0416A0CF6C005421C7 /* g_io.c in Sources */,
				30112F0516A0CF6C005421C7 /* g_mycanvas.c in Sources */,
				30112F0616A0CF6C005421C7 /* g_numbox.c in Sources */,
				30112F0716A0CF6C005421C7 /* g_readwrite.c in Sources */,
				30112F0816A0CF6C005421C7 /* g_rtext.c in Sources */,
				30112F0916A0CF6C005421C7 /* g_scalar.c in Sources */,
				30112F0A16A0CF6C005421C7 /* g_template.c in Sources */,
				30112F0B16A0CF6C005421C7 /* g_text.c in Sources */,
				30112F0C16A0CF6C005421C7 /* g_toggle.c in Sources */,
				30112F0D16A0CF6C005421C7 /* g_traversal.c in Sources */,
				30112F0E16A0CF6C005421C7 /* g_vdial.c in Sources */,
				30112F0F16A0CF6C005421C7 /* g_vslider.c in Sources */,
				30112F1016A0CF6C005421C7 /* g_vumeter.c in Sources */,
				30112F1116A0CF6C005421C7 /* m_atom.c in Sources */,
				30112F1216A0CF6C005421C7 /* m_binbuf.c in Sources */,
				30112F1316A0CF6C005421C7 /* m_class.c in Sources */,
				30112F1416A0CF6C005421C7 /* m_conf.c in Sources */,
				30112F1516A0CF6C005421C7 /* m_glob.c in Sources */,
				30112F1616A0CF6C005421C7 /* m_memory.c in Sources */,
				30112F1716A0CF6C005421C7 /* m_obj.c in Sources */,
				30112F1816A0CF6C005421C7 /* m_pd.c in Sources */,
				30112F1916A0CF6C005421C7 /* m_sched.c in Sources */,
				30112F1A16A0CF6C005421C7 /* s_audio.c in Sources */,
				30112F1B16A0CF6C005421C7 /* s_audio_dummy.c in Sources */,
				30112F1C16A0CF6C005421C7 /* s_file.c in Sources */,
				30112F1D16A0CF6C005421C7 /* s_inter.c in Sources */,
				30112F1E16A0CF6C005421C7 /* s_loader.c in Sources */,
				30112F1F16A0CF6C005421C7 /* s_main.c in Sources */,
				30112F2016A0CF6C005421C7 /* s_path.c in Sources */,
				30112F2116A0CF6C005421C7 /* s_print.c in Sources */,
				30112F2216A0CF6C005421C7 /* s_utf8.c in Sources */,
				30112F2316A0CF6C005421C7 /* x_acoustics.c in Sources */,
				30112F2416A0CF6C005421C7 /* x_arithmetic.c in Sources */,
				30112F2516A0CF6C005421C7 /* x_connective.c in Sources */,
				30112F2616A0CF6C005421C7 /* x_gui.c in Sources */,
				30112F2716A0CF6C005421C7 /* x_interface.c in Sources */,
				30112F2816A0CF6C005421C7 /* x_list.c in Sources */,
				30112F2916A0CF6C005421C7 /* x_midi.c in Sources */,
				30112F2A16A0CF6C005421C7 /* x_misc.c in Sources */,
				30112F2B16A0CF6C005421C7 /* x_net.c in Sources */,
				30112F2C16A0CF6C005421C7 /* x_qlist.c in Sources */,
				30112F2D16A0CF6C005421C7 /* x_time.c in Sources */,
				30112F2E16A0CF6C005421C7 /* PGMidi.mm in Sources */,
				30112F2F16A0CF6C005421C7 /* PGMidiAllSources.mm in Sources */,
				30112F3016A0CF6C005421C7 /* PGMidiFind.mm in Sources */,
			);
			runOnlyForDeploymentPostprocessing = 0;
		};
/* End PBXSourcesBuildPhase section */

/* Begin PBXVariantGroup section */
		30112F3716A0CF76005421C7 /* InfoPlist.strings */ = {
			isa = PBXVariantGroup;
			children = (
				30112F3816A0CF76005421C7 /* en */,
			);
			name = InfoPlist.strings;
			sourceTree = "<group>";
		};
		30112F3916A0CF76005421C7 /* MainStoryboard_iPad.storyboard */ = {
			isa = PBXVariantGroup;
			children = (
				30112F3A16A0CF76005421C7 /* en */,
			);
			name = MainStoryboard_iPad.storyboard;
			sourceTree = "<group>";
		};
		30112F3B16A0CF76005421C7 /* MainStoryboard_iPhone.storyboard */ = {
			isa = PBXVariantGroup;
			children = (
				30112F3C16A0CF76005421C7 /* en */,
			);
			name = MainStoryboard_iPhone.storyboard;
			sourceTree = "<group>";
		};
/* End PBXVariantGroup section */

/* Begin XCBuildConfiguration section */
		30112E0816A0CC26005421C7 /* Debug */ = {
			isa = XCBuildConfiguration;
			buildSettings = {
				ALWAYS_SEARCH_USER_PATHS = NO;
				CLANG_CXX_LANGUAGE_STANDARD = "gnu++0x";
				CLANG_CXX_LIBRARY = "libc++";
				CLANG_ENABLE_OBJC_ARC = YES;
				CLANG_WARN_EMPTY_BODY = YES;
				CLANG_WARN__DUPLICATE_METHOD_MATCH = YES;
				"CODE_SIGN_IDENTITY[sdk=iphoneos*]" = "iPhone Developer";
				COPY_PHASE_STRIP = NO;
				GCC_C_LANGUAGE_STANDARD = gnu99;
				GCC_DYNAMIC_NO_PIC = NO;
				GCC_OPTIMIZATION_LEVEL = 0;
				GCC_PREPROCESSOR_DEFINITIONS = (
					"DEBUG=1",
					"$(inherited)",
				);
				GCC_SYMBOLS_PRIVATE_EXTERN = NO;
				GCC_WARN_ABOUT_RETURN_TYPE = YES;
				GCC_WARN_UNINITIALIZED_AUTOS = YES;
				GCC_WARN_UNUSED_VARIABLE = YES;
				IPHONEOS_DEPLOYMENT_TARGET = 6.0;
				ONLY_ACTIVE_ARCH = YES;
				SDKROOT = iphoneos;
				TARGETED_DEVICE_FAMILY = "1,2";
			};
			name = Debug;
		};
		30112E0916A0CC26005421C7 /* Release */ = {
			isa = XCBuildConfiguration;
			buildSettings = {
				ALWAYS_SEARCH_USER_PATHS = NO;
				CLANG_CXX_LANGUAGE_STANDARD = "gnu++0x";
				CLANG_CXX_LIBRARY = "libc++";
				CLANG_ENABLE_OBJC_ARC = YES;
				CLANG_WARN_EMPTY_BODY = YES;
				CLANG_WARN__DUPLICATE_METHOD_MATCH = YES;
				"CODE_SIGN_IDENTITY[sdk=iphoneos*]" = "iPhone Developer";
				COPY_PHASE_STRIP = YES;
				GCC_C_LANGUAGE_STANDARD = gnu99;
				GCC_WARN_ABOUT_RETURN_TYPE = YES;
				GCC_WARN_UNINITIALIZED_AUTOS = YES;
				GCC_WARN_UNUSED_VARIABLE = YES;
				IPHONEOS_DEPLOYMENT_TARGET = 6.0;
				OTHER_CFLAGS = "-DNS_BLOCK_ASSERTIONS=1";
				SDKROOT = iphoneos;
				TARGETED_DEVICE_FAMILY = "1,2";
				VALIDATE_PRODUCT = YES;
			};
			name = Release;
		};
		30112E0B16A0CC26005421C7 /* Debug */ = {
			isa = XCBuildConfiguration;
			buildSettings = {
				GCC_C_LANGUAGE_STANDARD = "compiler-default";
				GCC_PRECOMPILE_PREFIX_HEADER = YES;
				GCC_PREFIX_HEADER = "res/PdParty-Prefix.pch";
				INFOPLIST_FILE = "$(SRCROOT)/res/PdParty-Info.plist";
				OTHER_CFLAGS = (
					"-DHAVE_UNISTD_H",
					"-DUSEAPI_DUMMY",
					"-DPD",
					"-dynamiclib",
					"-ldl",
					"-lm",
				);
				PRODUCT_NAME = "$(TARGET_NAME)";
				WRAPPER_EXTENSION = app;
			};
			name = Debug;
		};
		30112E0C16A0CC26005421C7 /* Release */ = {
			isa = XCBuildConfiguration;
			buildSettings = {
				GCC_C_LANGUAGE_STANDARD = "compiler-default";
				GCC_PRECOMPILE_PREFIX_HEADER = YES;
				GCC_PREFIX_HEADER = "res/PdParty-Prefix.pch";
				INFOPLIST_FILE = "$(SRCROOT)/res/PdParty-Info.plist";
				OTHER_CFLAGS = (
					"-DHAVE_UNISTD_H",
					"-DUSEAPI_DUMMY",
					"-DPD",
					"-dynamiclib",
					"-ldl",
					"-lm",
				);
				PRODUCT_NAME = "$(TARGET_NAME)";
				WRAPPER_EXTENSION = app;
			};
			name = Release;
		};
/* End XCBuildConfiguration section */

/* Begin XCConfigurationList section */
		30112DDA16A0CC25005421C7 /* Build configuration list for PBXProject "PdParty" */ = {
			isa = XCConfigurationList;
			buildConfigurations = (
				30112E0816A0CC26005421C7 /* Debug */,
				30112E0916A0CC26005421C7 /* Release */,
			);
			defaultConfigurationIsVisible = 0;
			defaultConfigurationName = Release;
		};
		30112E0A16A0CC26005421C7 /* Build configuration list for PBXNativeTarget "PdParty" */ = {
			isa = XCConfigurationList;
			buildConfigurations = (
				30112E0B16A0CC26005421C7 /* Debug */,
				30112E0C16A0CC26005421C7 /* Release */,
			);
			defaultConfigurationIsVisible = 0;
			defaultConfigurationName = Release;
		};
/* End XCConfigurationList section */
	};
	rootObject = 30112DD716A0CC25005421C7 /* Project object */;
}
