// !$*UTF8*$!
{
	archiveVersion = 1;
	classes = {
	};
	objectVersion = 55;
	objects = {

/* Begin PBXBuildFile section */
		7EA5A3BA284A8047009585C9 /* server_thread.c in Sources */ = {isa = PBXBuildFile; fileRef = 7EA5A3AD284A8047009585C9 /* server_thread.c */; };
		7EA5A3BB284A8047009585C9 /* send.c in Sources */ = {isa = PBXBuildFile; fileRef = 7EA5A3AE284A8047009585C9 /* send.c */; };
		7EA5A3BC284A8047009585C9 /* pattern_match.c in Sources */ = {isa = PBXBuildFile; fileRef = 7EA5A3AF284A8047009585C9 /* pattern_match.c */; };
		7EA5A3BD284A8047009585C9 /* server.c in Sources */ = {isa = PBXBuildFile; fileRef = 7EA5A3B1284A8047009585C9 /* server.c */; };
		7EA5A3BE284A8047009585C9 /* version.c in Sources */ = {isa = PBXBuildFile; fileRef = 7EA5A3B2284A8047009585C9 /* version.c */; };
		7EA5A3BF284A8047009585C9 /* address.c in Sources */ = {isa = PBXBuildFile; fileRef = 7EA5A3B3284A8047009585C9 /* address.c */; };
		7EA5A3C0284A8047009585C9 /* method.c in Sources */ = {isa = PBXBuildFile; fileRef = 7EA5A3B4284A8047009585C9 /* method.c */; };
		7EA5A3C1284A8047009585C9 /* bundle.c in Sources */ = {isa = PBXBuildFile; fileRef = 7EA5A3B5284A8047009585C9 /* bundle.c */; };
		7EA5A3C2284A8047009585C9 /* blob.c in Sources */ = {isa = PBXBuildFile; fileRef = 7EA5A3B6284A8047009585C9 /* blob.c */; };
		7EA5A3C3284A8047009585C9 /* timetag.c in Sources */ = {isa = PBXBuildFile; fileRef = 7EA5A3B7284A8047009585C9 /* timetag.c */; };
		7EA5A3C4284A8047009585C9 /* message.c in Sources */ = {isa = PBXBuildFile; fileRef = 7EA5A3B9284A8047009585C9 /* message.c */; };
/* End PBXBuildFile section */

/* Begin PBXCopyFilesBuildPhase section */
		7EB1571F28436EB9005E4AB3 /* CopyFiles */ = {
			isa = PBXCopyFilesBuildPhase;
			buildActionMask = 2147483647;
			dstPath = "include/$(PRODUCT_NAME)";
			dstSubfolderSpec = 16;
			files = (
			);
			runOnlyForDeploymentPostprocessing = 0;
		};
/* End PBXCopyFilesBuildPhase section */

/* Begin PBXFileReference section */
		7EA5A3A2284A8047009585C9 /* lo_cpp.h */ = {isa = PBXFileReference; fileEncoding = 4; lastKnownFileType = sourcecode.c.h; path = lo_cpp.h; sourceTree = "<group>"; };
		7EA5A3A3284A8047009585C9 /* lo_types.h */ = {isa = PBXFileReference; fileEncoding = 4; lastKnownFileType = sourcecode.c.h; path = lo_types.h; sourceTree = "<group>"; };
		7EA5A3A4284A8047009585C9 /* lo_serverthread.h */ = {isa = PBXFileReference; fileEncoding = 4; lastKnownFileType = sourcecode.c.h; path = lo_serverthread.h; sourceTree = "<group>"; };
		7EA5A3A5284A8047009585C9 /* lo_macros.h */ = {isa = PBXFileReference; fileEncoding = 4; lastKnownFileType = sourcecode.c.h; path = lo_macros.h; sourceTree = "<group>"; };
		7EA5A3A6284A8047009585C9 /* lo.h */ = {isa = PBXFileReference; fileEncoding = 4; lastKnownFileType = sourcecode.c.h; path = lo.h; sourceTree = "<group>"; };
		7EA5A3A7284A8047009585C9 /* lo_endian.h */ = {isa = PBXFileReference; fileEncoding = 4; lastKnownFileType = sourcecode.c.h; path = lo_endian.h; sourceTree = "<group>"; };
		7EA5A3A8284A8047009585C9 /* lo_throw.h */ = {isa = PBXFileReference; fileEncoding = 4; lastKnownFileType = sourcecode.c.h; path = lo_throw.h; sourceTree = "<group>"; };
		7EA5A3A9284A8047009585C9 /* lo_osc_types.h */ = {isa = PBXFileReference; fileEncoding = 4; lastKnownFileType = sourcecode.c.h; path = lo_osc_types.h; sourceTree = "<group>"; };
		7EA5A3AA284A8047009585C9 /* lo_lowlevel.h */ = {isa = PBXFileReference; fileEncoding = 4; lastKnownFileType = sourcecode.c.h; path = lo_lowlevel.h; sourceTree = "<group>"; };
		7EA5A3AB284A8047009585C9 /* lo_errors.h */ = {isa = PBXFileReference; fileEncoding = 4; lastKnownFileType = sourcecode.c.h; path = lo_errors.h; sourceTree = "<group>"; };
		7EA5A3AD284A8047009585C9 /* server_thread.c */ = {isa = PBXFileReference; fileEncoding = 4; lastKnownFileType = sourcecode.c.c; path = server_thread.c; sourceTree = "<group>"; };
		7EA5A3AE284A8047009585C9 /* send.c */ = {isa = PBXFileReference; fileEncoding = 4; lastKnownFileType = sourcecode.c.c; path = send.c; sourceTree = "<group>"; };
		7EA5A3AF284A8047009585C9 /* pattern_match.c */ = {isa = PBXFileReference; fileEncoding = 4; lastKnownFileType = sourcecode.c.c; path = pattern_match.c; sourceTree = "<group>"; };
		7EA5A3B0284A8047009585C9 /* lo_internal.h */ = {isa = PBXFileReference; fileEncoding = 4; lastKnownFileType = sourcecode.c.h; path = lo_internal.h; sourceTree = "<group>"; };
		7EA5A3B1284A8047009585C9 /* server.c */ = {isa = PBXFileReference; fileEncoding = 4; lastKnownFileType = sourcecode.c.c; path = server.c; sourceTree = "<group>"; };
		7EA5A3B2284A8047009585C9 /* version.c */ = {isa = PBXFileReference; fileEncoding = 4; lastKnownFileType = sourcecode.c.c; path = version.c; sourceTree = "<group>"; };
		7EA5A3B3284A8047009585C9 /* address.c */ = {isa = PBXFileReference; fileEncoding = 4; lastKnownFileType = sourcecode.c.c; path = address.c; sourceTree = "<group>"; };
		7EA5A3B4284A8047009585C9 /* method.c */ = {isa = PBXFileReference; fileEncoding = 4; lastKnownFileType = sourcecode.c.c; path = method.c; sourceTree = "<group>"; };
		7EA5A3B5284A8047009585C9 /* bundle.c */ = {isa = PBXFileReference; fileEncoding = 4; lastKnownFileType = sourcecode.c.c; path = bundle.c; sourceTree = "<group>"; };
		7EA5A3B6284A8047009585C9 /* blob.c */ = {isa = PBXFileReference; fileEncoding = 4; lastKnownFileType = sourcecode.c.c; path = blob.c; sourceTree = "<group>"; };
		7EA5A3B7284A8047009585C9 /* timetag.c */ = {isa = PBXFileReference; fileEncoding = 4; lastKnownFileType = sourcecode.c.c; path = timetag.c; sourceTree = "<group>"; };
		7EA5A3B8284A8047009585C9 /* lo_types_internal.h */ = {isa = PBXFileReference; fileEncoding = 4; lastKnownFileType = sourcecode.c.h; path = lo_types_internal.h; sourceTree = "<group>"; };
		7EA5A3B9284A8047009585C9 /* message.c */ = {isa = PBXFileReference; fileEncoding = 4; lastKnownFileType = sourcecode.c.c; path = message.c; sourceTree = "<group>"; };
		7EA5A3C5284A830D009585C9 /* config.h */ = {isa = PBXFileReference; lastKnownFileType = sourcecode.c.h; path = config.h; sourceTree = "<group>"; };
		7EB1572128436EB9005E4AB3 /* liblo.a */ = {isa = PBXFileReference; explicitFileType = archive.ar; includeInIndex = 0; path = liblo.a; sourceTree = BUILT_PRODUCTS_DIR; };
/* End PBXFileReference section */

/* Begin PBXFrameworksBuildPhase section */
		7EB1571E28436EB9005E4AB3 /* Frameworks */ = {
			isa = PBXFrameworksBuildPhase;
			buildActionMask = 2147483647;
			files = (
			);
			runOnlyForDeploymentPostprocessing = 0;
		};
/* End PBXFrameworksBuildPhase section */

/* Begin PBXGroup section */
		7EA5A3A1284A8047009585C9 /* lo */ = {
			isa = PBXGroup;
			children = (
				7EA5A3A2284A8047009585C9 /* lo_cpp.h */,
				7EA5A3A3284A8047009585C9 /* lo_types.h */,
				7EA5A3A4284A8047009585C9 /* lo_serverthread.h */,
				7EA5A3A5284A8047009585C9 /* lo_macros.h */,
				7EA5A3A6284A8047009585C9 /* lo.h */,
				7EA5A3A7284A8047009585C9 /* lo_endian.h */,
				7EA5A3A8284A8047009585C9 /* lo_throw.h */,
				7EA5A3A9284A8047009585C9 /* lo_osc_types.h */,
				7EA5A3AA284A8047009585C9 /* lo_lowlevel.h */,
				7EA5A3AB284A8047009585C9 /* lo_errors.h */,
			);
			path = lo;
			sourceTree = "<group>";
		};
		7EA5A3AC284A8047009585C9 /* src */ = {
			isa = PBXGroup;
			children = (
				7EA5A3AD284A8047009585C9 /* server_thread.c */,
				7EA5A3AE284A8047009585C9 /* send.c */,
				7EA5A3AF284A8047009585C9 /* pattern_match.c */,
				7EA5A3B0284A8047009585C9 /* lo_internal.h */,
				7EA5A3B1284A8047009585C9 /* server.c */,
				7EA5A3B2284A8047009585C9 /* version.c */,
				7EA5A3B3284A8047009585C9 /* address.c */,
				7EA5A3B4284A8047009585C9 /* method.c */,
				7EA5A3B5284A8047009585C9 /* bundle.c */,
				7EA5A3B6284A8047009585C9 /* blob.c */,
				7EA5A3B7284A8047009585C9 /* timetag.c */,
				7EA5A3B8284A8047009585C9 /* lo_types_internal.h */,
				7EA5A3B9284A8047009585C9 /* message.c */,
			);
			path = src;
			sourceTree = "<group>";
		};
		7EB1571828436EB9005E4AB3 = {
			isa = PBXGroup;
			children = (
				7EA5A3C5284A830D009585C9 /* config.h */,
				7EA5A3A1284A8047009585C9 /* lo */,
				7EA5A3AC284A8047009585C9 /* src */,
				7EB1572228436EB9005E4AB3 /* Products */,
			);
			sourceTree = "<group>";
		};
		7EB1572228436EB9005E4AB3 /* Products */ = {
			isa = PBXGroup;
			children = (
				7EB1572128436EB9005E4AB3 /* liblo.a */,
			);
			name = Products;
			sourceTree = "<group>";
		};
/* End PBXGroup section */

/* Begin PBXNativeTarget section */
		7EB1572028436EB9005E4AB3 /* lo */ = {
			isa = PBXNativeTarget;
			buildConfigurationList = 7EB1572A28436EB9005E4AB3 /* Build configuration list for PBXNativeTarget "lo" */;
			buildPhases = (
				7EB1571D28436EB9005E4AB3 /* Sources */,
				7EB1571E28436EB9005E4AB3 /* Frameworks */,
				7EB1571F28436EB9005E4AB3 /* CopyFiles */,
			);
			buildRules = (
			);
			dependencies = (
			);
			name = lo;
			productName = liblo;
			productReference = 7EB1572128436EB9005E4AB3 /* liblo.a */;
			productType = "com.apple.product-type.library.static";
		};
/* End PBXNativeTarget section */

/* Begin PBXProject section */
		7EB1571928436EB9005E4AB3 /* Project object */ = {
			isa = PBXProject;
			attributes = {
				BuildIndependentTargetsInParallel = 1;
				LastUpgradeCheck = 1320;
				TargetAttributes = {
					7EB1572028436EB9005E4AB3 = {
						CreatedOnToolsVersion = 13.2.1;
					};
				};
			};
			buildConfigurationList = 7EB1571C28436EB9005E4AB3 /* Build configuration list for PBXProject "liblo" */;
			compatibilityVersion = "Xcode 13.0";
			developmentRegion = en;
			hasScannedForEncodings = 0;
			knownRegions = (
				en,
				Base,
			);
			mainGroup = 7EB1571828436EB9005E4AB3;
			productRefGroup = 7EB1572228436EB9005E4AB3 /* Products */;
			projectDirPath = "";
			projectRoot = "";
			targets = (
				7EB1572028436EB9005E4AB3 /* lo */,
			);
		};
/* End PBXProject section */

/* Begin PBXSourcesBuildPhase section */
		7EB1571D28436EB9005E4AB3 /* Sources */ = {
			isa = PBXSourcesBuildPhase;
			buildActionMask = 2147483647;
			files = (
				7EA5A3BE284A8047009585C9 /* version.c in Sources */,
				7EA5A3C0284A8047009585C9 /* method.c in Sources */,
				7EA5A3BD284A8047009585C9 /* server.c in Sources */,
				7EA5A3C4284A8047009585C9 /* message.c in Sources */,
				7EA5A3C1284A8047009585C9 /* bundle.c in Sources */,
				7EA5A3C2284A8047009585C9 /* blob.c in Sources */,
				7EA5A3BF284A8047009585C9 /* address.c in Sources */,
				7EA5A3BA284A8047009585C9 /* server_thread.c in Sources */,
				7EA5A3BB284A8047009585C9 /* send.c in Sources */,
				7EA5A3BC284A8047009585C9 /* pattern_match.c in Sources */,
				7EA5A3C3284A8047009585C9 /* timetag.c in Sources */,
			);
			runOnlyForDeploymentPostprocessing = 0;
		};
/* End PBXSourcesBuildPhase section */

/* Begin XCBuildConfiguration section */
		7EB1572828436EB9005E4AB3 /* Debug */ = {
			isa = XCBuildConfiguration;
			buildSettings = {
				ALWAYS_SEARCH_USER_PATHS = NO;
				CLANG_ANALYZER_NONNULL = YES;
				CLANG_ANALYZER_NUMBER_OBJECT_CONVERSION = YES_AGGRESSIVE;
				CLANG_CXX_LANGUAGE_STANDARD = "gnu++17";
				CLANG_CXX_LIBRARY = "libc++";
				CLANG_ENABLE_MODULES = YES;
				CLANG_ENABLE_OBJC_ARC = YES;
				CLANG_ENABLE_OBJC_WEAK = YES;
				CLANG_WARN_BLOCK_CAPTURE_AUTORELEASING = YES;
				CLANG_WARN_BOOL_CONVERSION = YES;
				CLANG_WARN_COMMA = YES;
				CLANG_WARN_CONSTANT_CONVERSION = YES;
				CLANG_WARN_DEPRECATED_OBJC_IMPLEMENTATIONS = YES;
				CLANG_WARN_DIRECT_OBJC_ISA_USAGE = YES_ERROR;
				CLANG_WARN_DOCUMENTATION_COMMENTS = YES;
				CLANG_WARN_EMPTY_BODY = YES;
				CLANG_WARN_ENUM_CONVERSION = YES;
				CLANG_WARN_INFINITE_RECURSION = YES;
				CLANG_WARN_INT_CONVERSION = YES;
				CLANG_WARN_NON_LITERAL_NULL_CONVERSION = YES;
				CLANG_WARN_OBJC_IMPLICIT_RETAIN_SELF = YES;
				CLANG_WARN_OBJC_LITERAL_CONVERSION = YES;
				CLANG_WARN_OBJC_ROOT_CLASS = YES_ERROR;
				CLANG_WARN_QUOTED_INCLUDE_IN_FRAMEWORK_HEADER = YES;
				CLANG_WARN_RANGE_LOOP_ANALYSIS = YES;
				CLANG_WARN_STRICT_PROTOTYPES = YES;
				CLANG_WARN_SUSPICIOUS_MOVE = YES;
				CLANG_WARN_UNGUARDED_AVAILABILITY = YES_AGGRESSIVE;
				CLANG_WARN_UNREACHABLE_CODE = YES;
				CLANG_WARN__DUPLICATE_METHOD_MATCH = YES;
				COPY_PHASE_STRIP = NO;
				DEBUG_INFORMATION_FORMAT = dwarf;
				ENABLE_STRICT_OBJC_MSGSEND = YES;
				ENABLE_TESTABILITY = YES;
				GCC_C_LANGUAGE_STANDARD = gnu11;
				GCC_DYNAMIC_NO_PIC = NO;
				GCC_NO_COMMON_BLOCKS = YES;
				GCC_OPTIMIZATION_LEVEL = 0;
				GCC_PREPROCESSOR_DEFINITIONS = (
					"DEBUG=1",
					"$(inherited)",
				);
				GCC_WARN_64_TO_32_BIT_CONVERSION = YES;
				GCC_WARN_ABOUT_RETURN_TYPE = YES_ERROR;
				GCC_WARN_UNDECLARED_SELECTOR = YES;
				GCC_WARN_UNINITIALIZED_AUTOS = YES_AGGRESSIVE;
				GCC_WARN_UNUSED_FUNCTION = YES;
				GCC_WARN_UNUSED_VARIABLE = YES;
				HEADER_SEARCH_PATHS = "$(PROJECT_DIR)";
				IPHONEOS_DEPLOYMENT_TARGET = 15.2;
				MTL_ENABLE_DEBUG_INFO = INCLUDE_SOURCE;
				MTL_FAST_MATH = YES;
				ONLY_ACTIVE_ARCH = YES;
				OTHER_CFLAGS = (
					"-DHAVE_CONFIG_H",
					"-Qunused-arguments",
					"-fno-common",
					"-DPIC",
				);
				SDKROOT = iphoneos;
			};
			name = Debug;
		};
		7EB1572928436EB9005E4AB3 /* Release */ = {
			isa = XCBuildConfiguration;
			buildSettings = {
				ALWAYS_SEARCH_USER_PATHS = NO;
				CLANG_ANALYZER_NONNULL = YES;
				CLANG_ANALYZER_NUMBER_OBJECT_CONVERSION = YES_AGGRESSIVE;
				CLANG_CXX_LANGUAGE_STANDARD = "gnu++17";
				CLANG_CXX_LIBRARY = "libc++";
				CLANG_ENABLE_MODULES = YES;
				CLANG_ENABLE_OBJC_ARC = YES;
				CLANG_ENABLE_OBJC_WEAK = YES;
				CLANG_WARN_BLOCK_CAPTURE_AUTORELEASING = YES;
				CLANG_WARN_BOOL_CONVERSION = YES;
				CLANG_WARN_COMMA = YES;
				CLANG_WARN_CONSTANT_CONVERSION = YES;
				CLANG_WARN_DEPRECATED_OBJC_IMPLEMENTATIONS = YES;
				CLANG_WARN_DIRECT_OBJC_ISA_USAGE = YES_ERROR;
				CLANG_WARN_DOCUMENTATION_COMMENTS = YES;
				CLANG_WARN_EMPTY_BODY = YES;
				CLANG_WARN_ENUM_CONVERSION = YES;
				CLANG_WARN_INFINITE_RECURSION = YES;
				CLANG_WARN_INT_CONVERSION = YES;
				CLANG_WARN_NON_LITERAL_NULL_CONVERSION = YES;
				CLANG_WARN_OBJC_IMPLICIT_RETAIN_SELF = YES;
				CLANG_WARN_OBJC_LITERAL_CONVERSION = YES;
				CLANG_WARN_OBJC_ROOT_CLASS = YES_ERROR;
				CLANG_WARN_QUOTED_INCLUDE_IN_FRAMEWORK_HEADER = YES;
				CLANG_WARN_RANGE_LOOP_ANALYSIS = YES;
				CLANG_WARN_STRICT_PROTOTYPES = YES;
				CLANG_WARN_SUSPICIOUS_MOVE = YES;
				CLANG_WARN_UNGUARDED_AVAILABILITY = YES_AGGRESSIVE;
				CLANG_WARN_UNREACHABLE_CODE = YES;
				CLANG_WARN__DUPLICATE_METHOD_MATCH = YES;
				COPY_PHASE_STRIP = NO;
				DEBUG_INFORMATION_FORMAT = "dwarf-with-dsym";
				ENABLE_NS_ASSERTIONS = NO;
				ENABLE_STRICT_OBJC_MSGSEND = YES;
				GCC_C_LANGUAGE_STANDARD = gnu11;
				GCC_NO_COMMON_BLOCKS = YES;
				GCC_WARN_64_TO_32_BIT_CONVERSION = YES;
				GCC_WARN_ABOUT_RETURN_TYPE = YES_ERROR;
				GCC_WARN_UNDECLARED_SELECTOR = YES;
				GCC_WARN_UNINITIALIZED_AUTOS = YES_AGGRESSIVE;
				GCC_WARN_UNUSED_FUNCTION = YES;
				GCC_WARN_UNUSED_VARIABLE = YES;
				HEADER_SEARCH_PATHS = "$(PROJECT_DIR)";
				IPHONEOS_DEPLOYMENT_TARGET = 15.2;
				MTL_ENABLE_DEBUG_INFO = NO;
				MTL_FAST_MATH = YES;
				OTHER_CFLAGS = (
					"-DHAVE_CONFIG_H",
					"-Qunused-arguments",
					"-fno-common",
					"-DPIC",
				);
				SDKROOT = iphoneos;
				VALIDATE_PRODUCT = YES;
			};
			name = Release;
		};
		7EB1572B28436EB9005E4AB3 /* Debug */ = {
			isa = XCBuildConfiguration;
			buildSettings = {
				CODE_SIGN_STYLE = Automatic;
				OTHER_LDFLAGS = "-ObjC";
				PRODUCT_NAME = "$(TARGET_NAME)";
				SKIP_INSTALL = YES;
				TARGETED_DEVICE_FAMILY = "1,2";
			};
			name = Debug;
		};
		7EB1572C28436EB9005E4AB3 /* Release */ = {
			isa = XCBuildConfiguration;
			buildSettings = {
				CODE_SIGN_STYLE = Automatic;
				OTHER_LDFLAGS = "-ObjC";
				PRODUCT_NAME = "$(TARGET_NAME)";
				SKIP_INSTALL = YES;
				TARGETED_DEVICE_FAMILY = "1,2";
			};
			name = Release;
		};
/* End XCBuildConfiguration section */

/* Begin XCConfigurationList section */
		7EB1571C28436EB9005E4AB3 /* Build configuration list for PBXProject "liblo" */ = {
			isa = XCConfigurationList;
			buildConfigurations = (
				7EB1572828436EB9005E4AB3 /* Debug */,
				7EB1572928436EB9005E4AB3 /* Release */,
			);
			defaultConfigurationIsVisible = 0;
			defaultConfigurationName = Release;
		};
		7EB1572A28436EB9005E4AB3 /* Build configuration list for PBXNativeTarget "lo" */ = {
			isa = XCConfigurationList;
			buildConfigurations = (
				7EB1572B28436EB9005E4AB3 /* Debug */,
				7EB1572C28436EB9005E4AB3 /* Release */,
			);
			defaultConfigurationIsVisible = 0;
			defaultConfigurationName = Release;
		};
/* End XCConfigurationList section */
	};
	rootObject = 7EB1571928436EB9005E4AB3 /* Project object */;
}
